{
    "version": 3,
    "terraform_version": "0.11.7",
    "serial": 4,
    "lineage": "a1cfe75a-0822-bb27-13b8-e2eab8758d73",
    "modules": [
        {
            "path": [
                "root"
            ],
            "outputs": {
                "ame_service_url": {
                    "sensitive": false,
                    "type": "string",
                    "value": "https://hiojg0cdch.execute-api.us-east-2.amazonaws.com/dev"
                },
                "aws_ai_service_url": {
                    "sensitive": false,
                    "type": "string",
                    "value": "https://ekbh6o1pub.execute-api.us-east-2.amazonaws.com/dev"
                },
                "aws_region": {
                    "sensitive": false,
                    "type": "string",
                    "value": "us-east-2"
                },
                "azure_ai_service_url": {
                    "sensitive": false,
                    "type": "string",
                    "value": "https://x3upxl16b2.execute-api.us-east-2.amazonaws.com/dev"
                },
                "cognito_identity_pool_id": {
                    "sensitive": false,
                    "type": "string",
                    "value": "us-east-2:6b59e80c-6a45-44e7-b2eb-c3b0a2c96c98"
                },
                "cognito_user_pool_client_id": {
                    "sensitive": false,
                    "type": "string",
                    "value": "3tu7rsilf7r7l66qltfoude4cq"
                },
                "cognito_user_pool_id": {
                    "sensitive": false,
                    "type": "string",
                    "value": "us-east-2_FMbuj6qlV"
                },
                "ec2_transform_service_hostname": {
                    "sensitive": false,
                    "type": "string",
                    "value": "triskel-mcma-dev-elb-810701332.us-east-2.elb.amazonaws.com"
                },
                "job_processor_service_url": {
                    "sensitive": false,
                    "type": "string",
                    "value": "https://q0ndvsdbo4.execute-api.us-east-2.amazonaws.com/dev"
                },
                "job_repository_url": {
                    "sensitive": false,
                    "type": "string",
                    "value": "https://dldy4i2dm6.execute-api.us-east-2.amazonaws.com/dev"
                },
                "media_repository_url": {
                    "sensitive": false,
                    "type": "string",
                    "value": "https://rcg9yk1z3h.execute-api.us-east-2.amazonaws.com/dev"
                },
                "service_registry_url": {
                    "sensitive": false,
                    "type": "string",
                    "value": "https://w7eijekmuf.execute-api.us-east-2.amazonaws.com/dev"
                },
                "transform_service_url": {
                    "sensitive": false,
                    "type": "string",
                    "value": "https://ob3f1jj0og.execute-api.us-east-2.amazonaws.com/dev"
                },
                "upload_bucket": {
                    "sensitive": false,
                    "type": "string",
                    "value": "triskel.mcma.us-east-2.dev.upload"
                },
                "website_bucket": {
                    "sensitive": false,
                    "type": "string",
                    "value": "triskel.mcma.us-east-2.dev.website"
                },
                "website_url": {
                    "sensitive": false,
                    "type": "string",
                    "value": "https://s3-us-east-2.amazonaws.com/triskel.mcma.us-east-2.dev.website/index.html"
                },
                "workflow_service_url": {
                    "sensitive": false,
                    "type": "string",
                    "value": "https://mii37s2qoc.execute-api.us-east-2.amazonaws.com/dev"
                }
            },
            "resources": {},
            "depends_on": []
        },
        {
            "path": [
                "root",
                "cognito"
            ],
            "outputs": {
                "identity_pool_id": {
                    "sensitive": false,
                    "type": "string",
                    "value": "us-east-2:6b59e80c-6a45-44e7-b2eb-c3b0a2c96c98"
                },
                "user_pool_client_id": {
                    "sensitive": false,
                    "type": "string",
                    "value": "3tu7rsilf7r7l66qltfoude4cq"
                },
                "user_pool_id": {
                    "sensitive": false,
                    "type": "string",
                    "value": "us-east-2_FMbuj6qlV"
                }
            },
            "resources": {
                "aws_cognito_identity_pool.identity_pool": {
                    "type": "aws_cognito_identity_pool",
                    "depends_on": [
                        "aws_cognito_user_pool.user_pool",
                        "aws_cognito_user_pool_client.client"
                    ],
                    "primary": {
                        "id": "us-east-2:6b59e80c-6a45-44e7-b2eb-c3b0a2c96c98",
                        "attributes": {
                            "allow_unauthenticated_identities": "false",
                            "arn": "arn:aws:cognito-identity:us-east-2:213450902387:identitypool/us-east-2:6b59e80c-6a45-44e7-b2eb-c3b0a2c96c98",
                            "cognito_identity_providers.#": "1",
                            "cognito_identity_providers.4293116484.client_id": "3tu7rsilf7r7l66qltfoude4cq",
                            "cognito_identity_providers.4293116484.provider_name": "cognito-idp.us-east-2.amazonaws.com/us-east-2_FMbuj6qlV",
                            "cognito_identity_providers.4293116484.server_side_token_check": "false",
                            "developer_provider_name": "",
                            "id": "us-east-2:6b59e80c-6a45-44e7-b2eb-c3b0a2c96c98",
                            "identity_pool_name": "triskel mcma dev",
                            "openid_connect_provider_arns.#": "0",
                            "saml_provider_arns.#": "0",
                            "supported_login_providers.%": "0"
                        },
                        "meta": {},
                        "tainted": false
                    },
                    "deposed": [],
                    "provider": "module.cognito.provider.aws"
                },
                "aws_cognito_identity_pool_roles_attachment.main": {
                    "type": "aws_cognito_identity_pool_roles_attachment",
                    "depends_on": [
                        "aws_cognito_identity_pool.identity_pool",
                        "aws_iam_role.authenticated",
                        "aws_iam_role.unauthenticated"
                    ],
                    "primary": {
                        "id": "us-east-2:6b59e80c-6a45-44e7-b2eb-c3b0a2c96c98",
                        "attributes": {
                            "id": "us-east-2:6b59e80c-6a45-44e7-b2eb-c3b0a2c96c98",
                            "identity_pool_id": "us-east-2:6b59e80c-6a45-44e7-b2eb-c3b0a2c96c98",
                            "role_mapping.#": "0",
                            "roles.%": "2",
                            "roles.authenticated": "arn:aws:iam::213450902387:role/triskel-mcma-dev-us-east-2-cognito-authenticated",
                            "roles.unauthenticated": "arn:aws:iam::213450902387:role/triskel-mcma-dev-us-east-2-cognito-unauthenticated"
                        },
                        "meta": {},
                        "tainted": false
                    },
                    "deposed": [],
                    "provider": "module.cognito.provider.aws"
                },
                "aws_cognito_user_pool.user_pool": {
                    "type": "aws_cognito_user_pool",
                    "depends_on": [],
                    "primary": {
                        "id": "us-east-2_FMbuj6qlV",
                        "attributes": {
                            "admin_create_user_config.#": "1",
                            "admin_create_user_config.0.allow_admin_create_user_only": "false",
                            "admin_create_user_config.0.invite_message_template.#": "0",
                            "admin_create_user_config.0.unused_account_validity_days": "7",
                            "arn": "arn:aws:cognito-idp:us-east-2:213450902387:userpool/us-east-2_FMbuj6qlV",
                            "auto_verified_attributes.#": "0",
                            "creation_date": "2018-11-29T13:04:53Z",
                            "device_configuration.#": "0",
                            "email_configuration.#": "0",
                            "endpoint": "cognito-idp.us-east-2.amazonaws.com/us-east-2_FMbuj6qlV",
                            "id": "us-east-2_FMbuj6qlV",
                            "lambda_config.#": "0",
                            "last_modified_date": "2018-11-29T13:04:53Z",
                            "mfa_configuration": "OFF",
                            "name": "triskel-mcma-dev_user_pool",
                            "password_policy.#": "1",
                            "password_policy.0.minimum_length": "8",
                            "password_policy.0.require_lowercase": "true",
                            "password_policy.0.require_numbers": "true",
                            "password_policy.0.require_symbols": "true",
                            "password_policy.0.require_uppercase": "true",
                            "schema.#": "0",
                            "sms_configuration.#": "0",
                            "tags.%": "0",
                            "verification_message_template.#": "1",
                            "verification_message_template.0.default_email_option": "CONFIRM_WITH_CODE",
                            "verification_message_template.0.email_message": "",
                            "verification_message_template.0.email_message_by_link": "",
                            "verification_message_template.0.email_subject": "",
                            "verification_message_template.0.email_subject_by_link": "",
                            "verification_message_template.0.sms_message": ""
                        },
                        "meta": {},
                        "tainted": false
                    },
                    "deposed": [],
                    "provider": "module.cognito.provider.aws"
                },
                "aws_cognito_user_pool_client.client": {
                    "type": "aws_cognito_user_pool_client",
                    "depends_on": [
                        "aws_cognito_user_pool.user_pool"
                    ],
                    "primary": {
                        "id": "3tu7rsilf7r7l66qltfoude4cq",
                        "attributes": {
                            "allowed_oauth_flows.#": "0",
                            "allowed_oauth_flows_user_pool_client": "false",
                            "allowed_oauth_scopes.#": "0",
                            "callback_urls.#": "0",
                            "client_secret": "",
                            "default_redirect_uri": "",
                            "explicit_auth_flows.#": "0",
                            "generate_secret": "false",
                            "id": "3tu7rsilf7r7l66qltfoude4cq",
                            "logout_urls.#": "0",
                            "name": "triskel-mcma-dev_user_pool_client",
                            "read_attributes.#": "0",
                            "refresh_token_validity": "30",
                            "supported_identity_providers.#": "0",
                            "user_pool_id": "us-east-2_FMbuj6qlV",
                            "write_attributes.#": "0"
                        },
                        "meta": {},
                        "tainted": false
                    },
                    "deposed": [],
                    "provider": "module.cognito.provider.aws"
                },
                "aws_iam_role.authenticated": {
                    "type": "aws_iam_role",
                    "depends_on": [
                        "aws_cognito_identity_pool.identity_pool"
                    ],
                    "primary": {
                        "id": "triskel-mcma-dev-us-east-2-cognito-authenticated",
                        "attributes": {
                            "arn": "arn:aws:iam::213450902387:role/triskel-mcma-dev-us-east-2-cognito-authenticated",
                            "assume_role_policy": "{\"Version\":\"2012-10-17\",\"Statement\":[{\"Effect\":\"Allow\",\"Principal\":{\"Federated\":\"cognito-identity.amazonaws.com\"},\"Action\":\"sts:AssumeRoleWithWebIdentity\",\"Condition\":{\"StringEquals\":{\"cognito-identity.amazonaws.com:aud\":\"us-east-2:6b59e80c-6a45-44e7-b2eb-c3b0a2c96c98\"},\"ForAnyValue:StringLike\":{\"cognito-identity.amazonaws.com:amr\":\"authenticated\"}}}]}",
                            "create_date": "2018-11-29T13:04:56Z",
                            "description": "",
                            "force_detach_policies": "false",
                            "id": "triskel-mcma-dev-us-east-2-cognito-authenticated",
                            "max_session_duration": "3600",
                            "name": "triskel-mcma-dev-us-east-2-cognito-authenticated",
                            "path": "/",
                            "unique_id": "AROAIGSC6FYMCQQNHG7CS"
                        },
                        "meta": {},
                        "tainted": false
                    },
                    "deposed": [],
                    "provider": "module.cognito.provider.aws"
                },
                "aws_iam_role.unauthenticated": {
                    "type": "aws_iam_role",
                    "depends_on": [
                        "aws_cognito_identity_pool.identity_pool"
                    ],
                    "primary": {
                        "id": "triskel-mcma-dev-us-east-2-cognito-unauthenticated",
                        "attributes": {
                            "arn": "arn:aws:iam::213450902387:role/triskel-mcma-dev-us-east-2-cognito-unauthenticated",
                            "assume_role_policy": "{\"Version\":\"2012-10-17\",\"Statement\":[{\"Effect\":\"Allow\",\"Principal\":{\"Federated\":\"cognito-identity.amazonaws.com\"},\"Action\":\"sts:AssumeRoleWithWebIdentity\",\"Condition\":{\"StringEquals\":{\"cognito-identity.amazonaws.com:aud\":\"us-east-2:6b59e80c-6a45-44e7-b2eb-c3b0a2c96c98\"},\"ForAnyValue:StringLike\":{\"cognito-identity.amazonaws.com:amr\":\"unauthenticated\"}}}]}",
                            "create_date": "2018-11-29T13:04:56Z",
                            "description": "",
                            "force_detach_policies": "false",
                            "id": "triskel-mcma-dev-us-east-2-cognito-unauthenticated",
                            "max_session_duration": "3600",
                            "name": "triskel-mcma-dev-us-east-2-cognito-unauthenticated",
                            "path": "/",
                            "unique_id": "AROAJCHQARJSV4QVI7LYG"
                        },
                        "meta": {},
                        "tainted": false
                    },
                    "deposed": [],
                    "provider": "module.cognito.provider.aws"
                },
                "aws_iam_role_policy.authenticated": {
                    "type": "aws_iam_role_policy",
                    "depends_on": [
                        "aws_iam_role.authenticated"
                    ],
                    "primary": {
                        "id": "triskel-mcma-dev-us-east-2-cognito-authenticated:triskel-mcma-dev-us-east-2-authenticated-policy",
                        "attributes": {
                            "id": "triskel-mcma-dev-us-east-2-cognito-authenticated:triskel-mcma-dev-us-east-2-authenticated-policy",
                            "name": "triskel-mcma-dev-us-east-2-authenticated-policy",
                            "policy": "{\n  \"Version\": \"2012-10-17\",\n  \"Statement\": [\n    {\n      \"Effect\": \"Allow\",\n      \"Action\": [\n        \"mobileanalytics:PutEvents\",\n        \"cognito-sync:*\",\n        \"cognito-identity:*\"\n      ],\n      \"Resource\": [\n        \"*\"\n      ]\n    },\n    {\n      \"Effect\": \"Allow\",\n      \"Action\": \"S3:*\",\n      \"Resource\": \"*\"\n    }\n  ]\n}\n",
                            "role": "triskel-mcma-dev-us-east-2-cognito-authenticated"
                        },
                        "meta": {},
                        "tainted": false
                    },
                    "deposed": [],
                    "provider": "module.cognito.provider.aws"
                },
                "aws_iam_role_policy.unauthenticated": {
                    "type": "aws_iam_role_policy",
                    "depends_on": [
                        "aws_iam_role.unauthenticated"
                    ],
                    "primary": {
                        "id": "triskel-mcma-dev-us-east-2-cognito-unauthenticated:triskel-mcma-dev-us-east-2-unauthenticated-policy",
                        "attributes": {
                            "id": "triskel-mcma-dev-us-east-2-cognito-unauthenticated:triskel-mcma-dev-us-east-2-unauthenticated-policy",
                            "name": "triskel-mcma-dev-us-east-2-unauthenticated-policy",
                            "policy": "{\n  \"Version\": \"2012-10-17\",\n  \"Statement\": [\n    {\n      \"Effect\": \"Allow\",\n      \"Action\": [\n        \"mobileanalytics:PutEvents\",\n        \"cognito-sync:*\"\n      ],\n      \"Resource\": [\n        \"*\"\n      ]\n    }\n  ]\n}\n",
                            "role": "triskel-mcma-dev-us-east-2-cognito-unauthenticated"
                        },
                        "meta": {},
                        "tainted": false
                    },
                    "deposed": [],
                    "provider": "module.cognito.provider.aws"
                }
            },
            "depends_on": []
        },
        {
            "path": [
                "root",
                "ec2"
            ],
            "outputs": {
                "elb.hostname": {
                    "sensitive": false,
                    "type": "string",
                    "value": "triskel-mcma-dev-elb-810701332.us-east-2.elb.amazonaws.com"
                },
                "nat.ip": {
                    "sensitive": false,
                    "type": "string",
                    "value": "18.220.216.105"
                }
            },
            "resources": {
                "aws_elb.app": {
                    "type": "aws_elb",
                    "depends_on": [
                        "aws_instance.app.*",
                        "aws_security_group.default",
                        "aws_security_group.web",
                        "aws_subnet.public"
                    ],
                    "primary": {
                        "id": "triskel-mcma-dev-elb",
                        "attributes": {
                            "access_logs.#": "0",
                            "arn": "arn:aws:elasticloadbalancing:us-east-2:213450902387:loadbalancer/triskel-mcma-dev-elb",
                            "availability_zones.#": "1",
                            "availability_zones.4293815384": "us-east-2a",
                            "connection_draining": "false",
                            "connection_draining_timeout": "300",
                            "cross_zone_load_balancing": "true",
                            "dns_name": "triskel-mcma-dev-elb-810701332.us-east-2.elb.amazonaws.com",
                            "health_check.#": "1",
                            "health_check.0.healthy_threshold": "10",
                            "health_check.0.interval": "30",
                            "health_check.0.target": "TCP:80",
                            "health_check.0.timeout": "5",
                            "health_check.0.unhealthy_threshold": "2",
                            "id": "triskel-mcma-dev-elb",
                            "idle_timeout": "60",
                            "instances.#": "1",
                            "instances.1436994761": "i-05cf8cdc9cd7ebe45",
                            "internal": "false",
                            "listener.#": "1",
                            "listener.3057123346.instance_port": "80",
                            "listener.3057123346.instance_protocol": "http",
                            "listener.3057123346.lb_port": "80",
                            "listener.3057123346.lb_protocol": "http",
                            "listener.3057123346.ssl_certificate_id": "",
                            "name": "triskel-mcma-dev-elb",
                            "security_groups.#": "2",
                            "security_groups.3296904437": "sg-05ef3b112ce823f19",
                            "security_groups.715306350": "sg-0a743417af96391a6",
                            "source_security_group": "213450902387/triskel-mcma-dev-web-security-group",
                            "source_security_group_id": "sg-0a743417af96391a6",
                            "subnets.#": "1",
                            "subnets.2691286892": "subnet-04334e0d9323b637b",
                            "tags.%": "0",
                            "zone_id": "Z3AADJGX6KTTL2"
                        },
                        "meta": {},
                        "tainted": false
                    },
                    "deposed": [],
                    "provider": "module.ec2.provider.aws"
                },
                "aws_iam_instance_profile.app_iam_instance_profile": {
                    "type": "aws_iam_instance_profile",
                    "depends_on": [
                        "aws_iam_role.ec2_iam_role"
                    ],
                    "primary": {
                        "id": "triskel-mcma-dev-us-east-2-iam-instance-profile",
                        "attributes": {
                            "arn": "arn:aws:iam::213450902387:instance-profile/triskel-mcma-dev-us-east-2-iam-instance-profile",
                            "create_date": "2018-11-28T00:18:00Z",
                            "id": "triskel-mcma-dev-us-east-2-iam-instance-profile",
                            "name": "triskel-mcma-dev-us-east-2-iam-instance-profile",
                            "path": "/",
                            "role": "triskel-mcma-dev-us-east-2-ec2-iam-role",
                            "roles.#": "1",
                            "roles.819033640": "triskel-mcma-dev-us-east-2-ec2-iam-role",
                            "unique_id": "AIPAJ3QESK7NQE5LIVAIE"
                        },
                        "meta": {},
                        "tainted": false
                    },
                    "deposed": [],
                    "provider": "module.ec2.provider.aws"
                },
                "aws_iam_role.ec2_iam_role": {
                    "type": "aws_iam_role",
                    "depends_on": [],
                    "primary": {
                        "id": "triskel-mcma-dev-us-east-2-ec2-iam-role",
                        "attributes": {
                            "arn": "arn:aws:iam::213450902387:role/triskel-mcma-dev-us-east-2-ec2-iam-role",
                            "assume_role_policy": "{\"Version\":\"2012-10-17\",\"Statement\":[{\"Effect\":\"Allow\",\"Principal\":{\"Service\":\"ec2.amazonaws.com\"},\"Action\":\"sts:AssumeRole\"}]}",
                            "create_date": "2018-11-28T00:16:53Z",
                            "description": "",
                            "force_detach_policies": "false",
                            "id": "triskel-mcma-dev-us-east-2-ec2-iam-role",
                            "max_session_duration": "3600",
                            "name": "triskel-mcma-dev-us-east-2-ec2-iam-role",
                            "path": "/",
                            "unique_id": "AROAIXCKD7B7YTOBLK3QQ"
                        },
                        "meta": {},
                        "tainted": false
                    },
                    "deposed": [],
                    "provider": "module.ec2.provider.aws"
                },
                "aws_iam_role_policy.ec2_s3_access_policy": {
                    "type": "aws_iam_role_policy",
                    "depends_on": [
                        "aws_iam_role.ec2_iam_role"
                    ],
                    "primary": {
                        "id": "triskel-mcma-dev-us-east-2-ec2-iam-role:triskel-mcma-dev-us-east-2-ec2-s3-access-policy",
                        "attributes": {
                            "id": "triskel-mcma-dev-us-east-2-ec2-iam-role:triskel-mcma-dev-us-east-2-ec2-s3-access-policy",
                            "name": "triskel-mcma-dev-us-east-2-ec2-s3-access-policy",
                            "policy": "{\n  \"Version\": \"2012-10-17\",\n  \"Statement\": [\n    {\n      \"Effect\": \"Allow\",\n      \"Action\": \"S3:*\",\n      \"Resource\": \"*\"\n    }\n  ]\n}\n",
                            "role": "triskel-mcma-dev-us-east-2-ec2-iam-role"
                        },
                        "meta": {},
                        "tainted": false
                    },
                    "deposed": [],
                    "provider": "module.ec2.provider.aws"
                },
                "aws_instance.app": {
                    "type": "aws_instance",
                    "depends_on": [
                        "aws_iam_instance_profile.app_iam_instance_profile",
                        "aws_key_pair.deployer",
                        "aws_security_group.default",
                        "aws_subnet.private"
                    ],
                    "primary": {
                        "id": "i-05cf8cdc9cd7ebe45",
                        "attributes": {
                            "ami": "ami-0552e3455b9bc8d50",
                            "arn": "arn:aws:ec2:us-east-2:213450902387:instance/i-05cf8cdc9cd7ebe45",
                            "associate_public_ip_address": "false",
                            "availability_zone": "us-east-2a",
                            "cpu_core_count": "1",
                            "cpu_threads_per_core": "1",
                            "credit_specification.#": "1",
                            "credit_specification.0.cpu_credits": "standard",
                            "disable_api_termination": "false",
                            "ebs_block_device.#": "0",
                            "ebs_optimized": "false",
                            "ephemeral_block_device.#": "0",
                            "get_password_data": "false",
                            "iam_instance_profile": "triskel-mcma-dev-us-east-2-iam-instance-profile",
                            "id": "i-05cf8cdc9cd7ebe45",
                            "instance_state": "running",
                            "instance_type": "t2.micro",
                            "ipv6_addresses.#": "0",
                            "key_name": "triskel-mcma-dev-deployer-key",
                            "monitoring": "false",
                            "network_interface.#": "0",
                            "network_interface_id": "eni-014de146cff1cb0dc",
                            "password_data": "",
                            "placement_group": "",
                            "primary_network_interface_id": "eni-014de146cff1cb0dc",
                            "private_dns": "ip-10-128-1-171.us-east-2.compute.internal",
                            "private_ip": "10.128.1.171",
                            "public_dns": "",
                            "public_ip": "",
                            "root_block_device.#": "1",
                            "root_block_device.0.delete_on_termination": "true",
                            "root_block_device.0.iops": "100",
                            "root_block_device.0.volume_id": "vol-0b38b4fcf7bcfb2af",
                            "root_block_device.0.volume_size": "8",
                            "root_block_device.0.volume_type": "gp2",
                            "security_groups.#": "0",
                            "source_dest_check": "false",
                            "subnet_id": "subnet-096b0333b90c14771",
                            "tags.%": "1",
                            "tags.Name": "triskel-mcma-dev-app-0",
                            "tenancy": "default",
                            "user_data": "5e403adc0b47d238178f4cd77f54acc446d46443",
                            "volume_tags.%": "0",
                            "vpc_security_group_ids.#": "1",
                            "vpc_security_group_ids.3296904437": "sg-05ef3b112ce823f19"
                        },
                        "meta": {
                            "e2bfb730-ecaa-11e6-8f88-34363bc7c4c0": {
                                "create": 600000000000,
                                "delete": 1200000000000,
                                "update": 600000000000
                            },
                            "schema_version": "1"
                        },
                        "tainted": false
                    },
                    "deposed": [],
                    "provider": "module.ec2.provider.aws"
                },
                "aws_instance.nat": {
                    "type": "aws_instance",
                    "depends_on": [
                        "aws_key_pair.deployer",
                        "aws_security_group.default",
                        "aws_security_group.nat",
                        "aws_subnet.public"
                    ],
                    "primary": {
                        "id": "i-0dd6ae8effdeedfb8",
                        "attributes": {
                            "ami": "ami-0552e3455b9bc8d50",
                            "arn": "arn:aws:ec2:us-east-2:213450902387:instance/i-0dd6ae8effdeedfb8",
                            "associate_public_ip_address": "true",
                            "availability_zone": "us-east-2a",
                            "cpu_core_count": "1",
                            "cpu_threads_per_core": "1",
                            "credit_specification.#": "1",
                            "credit_specification.0.cpu_credits": "standard",
                            "disable_api_termination": "false",
                            "ebs_block_device.#": "0",
                            "ebs_optimized": "false",
                            "ephemeral_block_device.#": "0",
                            "get_password_data": "false",
                            "iam_instance_profile": "",
                            "id": "i-0dd6ae8effdeedfb8",
                            "instance_state": "running",
                            "instance_type": "t2.micro",
                            "ipv6_addresses.#": "0",
                            "key_name": "triskel-mcma-dev-deployer-key",
                            "monitoring": "false",
                            "network_interface.#": "0",
                            "network_interface_id": "eni-0fbeee41337063542",
                            "password_data": "",
                            "placement_group": "",
                            "primary_network_interface_id": "eni-0fbeee41337063542",
                            "private_dns": "ip-10-128-0-210.us-east-2.compute.internal",
                            "private_ip": "10.128.0.210",
                            "public_dns": "ec2-18-220-216-105.us-east-2.compute.amazonaws.com",
                            "public_ip": "18.220.216.105",
                            "root_block_device.#": "1",
                            "root_block_device.0.delete_on_termination": "true",
                            "root_block_device.0.iops": "100",
                            "root_block_device.0.volume_id": "vol-0b97e37ed53373b09",
                            "root_block_device.0.volume_size": "8",
                            "root_block_device.0.volume_type": "gp2",
                            "security_groups.#": "0",
                            "source_dest_check": "false",
                            "subnet_id": "subnet-04334e0d9323b637b",
                            "tags.%": "1",
                            "tags.Name": "triskel-mcma-dev-nat",
                            "tenancy": "default",
                            "volume_tags.%": "0",
                            "vpc_security_group_ids.#": "2",
                            "vpc_security_group_ids.2131360142": "sg-0e093c9f1198978b9",
                            "vpc_security_group_ids.3296904437": "sg-05ef3b112ce823f19"
                        },
                        "meta": {
                            "e2bfb730-ecaa-11e6-8f88-34363bc7c4c0": {
                                "create": 600000000000,
                                "delete": 1200000000000,
                                "update": 600000000000
                            },
                            "schema_version": "1"
                        },
                        "tainted": false
                    },
                    "deposed": [],
                    "provider": "module.ec2.provider.aws"
                },
                "aws_internet_gateway.default": {
                    "type": "aws_internet_gateway",
                    "depends_on": [
                        "aws_vpc.default"
                    ],
                    "primary": {
                        "id": "igw-090e66819fd812f01",
                        "attributes": {
                            "id": "igw-090e66819fd812f01",
                            "tags.%": "0",
                            "vpc_id": "vpc-0eb464b77b6cda874"
                        },
                        "meta": {},
                        "tainted": false
                    },
                    "deposed": [],
                    "provider": "module.ec2.provider.aws"
                },
                "aws_key_pair.deployer": {
                    "type": "aws_key_pair",
                    "depends_on": [],
                    "primary": {
                        "id": "triskel-mcma-dev-deployer-key",
                        "attributes": {
                            "fingerprint": "6f:54:7d:76:bf:10:f2:5a:e8:db:7e:38:59:b9:7f:2f",
                            "id": "triskel-mcma-dev-deployer-key",
                            "key_name": "triskel-mcma-dev-deployer-key",
                            "public_key": "---- BEGIN SSH2 PUBLIC KEY ----\r\nComment: \"mcma-ec2-test\"\r\nAAAAB3NzaC1yc2EAAAABJQAAAQEAmaAkNV4bfYvD2pbVBwJFqqUrZoqXcgktXvTZ\r\nB2QVdD3P5qqqqONU9sYBOlnyuDLmN23rihL76nnzT4APFvdPMp32AQ4Mq3dGoiZj\r\nCzhmbhako1wyix9kPb2uvidxT/DFHuoL5mqzvFhiL5fyxiux9uWgzbwOaT/60dZB\r\nRMCnn8CFG96BDwC3zvHMWsloA2hCtVmXc6ki/oHMu67GuOWo/LIsZxp+xvJmAwtj\r\nf/WXyUJPmMrSAXASCD6uNcT4qfsIucZOpT3DPfVpeyQvqbSNU0l0/7FyQGKCCApb\r\nHhFiei4ZvsFANywqx3FYvGi56QfgSR/2b1KEjK0BhTQ2dOTilQ==\r\n---- END SSH2 PUBLIC KEY ----"
                        },
                        "meta": {
                            "schema_version": "1"
                        },
                        "tainted": false
                    },
                    "deposed": [],
                    "provider": "module.ec2.provider.aws"
                },
                "aws_route_table.private": {
                    "type": "aws_route_table",
                    "depends_on": [
                        "aws_instance.nat",
                        "aws_vpc.default"
                    ],
                    "primary": {
                        "id": "rtb-0e139a21d86340201",
                        "attributes": {
                            "id": "rtb-0e139a21d86340201",
                            "propagating_vgws.#": "0",
                            "route.#": "1",
                            "route.3769996646.cidr_block": "0.0.0.0/0",
                            "route.3769996646.egress_only_gateway_id": "",
                            "route.3769996646.gateway_id": "",
                            "route.3769996646.instance_id": "i-0dd6ae8effdeedfb8",
                            "route.3769996646.ipv6_cidr_block": "",
                            "route.3769996646.nat_gateway_id": "",
                            "route.3769996646.network_interface_id": "eni-0fbeee41337063542",
                            "route.3769996646.vpc_peering_connection_id": "",
                            "tags.%": "0",
                            "vpc_id": "vpc-0eb464b77b6cda874"
                        },
                        "meta": {},
                        "tainted": false
                    },
                    "deposed": [],
                    "provider": "module.ec2.provider.aws"
                },
                "aws_route_table.public": {
                    "type": "aws_route_table",
                    "depends_on": [
                        "aws_internet_gateway.default",
                        "aws_vpc.default"
                    ],
                    "primary": {
                        "id": "rtb-0b73cf1b484e3cb3e",
                        "attributes": {
                            "id": "rtb-0b73cf1b484e3cb3e",
                            "propagating_vgws.#": "0",
                            "route.#": "1",
                            "route.4146175284.cidr_block": "0.0.0.0/0",
                            "route.4146175284.egress_only_gateway_id": "",
                            "route.4146175284.gateway_id": "igw-090e66819fd812f01",
                            "route.4146175284.instance_id": "",
                            "route.4146175284.ipv6_cidr_block": "",
                            "route.4146175284.nat_gateway_id": "",
                            "route.4146175284.network_interface_id": "",
                            "route.4146175284.vpc_peering_connection_id": "",
                            "tags.%": "0",
                            "vpc_id": "vpc-0eb464b77b6cda874"
                        },
                        "meta": {},
                        "tainted": false
                    },
                    "deposed": [],
                    "provider": "module.ec2.provider.aws"
                },
                "aws_route_table_association.private": {
                    "type": "aws_route_table_association",
                    "depends_on": [
                        "aws_route_table.private",
                        "aws_subnet.private"
                    ],
                    "primary": {
                        "id": "rtbassoc-0d7eab93dca33b674",
                        "attributes": {
                            "id": "rtbassoc-0d7eab93dca33b674",
                            "route_table_id": "rtb-0e139a21d86340201",
                            "subnet_id": "subnet-096b0333b90c14771"
                        },
                        "meta": {},
                        "tainted": false
                    },
                    "deposed": [],
                    "provider": "module.ec2.provider.aws"
                },
                "aws_route_table_association.public": {
                    "type": "aws_route_table_association",
                    "depends_on": [
                        "aws_route_table.public",
                        "aws_subnet.public"
                    ],
                    "primary": {
                        "id": "rtbassoc-0001fbf7003693736",
                        "attributes": {
                            "id": "rtbassoc-0001fbf7003693736",
                            "route_table_id": "rtb-0b73cf1b484e3cb3e",
                            "subnet_id": "subnet-04334e0d9323b637b"
                        },
                        "meta": {},
                        "tainted": false
                    },
                    "deposed": [],
                    "provider": "module.ec2.provider.aws"
                },
                "aws_security_group.default": {
                    "type": "aws_security_group",
                    "depends_on": [
                        "aws_vpc.default"
                    ],
                    "primary": {
                        "id": "sg-05ef3b112ce823f19",
                        "attributes": {
                            "arn": "arn:aws:ec2:us-east-2:213450902387:security-group/sg-05ef3b112ce823f19",
                            "description": "Default security group that allows inbound and outbound traffic from all instances in the VPC",
                            "egress.#": "1",
                            "egress.753360330.cidr_blocks.#": "0",
                            "egress.753360330.description": "",
                            "egress.753360330.from_port": "0",
                            "egress.753360330.ipv6_cidr_blocks.#": "0",
                            "egress.753360330.prefix_list_ids.#": "0",
                            "egress.753360330.protocol": "-1",
                            "egress.753360330.security_groups.#": "0",
                            "egress.753360330.self": "true",
                            "egress.753360330.to_port": "0",
                            "id": "sg-05ef3b112ce823f19",
                            "ingress.#": "1",
                            "ingress.753360330.cidr_blocks.#": "0",
                            "ingress.753360330.description": "",
                            "ingress.753360330.from_port": "0",
                            "ingress.753360330.ipv6_cidr_blocks.#": "0",
                            "ingress.753360330.prefix_list_ids.#": "0",
                            "ingress.753360330.protocol": "-1",
                            "ingress.753360330.security_groups.#": "0",
                            "ingress.753360330.self": "true",
                            "ingress.753360330.to_port": "0",
                            "name": "triskel-mcma-dev-default-security-group",
                            "owner_id": "213450902387",
                            "revoke_rules_on_delete": "false",
                            "tags.%": "1",
                            "tags.Name": "triskel-mcma-dev-default-security-group",
                            "vpc_id": "vpc-0eb464b77b6cda874"
                        },
                        "meta": {
                            "e2bfb730-ecaa-11e6-8f88-34363bc7c4c0": {
                                "create": 600000000000,
                                "delete": 600000000000
                            },
                            "schema_version": "1"
                        },
                        "tainted": false
                    },
                    "deposed": [],
                    "provider": "module.ec2.provider.aws"
                },
                "aws_security_group.nat": {
                    "type": "aws_security_group",
                    "depends_on": [
                        "aws_vpc.default"
                    ],
                    "primary": {
                        "id": "sg-0e093c9f1198978b9",
                        "attributes": {
                            "arn": "arn:aws:ec2:us-east-2:213450902387:security-group/sg-0e093c9f1198978b9",
                            "description": "Security group for nat instances that allows SSH and VPN traffic from internet. Also allows outbound HTTP[S]",
                            "egress.#": "2",
                            "egress.2214680975.cidr_blocks.#": "1",
                            "egress.2214680975.cidr_blocks.0": "0.0.0.0/0",
                            "egress.2214680975.description": "",
                            "egress.2214680975.from_port": "80",
                            "egress.2214680975.ipv6_cidr_blocks.#": "0",
                            "egress.2214680975.prefix_list_ids.#": "0",
                            "egress.2214680975.protocol": "tcp",
                            "egress.2214680975.security_groups.#": "0",
                            "egress.2214680975.self": "false",
                            "egress.2214680975.to_port": "80",
                            "egress.2617001939.cidr_blocks.#": "1",
                            "egress.2617001939.cidr_blocks.0": "0.0.0.0/0",
                            "egress.2617001939.description": "",
                            "egress.2617001939.from_port": "443",
                            "egress.2617001939.ipv6_cidr_blocks.#": "0",
                            "egress.2617001939.prefix_list_ids.#": "0",
                            "egress.2617001939.protocol": "tcp",
                            "egress.2617001939.security_groups.#": "0",
                            "egress.2617001939.self": "false",
                            "egress.2617001939.to_port": "443",
                            "id": "sg-0e093c9f1198978b9",
                            "ingress.#": "2",
                            "ingress.2541437006.cidr_blocks.#": "1",
                            "ingress.2541437006.cidr_blocks.0": "0.0.0.0/0",
                            "ingress.2541437006.description": "",
                            "ingress.2541437006.from_port": "22",
                            "ingress.2541437006.ipv6_cidr_blocks.#": "0",
                            "ingress.2541437006.prefix_list_ids.#": "0",
                            "ingress.2541437006.protocol": "tcp",
                            "ingress.2541437006.security_groups.#": "0",
                            "ingress.2541437006.self": "false",
                            "ingress.2541437006.to_port": "22",
                            "ingress.4178520169.cidr_blocks.#": "1",
                            "ingress.4178520169.cidr_blocks.0": "0.0.0.0/0",
                            "ingress.4178520169.description": "",
                            "ingress.4178520169.from_port": "1194",
                            "ingress.4178520169.ipv6_cidr_blocks.#": "0",
                            "ingress.4178520169.prefix_list_ids.#": "0",
                            "ingress.4178520169.protocol": "udp",
                            "ingress.4178520169.security_groups.#": "0",
                            "ingress.4178520169.self": "false",
                            "ingress.4178520169.to_port": "1194",
                            "name": "triskel-mcma-dev-nat-security-group",
                            "owner_id": "213450902387",
                            "revoke_rules_on_delete": "false",
                            "tags.%": "1",
                            "tags.Name": "triskel-mcma-dev-nat-security-group",
                            "vpc_id": "vpc-0eb464b77b6cda874"
                        },
                        "meta": {
                            "e2bfb730-ecaa-11e6-8f88-34363bc7c4c0": {
                                "create": 600000000000,
                                "delete": 600000000000
                            },
                            "schema_version": "1"
                        },
                        "tainted": false
                    },
                    "deposed": [],
                    "provider": "module.ec2.provider.aws"
                },
                "aws_security_group.web": {
                    "type": "aws_security_group",
                    "depends_on": [
                        "aws_vpc.default"
                    ],
                    "primary": {
                        "id": "sg-0a743417af96391a6",
                        "attributes": {
                            "arn": "arn:aws:ec2:us-east-2:213450902387:security-group/sg-0a743417af96391a6",
                            "description": "Security group for web that allows web traffic from internet",
                            "egress.#": "0",
                            "id": "sg-0a743417af96391a6",
                            "ingress.#": "2",
                            "ingress.2214680975.cidr_blocks.#": "1",
                            "ingress.2214680975.cidr_blocks.0": "0.0.0.0/0",
                            "ingress.2214680975.description": "",
                            "ingress.2214680975.from_port": "80",
                            "ingress.2214680975.ipv6_cidr_blocks.#": "0",
                            "ingress.2214680975.prefix_list_ids.#": "0",
                            "ingress.2214680975.protocol": "tcp",
                            "ingress.2214680975.security_groups.#": "0",
                            "ingress.2214680975.self": "false",
                            "ingress.2214680975.to_port": "80",
                            "ingress.2617001939.cidr_blocks.#": "1",
                            "ingress.2617001939.cidr_blocks.0": "0.0.0.0/0",
                            "ingress.2617001939.description": "",
                            "ingress.2617001939.from_port": "443",
                            "ingress.2617001939.ipv6_cidr_blocks.#": "0",
                            "ingress.2617001939.prefix_list_ids.#": "0",
                            "ingress.2617001939.protocol": "tcp",
                            "ingress.2617001939.security_groups.#": "0",
                            "ingress.2617001939.self": "false",
                            "ingress.2617001939.to_port": "443",
                            "name": "triskel-mcma-dev-web-security-group",
                            "owner_id": "213450902387",
                            "revoke_rules_on_delete": "false",
                            "tags.%": "1",
                            "tags.Name": "triskel-mcma-dev-web-security-group",
                            "vpc_id": "vpc-0eb464b77b6cda874"
                        },
                        "meta": {
                            "e2bfb730-ecaa-11e6-8f88-34363bc7c4c0": {
                                "create": 600000000000,
                                "delete": 600000000000
                            },
                            "schema_version": "1"
                        },
                        "tainted": false
                    },
                    "deposed": [],
                    "provider": "module.ec2.provider.aws"
                },
                "aws_subnet.private": {
                    "type": "aws_subnet",
                    "depends_on": [
                        "aws_instance.nat",
                        "aws_vpc.default"
                    ],
                    "primary": {
                        "id": "subnet-096b0333b90c14771",
                        "attributes": {
                            "arn": "arn:aws:ec2:us-east-2:213450902387:subnet/subnet-096b0333b90c14771",
                            "assign_ipv6_address_on_creation": "false",
                            "availability_zone": "us-east-2a",
                            "cidr_block": "10.128.1.0/24",
                            "id": "subnet-096b0333b90c14771",
                            "map_public_ip_on_launch": "false",
                            "tags.%": "1",
                            "tags.Name": "triskel-mcma-dev-private",
                            "vpc_id": "vpc-0eb464b77b6cda874"
                        },
                        "meta": {
                            "e2bfb730-ecaa-11e6-8f88-34363bc7c4c0": {
                                "create": 600000000000,
                                "delete": 600000000000
                            },
                            "schema_version": "1"
                        },
                        "tainted": false
                    },
                    "deposed": [],
                    "provider": "module.ec2.provider.aws"
                },
                "aws_subnet.public": {
                    "type": "aws_subnet",
                    "depends_on": [
                        "aws_internet_gateway.default",
                        "aws_vpc.default"
                    ],
                    "primary": {
                        "id": "subnet-04334e0d9323b637b",
                        "attributes": {
                            "arn": "arn:aws:ec2:us-east-2:213450902387:subnet/subnet-04334e0d9323b637b",
                            "assign_ipv6_address_on_creation": "false",
                            "availability_zone": "us-east-2a",
                            "cidr_block": "10.128.0.0/24",
                            "id": "subnet-04334e0d9323b637b",
                            "map_public_ip_on_launch": "true",
                            "tags.%": "1",
                            "tags.Name": "triskel-mcma-dev-public",
                            "vpc_id": "vpc-0eb464b77b6cda874"
                        },
                        "meta": {
                            "e2bfb730-ecaa-11e6-8f88-34363bc7c4c0": {
                                "create": 600000000000,
                                "delete": 600000000000
                            },
                            "schema_version": "1"
                        },
                        "tainted": false
                    },
                    "deposed": [],
                    "provider": "module.ec2.provider.aws"
                },
                "aws_vpc.default": {
                    "type": "aws_vpc",
                    "depends_on": [],
                    "primary": {
                        "id": "vpc-0eb464b77b6cda874",
                        "attributes": {
                            "arn": "arn:aws:ec2:us-east-2:213450902387:vpc/vpc-0eb464b77b6cda874",
                            "assign_generated_ipv6_cidr_block": "false",
                            "cidr_block": "10.128.0.0/16",
                            "default_network_acl_id": "acl-073b9aee0cefe7e98",
                            "default_route_table_id": "rtb-0820d01abaf41e7e2",
                            "default_security_group_id": "sg-08fa95e9242f0c071",
                            "dhcp_options_id": "dopt-36ed6c5e",
                            "enable_dns_hostnames": "true",
                            "enable_dns_support": "true",
                            "id": "vpc-0eb464b77b6cda874",
                            "instance_tenancy": "default",
                            "main_route_table_id": "rtb-0820d01abaf41e7e2",
                            "tags.%": "1",
                            "tags.Name": "triskel-mcma-dev-vpc"
                        },
                        "meta": {
                            "schema_version": "1"
                        },
                        "tainted": false
                    },
                    "deposed": [],
                    "provider": "module.ec2.provider.aws"
                }
            },
            "depends_on": []
        },
        {
            "path": [
                "root",
                "services"
            ],
            "outputs": {
                "ame_service_url": {
                    "sensitive": false,
                    "type": "string",
                    "value": "https://hiojg0cdch.execute-api.us-east-2.amazonaws.com/dev"
                },
                "aws_ai_service_url": {
                    "sensitive": false,
                    "type": "string",
                    "value": "https://ekbh6o1pub.execute-api.us-east-2.amazonaws.com/dev"
                },
                "azure_ai_service_url": {
                    "sensitive": false,
                    "type": "string",
                    "value": "https://x3upxl16b2.execute-api.us-east-2.amazonaws.com/dev"
                },
                "job_processor_service_url": {
                    "sensitive": false,
                    "type": "string",
                    "value": "https://q0ndvsdbo4.execute-api.us-east-2.amazonaws.com/dev"
                },
                "job_repository_url": {
                    "sensitive": false,
                    "type": "string",
                    "value": "https://dldy4i2dm6.execute-api.us-east-2.amazonaws.com/dev"
                },
                "media_repository_url": {
                    "sensitive": false,
                    "type": "string",
                    "value": "https://rcg9yk1z3h.execute-api.us-east-2.amazonaws.com/dev"
                },
                "service_registry_url": {
                    "sensitive": false,
                    "type": "string",
                    "value": "https://w7eijekmuf.execute-api.us-east-2.amazonaws.com/dev"
                },
                "transform_service_url": {
                    "sensitive": false,
                    "type": "string",
                    "value": "https://ob3f1jj0og.execute-api.us-east-2.amazonaws.com/dev"
                },
                "workflow_service_url": {
                    "sensitive": false,
                    "type": "string",
                    "value": "https://mii37s2qoc.execute-api.us-east-2.amazonaws.com/dev"
                }
            },
            "resources": {
                "aws_api_gateway_deployment.ame_service_deployment": {
                    "type": "aws_api_gateway_deployment",
                    "depends_on": [
                        "aws_api_gateway_integration.ame_service_api_method-integration",
                        "aws_api_gateway_method.ame_service_api_method",
                        "aws_api_gateway_rest_api.ame_service_api",
                        "aws_lambda_function.ame-service-worker",
                        "local.ame_service_url",
                        "local.service_registry_url"
                    ],
                    "primary": {
                        "id": "8hmoep",
                        "attributes": {
                            "created_date": "2018-11-28T00:21:13Z",
                            "description": "",
                            "execution_arn": "arn:aws:execute-api:us-east-2:213450902387:hiojg0cdch/dev",
                            "id": "8hmoep",
                            "invoke_url": "https://hiojg0cdch.execute-api.us-east-2.amazonaws.com/dev",
                            "rest_api_id": "hiojg0cdch",
                            "stage_name": "dev",
                            "variables.%": "4",
                            "variables.PublicUrl": "https://hiojg0cdch.execute-api.us-east-2.amazonaws.com/dev",
                            "variables.ServicesUrl": "https://w7eijekmuf.execute-api.us-east-2.amazonaws.com/dev/services",
                            "variables.TableName": "triskel-mcma-dev-ame-service",
                            "variables.WorkerLambdaFunctionName": "triskel-mcma-dev-ame-service-worker"
                        },
                        "meta": {},
                        "tainted": false
                    },
                    "deposed": [],
                    "provider": "module.services.provider.aws"
                },
                "aws_api_gateway_deployment.aws_ai_service_deployment": {
                    "type": "aws_api_gateway_deployment",
                    "depends_on": [
                        "aws_api_gateway_integration.aws_ai_service_api_method-integration",
                        "aws_api_gateway_method.aws_ai_service_api_method",
                        "aws_api_gateway_rest_api.aws_ai_service_api",
                        "aws_dynamodb_table.aws_ai_service_table",
                        "aws_lambda_function.aws-ai-service-worker",
                        "aws_s3_bucket.aws-ai-service-output",
                        "local.aws_ai_service_url",
                        "local.service_registry_url"
                    ],
                    "primary": {
                        "id": "an8voh",
                        "attributes": {
                            "created_date": "2018-11-28T00:21:09Z",
                            "description": "",
                            "execution_arn": "arn:aws:execute-api:us-east-2:213450902387:ekbh6o1pub/dev",
                            "id": "an8voh",
                            "invoke_url": "https://ekbh6o1pub.execute-api.us-east-2.amazonaws.com/dev",
                            "rest_api_id": "ekbh6o1pub",
                            "stage_name": "dev",
                            "variables.%": "5",
                            "variables.PublicUrl": "https://ekbh6o1pub.execute-api.us-east-2.amazonaws.com/dev",
                            "variables.ServiceOutputBucket": "triskel.mcma.us-east-2.dev.aws-ai-service-output",
                            "variables.ServicesUrl": "https://w7eijekmuf.execute-api.us-east-2.amazonaws.com/dev/services",
                            "variables.TableName": "triskel-mcma-dev-aws-ai-service",
                            "variables.WorkerLambdaFunctionName": "triskel-mcma-dev-aws-ai-service-worker"
                        },
                        "meta": {},
                        "tainted": false
                    },
                    "deposed": [],
                    "provider": "module.services.provider.aws"
                },
                "aws_api_gateway_deployment.azure_ai_service_deployment": {
                    "type": "aws_api_gateway_deployment",
                    "depends_on": [
                        "aws_api_gateway_integration.azure_ai_service_api_method-integration",
                        "aws_api_gateway_method.azure_ai_service_api_method",
                        "aws_api_gateway_rest_api.azure_ai_service_api",
                        "aws_lambda_function.azure-ai-service-worker",
                        "local.azure_ai_service_url",
                        "local.service_registry_url"
                    ],
                    "primary": {
                        "id": "2j7qhr",
                        "attributes": {
                            "created_date": "2018-11-28T00:20:35Z",
                            "description": "",
                            "execution_arn": "arn:aws:execute-api:us-east-2:213450902387:x3upxl16b2/dev",
                            "id": "2j7qhr",
                            "invoke_url": "https://x3upxl16b2.execute-api.us-east-2.amazonaws.com/dev",
                            "rest_api_id": "x3upxl16b2",
                            "stage_name": "dev",
                            "variables.%": "8",
                            "variables.AzureAccountID": "0af5a721-5d3c-451a-88b0-e658114bdea4",
                            "variables.AzureApiUrl": "https://api.videoindexer.ai",
                            "variables.AzureLocation": "trial",
                            "variables.AzureSubscriptionKey": "e8700f0d224645a7b05c1a4f3b80b498",
                            "variables.PublicUrl": "https://x3upxl16b2.execute-api.us-east-2.amazonaws.com/dev",
                            "variables.ServicesUrl": "https://w7eijekmuf.execute-api.us-east-2.amazonaws.com/dev/services",
                            "variables.TableName": "triskel-mcma-dev-azure-ai-service",
                            "variables.WorkerLambdaFunctionName": "triskel-mcma-dev-azure-ai-service-worker"
                        },
                        "meta": {},
                        "tainted": false
                    },
                    "deposed": [],
                    "provider": "module.services.provider.aws"
                },
                "aws_api_gateway_deployment.job_processor_service_deployment": {
                    "type": "aws_api_gateway_deployment",
                    "depends_on": [
                        "aws_api_gateway_integration.job_processor_service_api_method-integration",
                        "aws_api_gateway_method.job_processor_service_api_method",
                        "aws_api_gateway_rest_api.job_processor_service_api",
                        "aws_lambda_function.job-processor-service-worker",
                        "local.job_processor_service_url",
                        "local.service_registry_url"
                    ],
                    "primary": {
                        "id": "ci8n5s",
                        "attributes": {
                            "created_date": "2018-11-28T00:20:35Z",
                            "description": "",
                            "execution_arn": "arn:aws:execute-api:us-east-2:213450902387:q0ndvsdbo4/dev",
                            "id": "ci8n5s",
                            "invoke_url": "https://q0ndvsdbo4.execute-api.us-east-2.amazonaws.com/dev",
                            "rest_api_id": "q0ndvsdbo4",
                            "stage_name": "dev",
                            "variables.%": "4",
                            "variables.PublicUrl": "https://q0ndvsdbo4.execute-api.us-east-2.amazonaws.com/dev",
                            "variables.ServicesUrl": "https://w7eijekmuf.execute-api.us-east-2.amazonaws.com/dev/services",
                            "variables.TableName": "triskel-mcma-dev-job-processor-service",
                            "variables.WorkerLambdaFunctionName": "triskel-mcma-dev-job-processor-service-worker"
                        },
                        "meta": {},
                        "tainted": false
                    },
                    "deposed": [],
                    "provider": "module.services.provider.aws"
                },
                "aws_api_gateway_deployment.job_repository_deployment": {
                    "type": "aws_api_gateway_deployment",
                    "depends_on": [
                        "aws_api_gateway_integration.job_repository_api_method-integration",
                        "aws_api_gateway_method.job_repository_api_method",
                        "aws_api_gateway_rest_api.job_repository_api",
                        "aws_lambda_function.job-repository-worker",
                        "local.job_repository_url",
                        "local.service_registry_url"
                    ],
                    "primary": {
                        "id": "1jqwcw",
                        "attributes": {
                            "created_date": "2018-11-28T00:20:35Z",
                            "description": "",
                            "execution_arn": "arn:aws:execute-api:us-east-2:213450902387:dldy4i2dm6/dev",
                            "id": "1jqwcw",
                            "invoke_url": "https://dldy4i2dm6.execute-api.us-east-2.amazonaws.com/dev",
                            "rest_api_id": "dldy4i2dm6",
                            "stage_name": "dev",
                            "variables.%": "4",
                            "variables.PublicUrl": "https://dldy4i2dm6.execute-api.us-east-2.amazonaws.com/dev",
                            "variables.ServicesUrl": "https://w7eijekmuf.execute-api.us-east-2.amazonaws.com/dev/services",
                            "variables.TableName": "triskel-mcma-dev-job-repository",
                            "variables.WorkerLambdaFunctionName": "triskel-mcma-dev-job-repository-worker"
                        },
                        "meta": {},
                        "tainted": false
                    },
                    "deposed": [],
                    "provider": "module.services.provider.aws"
                },
                "aws_api_gateway_deployment.media_repository_deployment": {
                    "type": "aws_api_gateway_deployment",
                    "depends_on": [
                        "aws_api_gateway_integration.media_repository_api_method-integration",
                        "aws_api_gateway_method.media_repository_api_method",
                        "aws_api_gateway_rest_api.media_repository_api",
                        "local.media_repository_url"
                    ],
                    "primary": {
                        "id": "6sp3y3",
                        "attributes": {
                            "created_date": "2018-11-28T00:20:30Z",
                            "description": "",
                            "execution_arn": "arn:aws:execute-api:us-east-2:213450902387:rcg9yk1z3h/dev",
                            "id": "6sp3y3",
                            "invoke_url": "https://rcg9yk1z3h.execute-api.us-east-2.amazonaws.com/dev",
                            "rest_api_id": "rcg9yk1z3h",
                            "stage_name": "dev",
                            "variables.%": "2",
                            "variables.PublicUrl": "https://rcg9yk1z3h.execute-api.us-east-2.amazonaws.com/dev",
                            "variables.TableName": "triskel-mcma-dev-media-repository"
                        },
                        "meta": {},
                        "tainted": false
                    },
                    "deposed": [],
                    "provider": "module.services.provider.aws"
                },
                "aws_api_gateway_deployment.service_registry_deployment": {
                    "type": "aws_api_gateway_deployment",
                    "depends_on": [
                        "aws_api_gateway_integration.service_registry_api_method-integration",
                        "aws_api_gateway_method.service_registry_api_method",
                        "aws_api_gateway_rest_api.service_registry_api",
                        "local.service_registry_url"
                    ],
                    "primary": {
                        "id": "zibwrc",
                        "attributes": {
                            "created_date": "2018-11-28T00:21:17Z",
                            "description": "",
                            "execution_arn": "arn:aws:execute-api:us-east-2:213450902387:w7eijekmuf/dev",
                            "id": "zibwrc",
                            "invoke_url": "https://w7eijekmuf.execute-api.us-east-2.amazonaws.com/dev",
                            "rest_api_id": "w7eijekmuf",
                            "stage_name": "dev",
                            "variables.%": "2",
                            "variables.PublicUrl": "https://w7eijekmuf.execute-api.us-east-2.amazonaws.com/dev",
                            "variables.TableName": "triskel-mcma-dev-service-registry"
                        },
                        "meta": {},
                        "tainted": false
                    },
                    "deposed": [],
                    "provider": "module.services.provider.aws"
                },
                "aws_api_gateway_deployment.transform_service_deployment": {
                    "type": "aws_api_gateway_deployment",
                    "depends_on": [
                        "aws_api_gateway_integration.transform_service_api_method-integration",
                        "aws_api_gateway_method.transform_service_api_method",
                        "aws_api_gateway_rest_api.transform_service_api",
                        "aws_lambda_function.transform-service-worker",
                        "local.service_registry_url",
                        "local.transform_service_url"
                    ],
                    "primary": {
                        "id": "y5i1fz",
                        "attributes": {
                            "created_date": "2018-11-28T00:22:04Z",
                            "description": "",
                            "execution_arn": "arn:aws:execute-api:us-east-2:213450902387:ob3f1jj0og/dev",
                            "id": "y5i1fz",
                            "invoke_url": "https://ob3f1jj0og.execute-api.us-east-2.amazonaws.com/dev",
                            "rest_api_id": "ob3f1jj0og",
                            "stage_name": "dev",
                            "variables.%": "5",
                            "variables.HostnameInstanceEC2": "triskel-mcma-dev-elb-810701332.us-east-2.elb.amazonaws.com",
                            "variables.PublicUrl": "https://ob3f1jj0og.execute-api.us-east-2.amazonaws.com/dev",
                            "variables.ServicesUrl": "https://w7eijekmuf.execute-api.us-east-2.amazonaws.com/dev/services",
                            "variables.TableName": "triskel-mcma-dev-transform-service",
                            "variables.WorkerLambdaFunctionName": "triskel-mcma-dev-transform-service-worker"
                        },
                        "meta": {},
                        "tainted": false
                    },
                    "deposed": [],
                    "provider": "module.services.provider.aws"
                },
                "aws_api_gateway_deployment.workflow_service_deployment": {
                    "type": "aws_api_gateway_deployment",
                    "depends_on": [
                        "aws_api_gateway_integration.workflow_service_api_method-integration",
                        "aws_api_gateway_method.workflow_service_api_method",
                        "aws_api_gateway_rest_api.workflow_service_api",
                        "aws_lambda_function.workflow-service-worker",
                        "local.service_registry_url",
                        "local.workflow_service_url"
                    ],
                    "primary": {
                        "id": "62wqch",
                        "attributes": {
                            "created_date": "2018-11-28T00:20:35Z",
                            "description": "",
                            "execution_arn": "arn:aws:execute-api:us-east-2:213450902387:mii37s2qoc/dev",
                            "id": "62wqch",
                            "invoke_url": "https://mii37s2qoc.execute-api.us-east-2.amazonaws.com/dev",
                            "rest_api_id": "mii37s2qoc",
                            "stage_name": "dev",
                            "variables.%": "4",
                            "variables.PublicUrl": "https://mii37s2qoc.execute-api.us-east-2.amazonaws.com/dev",
                            "variables.ServicesUrl": "https://w7eijekmuf.execute-api.us-east-2.amazonaws.com/dev/services",
                            "variables.TableName": "triskel-mcma-dev-workflow-service",
                            "variables.WorkerLambdaFunctionName": "triskel-mcma-dev-workflow-service-worker"
                        },
                        "meta": {},
                        "tainted": false
                    },
                    "deposed": [],
                    "provider": "module.services.provider.aws"
                },
                "aws_api_gateway_integration.ame_service_api_method-integration": {
                    "type": "aws_api_gateway_integration",
                    "depends_on": [
                        "aws_api_gateway_method.ame_service_api_method",
                        "aws_api_gateway_resource.ame_service_api_resource",
                        "aws_api_gateway_rest_api.ame_service_api",
                        "aws_lambda_function.ame-service-api-handler"
                    ],
                    "primary": {
                        "id": "agi-hiojg0cdch-vfjz8r-ANY",
                        "attributes": {
                            "cache_key_parameters.#": "0",
                            "cache_namespace": "vfjz8r",
                            "connection_id": "",
                            "connection_type": "INTERNET",
                            "content_handling": "",
                            "credentials": "",
                            "http_method": "ANY",
                            "id": "agi-hiojg0cdch-vfjz8r-ANY",
                            "integration_http_method": "POST",
                            "passthrough_behavior": "WHEN_NO_MATCH",
                            "request_parameters.%": "0",
                            "request_templates.%": "0",
                            "resource_id": "vfjz8r",
                            "rest_api_id": "hiojg0cdch",
                            "timeout_milliseconds": "29000",
                            "type": "AWS_PROXY",
                            "uri": "arn:aws:apigateway:us-east-2:lambda:path/2015-03-31/functions/arn:aws:lambda:us-east-2:213450902387:function:triskel-mcma-dev-ame-service-api-handler/invocations"
                        },
                        "meta": {},
                        "tainted": false
                    },
                    "deposed": [],
                    "provider": "module.services.provider.aws"
                },
                "aws_api_gateway_integration.aws_ai_service_api_method-integration": {
                    "type": "aws_api_gateway_integration",
                    "depends_on": [
                        "aws_api_gateway_method.aws_ai_service_api_method",
                        "aws_api_gateway_resource.aws_ai_service_api_resource",
                        "aws_api_gateway_rest_api.aws_ai_service_api",
                        "aws_lambda_function.aws-ai-service-api-handler"
                    ],
                    "primary": {
                        "id": "agi-ekbh6o1pub-j3ka07-ANY",
                        "attributes": {
                            "cache_key_parameters.#": "0",
                            "cache_namespace": "j3ka07",
                            "connection_id": "",
                            "connection_type": "INTERNET",
                            "content_handling": "",
                            "credentials": "",
                            "http_method": "ANY",
                            "id": "agi-ekbh6o1pub-j3ka07-ANY",
                            "integration_http_method": "POST",
                            "passthrough_behavior": "WHEN_NO_MATCH",
                            "request_parameters.%": "0",
                            "request_templates.%": "0",
                            "resource_id": "j3ka07",
                            "rest_api_id": "ekbh6o1pub",
                            "timeout_milliseconds": "29000",
                            "type": "AWS_PROXY",
                            "uri": "arn:aws:apigateway:us-east-2:lambda:path/2015-03-31/functions/arn:aws:lambda:us-east-2:213450902387:function:triskel-mcma-dev-aws-ai-service-api-handler/invocations"
                        },
                        "meta": {},
                        "tainted": false
                    },
                    "deposed": [],
                    "provider": "module.services.provider.aws"
                },
                "aws_api_gateway_integration.azure_ai_service_api_method-integration": {
                    "type": "aws_api_gateway_integration",
                    "depends_on": [
                        "aws_api_gateway_method.azure_ai_service_api_method",
                        "aws_api_gateway_resource.azure_ai_service_api_resource",
                        "aws_api_gateway_rest_api.azure_ai_service_api",
                        "aws_lambda_function.azure-ai-service-api-handler"
                    ],
                    "primary": {
                        "id": "agi-x3upxl16b2-eajyz9-ANY",
                        "attributes": {
                            "cache_key_parameters.#": "0",
                            "cache_namespace": "eajyz9",
                            "connection_id": "",
                            "connection_type": "INTERNET",
                            "content_handling": "",
                            "credentials": "",
                            "http_method": "ANY",
                            "id": "agi-x3upxl16b2-eajyz9-ANY",
                            "integration_http_method": "POST",
                            "passthrough_behavior": "WHEN_NO_MATCH",
                            "request_parameters.%": "0",
                            "request_templates.%": "0",
                            "resource_id": "eajyz9",
                            "rest_api_id": "x3upxl16b2",
                            "timeout_milliseconds": "29000",
                            "type": "AWS_PROXY",
                            "uri": "arn:aws:apigateway:us-east-2:lambda:path/2015-03-31/functions/arn:aws:lambda:us-east-2:213450902387:function:triskel-mcma-dev-azure-ai-service-api-handler/invocations"
                        },
                        "meta": {},
                        "tainted": false
                    },
                    "deposed": [],
                    "provider": "module.services.provider.aws"
                },
                "aws_api_gateway_integration.job_processor_service_api_method-integration": {
                    "type": "aws_api_gateway_integration",
                    "depends_on": [
                        "aws_api_gateway_method.job_processor_service_api_method",
                        "aws_api_gateway_resource.job_processor_service_api_resource",
                        "aws_api_gateway_rest_api.job_processor_service_api",
                        "aws_lambda_function.job-processor-service-api-handler"
                    ],
                    "primary": {
                        "id": "agi-q0ndvsdbo4-i90wd3-ANY",
                        "attributes": {
                            "cache_key_parameters.#": "0",
                            "cache_namespace": "i90wd3",
                            "connection_id": "",
                            "connection_type": "INTERNET",
                            "content_handling": "",
                            "credentials": "",
                            "http_method": "ANY",
                            "id": "agi-q0ndvsdbo4-i90wd3-ANY",
                            "integration_http_method": "POST",
                            "passthrough_behavior": "WHEN_NO_MATCH",
                            "request_parameters.%": "0",
                            "request_templates.%": "0",
                            "resource_id": "i90wd3",
                            "rest_api_id": "q0ndvsdbo4",
                            "timeout_milliseconds": "29000",
                            "type": "AWS_PROXY",
                            "uri": "arn:aws:apigateway:us-east-2:lambda:path/2015-03-31/functions/arn:aws:lambda:us-east-2:213450902387:function:triskel-mcma-dev-job-processor-service-api-handler/invocations"
                        },
                        "meta": {},
                        "tainted": false
                    },
                    "deposed": [],
                    "provider": "module.services.provider.aws"
                },
                "aws_api_gateway_integration.job_repository_api_method-integration": {
                    "type": "aws_api_gateway_integration",
                    "depends_on": [
                        "aws_api_gateway_method.job_repository_api_method",
                        "aws_api_gateway_resource.job_repository_api_resource",
                        "aws_api_gateway_rest_api.job_repository_api",
                        "aws_lambda_function.job-repository-api-handler"
                    ],
                    "primary": {
                        "id": "agi-dldy4i2dm6-ivhrx6-ANY",
                        "attributes": {
                            "cache_key_parameters.#": "0",
                            "cache_namespace": "ivhrx6",
                            "connection_id": "",
                            "connection_type": "INTERNET",
                            "content_handling": "",
                            "credentials": "",
                            "http_method": "ANY",
                            "id": "agi-dldy4i2dm6-ivhrx6-ANY",
                            "integration_http_method": "POST",
                            "passthrough_behavior": "WHEN_NO_MATCH",
                            "request_parameters.%": "0",
                            "request_templates.%": "0",
                            "resource_id": "ivhrx6",
                            "rest_api_id": "dldy4i2dm6",
                            "timeout_milliseconds": "29000",
                            "type": "AWS_PROXY",
                            "uri": "arn:aws:apigateway:us-east-2:lambda:path/2015-03-31/functions/arn:aws:lambda:us-east-2:213450902387:function:triskel-mcma-dev-job-repository-api-handler/invocations"
                        },
                        "meta": {},
                        "tainted": false
                    },
                    "deposed": [],
                    "provider": "module.services.provider.aws"
                },
                "aws_api_gateway_integration.media_repository_api_method-integration": {
                    "type": "aws_api_gateway_integration",
                    "depends_on": [
                        "aws_api_gateway_method.media_repository_api_method",
                        "aws_api_gateway_resource.media_repository_api_resource",
                        "aws_api_gateway_rest_api.media_repository_api",
                        "aws_lambda_function.media-repository-api-handler"
                    ],
                    "primary": {
                        "id": "agi-rcg9yk1z3h-zchcm7-ANY",
                        "attributes": {
                            "cache_key_parameters.#": "0",
                            "cache_namespace": "zchcm7",
                            "connection_id": "",
                            "connection_type": "INTERNET",
                            "content_handling": "",
                            "credentials": "",
                            "http_method": "ANY",
                            "id": "agi-rcg9yk1z3h-zchcm7-ANY",
                            "integration_http_method": "POST",
                            "passthrough_behavior": "WHEN_NO_MATCH",
                            "request_parameters.%": "0",
                            "request_templates.%": "0",
                            "resource_id": "zchcm7",
                            "rest_api_id": "rcg9yk1z3h",
                            "timeout_milliseconds": "29000",
                            "type": "AWS_PROXY",
                            "uri": "arn:aws:apigateway:us-east-2:lambda:path/2015-03-31/functions/arn:aws:lambda:us-east-2:213450902387:function:triskel-mcma-dev-media-repository-api-handler/invocations"
                        },
                        "meta": {},
                        "tainted": false
                    },
                    "deposed": [],
                    "provider": "module.services.provider.aws"
                },
                "aws_api_gateway_integration.service_registry_api_method-integration": {
                    "type": "aws_api_gateway_integration",
                    "depends_on": [
                        "aws_api_gateway_method.service_registry_api_method",
                        "aws_api_gateway_resource.service_registry_api_resource",
                        "aws_api_gateway_rest_api.service_registry_api",
                        "aws_lambda_function.service-registry-api-handler"
                    ],
                    "primary": {
                        "id": "agi-w7eijekmuf-uv7c94-ANY",
                        "attributes": {
                            "cache_key_parameters.#": "0",
                            "cache_namespace": "uv7c94",
                            "connection_id": "",
                            "connection_type": "INTERNET",
                            "content_handling": "",
                            "credentials": "",
                            "http_method": "ANY",
                            "id": "agi-w7eijekmuf-uv7c94-ANY",
                            "integration_http_method": "POST",
                            "passthrough_behavior": "WHEN_NO_MATCH",
                            "request_parameters.%": "0",
                            "request_templates.%": "0",
                            "resource_id": "uv7c94",
                            "rest_api_id": "w7eijekmuf",
                            "timeout_milliseconds": "29000",
                            "type": "AWS_PROXY",
                            "uri": "arn:aws:apigateway:us-east-2:lambda:path/2015-03-31/functions/arn:aws:lambda:us-east-2:213450902387:function:triskel-mcma-dev-service-registry-api-handler/invocations"
                        },
                        "meta": {},
                        "tainted": false
                    },
                    "deposed": [],
                    "provider": "module.services.provider.aws"
                },
                "aws_api_gateway_integration.transform_service_api_method-integration": {
                    "type": "aws_api_gateway_integration",
                    "depends_on": [
                        "aws_api_gateway_method.transform_service_api_method",
                        "aws_api_gateway_resource.transform_service_api_resource",
                        "aws_api_gateway_rest_api.transform_service_api",
                        "aws_lambda_function.transform-service-api-handler"
                    ],
                    "primary": {
                        "id": "agi-ob3f1jj0og-srdn0y-ANY",
                        "attributes": {
                            "cache_key_parameters.#": "0",
                            "cache_namespace": "srdn0y",
                            "connection_id": "",
                            "connection_type": "INTERNET",
                            "content_handling": "",
                            "credentials": "",
                            "http_method": "ANY",
                            "id": "agi-ob3f1jj0og-srdn0y-ANY",
                            "integration_http_method": "POST",
                            "passthrough_behavior": "WHEN_NO_MATCH",
                            "request_parameters.%": "0",
                            "request_templates.%": "0",
                            "resource_id": "srdn0y",
                            "rest_api_id": "ob3f1jj0og",
                            "timeout_milliseconds": "29000",
                            "type": "AWS_PROXY",
                            "uri": "arn:aws:apigateway:us-east-2:lambda:path/2015-03-31/functions/arn:aws:lambda:us-east-2:213450902387:function:triskel-mcma-dev-transform-service-api-handler/invocations"
                        },
                        "meta": {},
                        "tainted": false
                    },
                    "deposed": [],
                    "provider": "module.services.provider.aws"
                },
                "aws_api_gateway_integration.workflow_service_api_method-integration": {
                    "type": "aws_api_gateway_integration",
                    "depends_on": [
                        "aws_api_gateway_method.workflow_service_api_method",
                        "aws_api_gateway_resource.workflow_service_api_resource",
                        "aws_api_gateway_rest_api.workflow_service_api",
                        "aws_lambda_function.workflow-service-api-handler"
                    ],
                    "primary": {
                        "id": "agi-mii37s2qoc-bqb7ml-ANY",
                        "attributes": {
                            "cache_key_parameters.#": "0",
                            "cache_namespace": "bqb7ml",
                            "connection_id": "",
                            "connection_type": "INTERNET",
                            "content_handling": "",
                            "credentials": "",
                            "http_method": "ANY",
                            "id": "agi-mii37s2qoc-bqb7ml-ANY",
                            "integration_http_method": "POST",
                            "passthrough_behavior": "WHEN_NO_MATCH",
                            "request_parameters.%": "0",
                            "request_templates.%": "0",
                            "resource_id": "bqb7ml",
                            "rest_api_id": "mii37s2qoc",
                            "timeout_milliseconds": "29000",
                            "type": "AWS_PROXY",
                            "uri": "arn:aws:apigateway:us-east-2:lambda:path/2015-03-31/functions/arn:aws:lambda:us-east-2:213450902387:function:triskel-mcma-dev-workflow-service-api-handler/invocations"
                        },
                        "meta": {},
                        "tainted": false
                    },
                    "deposed": [],
                    "provider": "module.services.provider.aws"
                },
                "aws_api_gateway_method.ame_service_api_method": {
                    "type": "aws_api_gateway_method",
                    "depends_on": [
                        "aws_api_gateway_resource.ame_service_api_resource",
                        "aws_api_gateway_rest_api.ame_service_api"
                    ],
                    "primary": {
                        "id": "agm-hiojg0cdch-vfjz8r-ANY",
                        "attributes": {
                            "api_key_required": "false",
                            "authorization": "NONE",
                            "authorization_scopes.#": "0",
                            "authorizer_id": "",
                            "http_method": "ANY",
                            "id": "agm-hiojg0cdch-vfjz8r-ANY",
                            "request_models.%": "0",
                            "request_parameters.%": "0",
                            "request_validator_id": "",
                            "resource_id": "vfjz8r",
                            "rest_api_id": "hiojg0cdch"
                        },
                        "meta": {},
                        "tainted": false
                    },
                    "deposed": [],
                    "provider": "module.services.provider.aws"
                },
                "aws_api_gateway_method.aws_ai_service_api_method": {
                    "type": "aws_api_gateway_method",
                    "depends_on": [
                        "aws_api_gateway_resource.aws_ai_service_api_resource",
                        "aws_api_gateway_rest_api.aws_ai_service_api"
                    ],
                    "primary": {
                        "id": "agm-ekbh6o1pub-j3ka07-ANY",
                        "attributes": {
                            "api_key_required": "false",
                            "authorization": "AWS_IAM",
                            "authorization_scopes.#": "0",
                            "authorizer_id": "",
                            "http_method": "ANY",
                            "id": "agm-ekbh6o1pub-j3ka07-ANY",
                            "request_models.%": "0",
                            "request_parameters.%": "0",
                            "request_validator_id": "",
                            "resource_id": "j3ka07",
                            "rest_api_id": "ekbh6o1pub"
                        },
                        "meta": {},
                        "tainted": false
                    },
                    "deposed": [],
                    "provider": "module.services.provider.aws"
                },
                "aws_api_gateway_method.azure_ai_service_api_method": {
                    "type": "aws_api_gateway_method",
                    "depends_on": [
                        "aws_api_gateway_resource.azure_ai_service_api_resource",
                        "aws_api_gateway_rest_api.azure_ai_service_api"
                    ],
                    "primary": {
                        "id": "agm-x3upxl16b2-eajyz9-ANY",
                        "attributes": {
                            "api_key_required": "false",
                            "authorization": "AWS_IAM",
                            "authorization_scopes.#": "0",
                            "authorizer_id": "",
                            "http_method": "ANY",
                            "id": "agm-x3upxl16b2-eajyz9-ANY",
                            "request_models.%": "0",
                            "request_parameters.%": "0",
                            "request_validator_id": "",
                            "resource_id": "eajyz9",
                            "rest_api_id": "x3upxl16b2"
                        },
                        "meta": {},
                        "tainted": false
                    },
                    "deposed": [],
                    "provider": "module.services.provider.aws"
                },
                "aws_api_gateway_method.job_processor_service_api_method": {
                    "type": "aws_api_gateway_method",
                    "depends_on": [
                        "aws_api_gateway_resource.job_processor_service_api_resource",
                        "aws_api_gateway_rest_api.job_processor_service_api"
                    ],
                    "primary": {
                        "id": "agm-q0ndvsdbo4-i90wd3-ANY",
                        "attributes": {
                            "api_key_required": "false",
                            "authorization": "NONE",
                            "authorization_scopes.#": "0",
                            "authorizer_id": "",
                            "http_method": "ANY",
                            "id": "agm-q0ndvsdbo4-i90wd3-ANY",
                            "request_models.%": "0",
                            "request_parameters.%": "0",
                            "request_validator_id": "",
                            "resource_id": "i90wd3",
                            "rest_api_id": "q0ndvsdbo4"
                        },
                        "meta": {},
                        "tainted": false
                    },
                    "deposed": [],
                    "provider": "module.services.provider.aws"
                },
                "aws_api_gateway_method.job_repository_api_method": {
                    "type": "aws_api_gateway_method",
                    "depends_on": [
                        "aws_api_gateway_resource.job_repository_api_resource",
                        "aws_api_gateway_rest_api.job_repository_api"
                    ],
                    "primary": {
                        "id": "agm-dldy4i2dm6-ivhrx6-ANY",
                        "attributes": {
                            "api_key_required": "false",
                            "authorization": "NONE",
                            "authorization_scopes.#": "0",
                            "authorizer_id": "",
                            "http_method": "ANY",
                            "id": "agm-dldy4i2dm6-ivhrx6-ANY",
                            "request_models.%": "0",
                            "request_parameters.%": "0",
                            "request_validator_id": "",
                            "resource_id": "ivhrx6",
                            "rest_api_id": "dldy4i2dm6"
                        },
                        "meta": {},
                        "tainted": false
                    },
                    "deposed": [],
                    "provider": "module.services.provider.aws"
                },
                "aws_api_gateway_method.media_repository_api_method": {
                    "type": "aws_api_gateway_method",
                    "depends_on": [
                        "aws_api_gateway_resource.media_repository_api_resource",
                        "aws_api_gateway_rest_api.media_repository_api"
                    ],
                    "primary": {
                        "id": "agm-rcg9yk1z3h-zchcm7-ANY",
                        "attributes": {
                            "api_key_required": "false",
                            "authorization": "NONE",
                            "authorization_scopes.#": "0",
                            "authorizer_id": "",
                            "http_method": "ANY",
                            "id": "agm-rcg9yk1z3h-zchcm7-ANY",
                            "request_models.%": "0",
                            "request_parameters.%": "0",
                            "request_validator_id": "",
                            "resource_id": "zchcm7",
                            "rest_api_id": "rcg9yk1z3h"
                        },
                        "meta": {},
                        "tainted": false
                    },
                    "deposed": [],
                    "provider": "module.services.provider.aws"
                },
                "aws_api_gateway_method.service_registry_api_method": {
                    "type": "aws_api_gateway_method",
                    "depends_on": [
                        "aws_api_gateway_resource.service_registry_api_resource",
                        "aws_api_gateway_rest_api.service_registry_api"
                    ],
                    "primary": {
                        "id": "agm-w7eijekmuf-uv7c94-ANY",
                        "attributes": {
                            "api_key_required": "false",
                            "authorization": "NONE",
                            "authorization_scopes.#": "0",
                            "authorizer_id": "",
                            "http_method": "ANY",
                            "id": "agm-w7eijekmuf-uv7c94-ANY",
                            "request_models.%": "0",
                            "request_parameters.%": "0",
                            "request_validator_id": "",
                            "resource_id": "uv7c94",
                            "rest_api_id": "w7eijekmuf"
                        },
                        "meta": {},
                        "tainted": false
                    },
                    "deposed": [],
                    "provider": "module.services.provider.aws"
                },
                "aws_api_gateway_method.transform_service_api_method": {
                    "type": "aws_api_gateway_method",
                    "depends_on": [
                        "aws_api_gateway_resource.transform_service_api_resource",
                        "aws_api_gateway_rest_api.transform_service_api"
                    ],
                    "primary": {
                        "id": "agm-ob3f1jj0og-srdn0y-ANY",
                        "attributes": {
                            "api_key_required": "false",
                            "authorization": "NONE",
                            "authorization_scopes.#": "0",
                            "authorizer_id": "",
                            "http_method": "ANY",
                            "id": "agm-ob3f1jj0og-srdn0y-ANY",
                            "request_models.%": "0",
                            "request_parameters.%": "0",
                            "request_validator_id": "",
                            "resource_id": "srdn0y",
                            "rest_api_id": "ob3f1jj0og"
                        },
                        "meta": {},
                        "tainted": false
                    },
                    "deposed": [],
                    "provider": "module.services.provider.aws"
                },
                "aws_api_gateway_method.workflow_service_api_method": {
                    "type": "aws_api_gateway_method",
                    "depends_on": [
                        "aws_api_gateway_resource.workflow_service_api_resource",
                        "aws_api_gateway_rest_api.workflow_service_api"
                    ],
                    "primary": {
                        "id": "agm-mii37s2qoc-bqb7ml-ANY",
                        "attributes": {
                            "api_key_required": "false",
                            "authorization": "NONE",
                            "authorization_scopes.#": "0",
                            "authorizer_id": "",
                            "http_method": "ANY",
                            "id": "agm-mii37s2qoc-bqb7ml-ANY",
                            "request_models.%": "0",
                            "request_parameters.%": "0",
                            "request_validator_id": "",
                            "resource_id": "bqb7ml",
                            "rest_api_id": "mii37s2qoc"
                        },
                        "meta": {},
                        "tainted": false
                    },
                    "deposed": [],
                    "provider": "module.services.provider.aws"
                },
                "aws_api_gateway_resource.ame_service_api_resource": {
                    "type": "aws_api_gateway_resource",
                    "depends_on": [
                        "aws_api_gateway_rest_api.ame_service_api"
                    ],
                    "primary": {
                        "id": "vfjz8r",
                        "attributes": {
                            "id": "vfjz8r",
                            "parent_id": "y6twy39z0h",
                            "path": "/{proxy+}",
                            "path_part": "{proxy+}",
                            "rest_api_id": "hiojg0cdch"
                        },
                        "meta": {},
                        "tainted": false
                    },
                    "deposed": [],
                    "provider": "module.services.provider.aws"
                },
                "aws_api_gateway_resource.aws_ai_service_api_resource": {
                    "type": "aws_api_gateway_resource",
                    "depends_on": [
                        "aws_api_gateway_rest_api.aws_ai_service_api"
                    ],
                    "primary": {
                        "id": "j3ka07",
                        "attributes": {
                            "id": "j3ka07",
                            "parent_id": "lrok1qvdpd",
                            "path": "/{proxy+}",
                            "path_part": "{proxy+}",
                            "rest_api_id": "ekbh6o1pub"
                        },
                        "meta": {},
                        "tainted": false
                    },
                    "deposed": [],
                    "provider": "module.services.provider.aws"
                },
                "aws_api_gateway_resource.azure_ai_service_api_resource": {
                    "type": "aws_api_gateway_resource",
                    "depends_on": [
                        "aws_api_gateway_rest_api.azure_ai_service_api"
                    ],
                    "primary": {
                        "id": "eajyz9",
                        "attributes": {
                            "id": "eajyz9",
                            "parent_id": "q6dpa3s62m",
                            "path": "/{proxy+}",
                            "path_part": "{proxy+}",
                            "rest_api_id": "x3upxl16b2"
                        },
                        "meta": {},
                        "tainted": false
                    },
                    "deposed": [],
                    "provider": "module.services.provider.aws"
                },
                "aws_api_gateway_resource.job_processor_service_api_resource": {
                    "type": "aws_api_gateway_resource",
                    "depends_on": [
                        "aws_api_gateway_rest_api.job_processor_service_api"
                    ],
                    "primary": {
                        "id": "i90wd3",
                        "attributes": {
                            "id": "i90wd3",
                            "parent_id": "p3e2l4ukei",
                            "path": "/{proxy+}",
                            "path_part": "{proxy+}",
                            "rest_api_id": "q0ndvsdbo4"
                        },
                        "meta": {},
                        "tainted": false
                    },
                    "deposed": [],
                    "provider": "module.services.provider.aws"
                },
                "aws_api_gateway_resource.job_repository_api_resource": {
                    "type": "aws_api_gateway_resource",
                    "depends_on": [
                        "aws_api_gateway_rest_api.job_repository_api"
                    ],
                    "primary": {
                        "id": "ivhrx6",
                        "attributes": {
                            "id": "ivhrx6",
                            "parent_id": "1z84xd76gc",
                            "path": "/{proxy+}",
                            "path_part": "{proxy+}",
                            "rest_api_id": "dldy4i2dm6"
                        },
                        "meta": {},
                        "tainted": false
                    },
                    "deposed": [],
                    "provider": "module.services.provider.aws"
                },
                "aws_api_gateway_resource.media_repository_api_resource": {
                    "type": "aws_api_gateway_resource",
                    "depends_on": [
                        "aws_api_gateway_rest_api.media_repository_api"
                    ],
                    "primary": {
                        "id": "zchcm7",
                        "attributes": {
                            "id": "zchcm7",
                            "parent_id": "g3eujinoki",
                            "path": "/{proxy+}",
                            "path_part": "{proxy+}",
                            "rest_api_id": "rcg9yk1z3h"
                        },
                        "meta": {},
                        "tainted": false
                    },
                    "deposed": [],
                    "provider": "module.services.provider.aws"
                },
                "aws_api_gateway_resource.service_registry_api_resource": {
                    "type": "aws_api_gateway_resource",
                    "depends_on": [
                        "aws_api_gateway_rest_api.service_registry_api"
                    ],
                    "primary": {
                        "id": "uv7c94",
                        "attributes": {
                            "id": "uv7c94",
                            "parent_id": "ab3mhqyfg9",
                            "path": "/{proxy+}",
                            "path_part": "{proxy+}",
                            "rest_api_id": "w7eijekmuf"
                        },
                        "meta": {},
                        "tainted": false
                    },
                    "deposed": [],
                    "provider": "module.services.provider.aws"
                },
                "aws_api_gateway_resource.transform_service_api_resource": {
                    "type": "aws_api_gateway_resource",
                    "depends_on": [
                        "aws_api_gateway_rest_api.transform_service_api"
                    ],
                    "primary": {
                        "id": "srdn0y",
                        "attributes": {
                            "id": "srdn0y",
                            "parent_id": "ul2u9p6s7l",
                            "path": "/{proxy+}",
                            "path_part": "{proxy+}",
                            "rest_api_id": "ob3f1jj0og"
                        },
                        "meta": {},
                        "tainted": false
                    },
                    "deposed": [],
                    "provider": "module.services.provider.aws"
                },
                "aws_api_gateway_resource.workflow_service_api_resource": {
                    "type": "aws_api_gateway_resource",
                    "depends_on": [
                        "aws_api_gateway_rest_api.workflow_service_api"
                    ],
                    "primary": {
                        "id": "bqb7ml",
                        "attributes": {
                            "id": "bqb7ml",
                            "parent_id": "zq4nwm7id7",
                            "path": "/{proxy+}",
                            "path_part": "{proxy+}",
                            "rest_api_id": "mii37s2qoc"
                        },
                        "meta": {},
                        "tainted": false
                    },
                    "deposed": [],
                    "provider": "module.services.provider.aws"
                },
                "aws_api_gateway_rest_api.ame_service_api": {
                    "type": "aws_api_gateway_rest_api",
                    "depends_on": [],
                    "primary": {
                        "id": "hiojg0cdch",
                        "attributes": {
                            "api_key_source": "HEADER",
                            "binary_media_types.#": "0",
                            "created_date": "2018-11-28T00:17:20Z",
                            "description": "Ame Service Rest Api",
                            "endpoint_configuration.#": "1",
                            "endpoint_configuration.0.types.#": "1",
                            "endpoint_configuration.0.types.0": "EDGE",
                            "execution_arn": "arn:aws:execute-api:us-east-2:213450902387:hiojg0cdch",
                            "id": "hiojg0cdch",
                            "minimum_compression_size": "-1",
                            "name": "triskel-mcma-dev-ame-service",
                            "policy": "",
                            "root_resource_id": "y6twy39z0h"
                        },
                        "meta": {},
                        "tainted": false
                    },
                    "deposed": [],
                    "provider": "module.services.provider.aws"
                },
                "aws_api_gateway_rest_api.aws_ai_service_api": {
                    "type": "aws_api_gateway_rest_api",
                    "depends_on": [],
                    "primary": {
                        "id": "ekbh6o1pub",
                        "attributes": {
                            "api_key_source": "HEADER",
                            "binary_media_types.#": "0",
                            "created_date": "2018-11-28T00:20:26Z",
                            "description": "AWS AI Service Rest Api",
                            "endpoint_configuration.#": "1",
                            "endpoint_configuration.0.types.#": "1",
                            "endpoint_configuration.0.types.0": "EDGE",
                            "execution_arn": "arn:aws:execute-api:us-east-2:213450902387:ekbh6o1pub",
                            "id": "ekbh6o1pub",
                            "minimum_compression_size": "-1",
                            "name": "triskel-mcma-dev-aws-ai-service",
                            "policy": "",
                            "root_resource_id": "lrok1qvdpd"
                        },
                        "meta": {},
                        "tainted": false
                    },
                    "deposed": [],
                    "provider": "module.services.provider.aws"
                },
                "aws_api_gateway_rest_api.azure_ai_service_api": {
                    "type": "aws_api_gateway_rest_api",
                    "depends_on": [],
                    "primary": {
                        "id": "x3upxl16b2",
                        "attributes": {
                            "api_key_source": "HEADER",
                            "binary_media_types.#": "0",
                            "created_date": "2018-11-28T00:17:29Z",
                            "description": "Azure AI Service Rest Api",
                            "endpoint_configuration.#": "1",
                            "endpoint_configuration.0.types.#": "1",
                            "endpoint_configuration.0.types.0": "EDGE",
                            "execution_arn": "arn:aws:execute-api:us-east-2:213450902387:x3upxl16b2",
                            "id": "x3upxl16b2",
                            "minimum_compression_size": "-1",
                            "name": "triskel-mcma-dev-azure-ai-service",
                            "policy": "",
                            "root_resource_id": "q6dpa3s62m"
                        },
                        "meta": {},
                        "tainted": false
                    },
                    "deposed": [],
                    "provider": "module.services.provider.aws"
                },
                "aws_api_gateway_rest_api.job_processor_service_api": {
                    "type": "aws_api_gateway_rest_api",
                    "depends_on": [],
                    "primary": {
                        "id": "q0ndvsdbo4",
                        "attributes": {
                            "api_key_source": "HEADER",
                            "binary_media_types.#": "0",
                            "created_date": "2018-11-28T00:17:37Z",
                            "description": "Job Processor Service Rest Api",
                            "endpoint_configuration.#": "1",
                            "endpoint_configuration.0.types.#": "1",
                            "endpoint_configuration.0.types.0": "EDGE",
                            "execution_arn": "arn:aws:execute-api:us-east-2:213450902387:q0ndvsdbo4",
                            "id": "q0ndvsdbo4",
                            "minimum_compression_size": "-1",
                            "name": "triskel-mcma-dev-job-processor-service",
                            "policy": "",
                            "root_resource_id": "p3e2l4ukei"
                        },
                        "meta": {},
                        "tainted": false
                    },
                    "deposed": [],
                    "provider": "module.services.provider.aws"
                },
                "aws_api_gateway_rest_api.job_repository_api": {
                    "type": "aws_api_gateway_rest_api",
                    "depends_on": [],
                    "primary": {
                        "id": "dldy4i2dm6",
                        "attributes": {
                            "api_key_source": "HEADER",
                            "binary_media_types.#": "0",
                            "created_date": "2018-11-28T00:17:00Z",
                            "description": "Job Repository Rest Api",
                            "endpoint_configuration.#": "1",
                            "endpoint_configuration.0.types.#": "1",
                            "endpoint_configuration.0.types.0": "EDGE",
                            "execution_arn": "arn:aws:execute-api:us-east-2:213450902387:dldy4i2dm6",
                            "id": "dldy4i2dm6",
                            "minimum_compression_size": "-1",
                            "name": "triskel-mcma-dev-job-repository",
                            "policy": "",
                            "root_resource_id": "1z84xd76gc"
                        },
                        "meta": {},
                        "tainted": false
                    },
                    "deposed": [],
                    "provider": "module.services.provider.aws"
                },
                "aws_api_gateway_rest_api.media_repository_api": {
                    "type": "aws_api_gateway_rest_api",
                    "depends_on": [],
                    "primary": {
                        "id": "rcg9yk1z3h",
                        "attributes": {
                            "api_key_source": "HEADER",
                            "binary_media_types.#": "0",
                            "created_date": "2018-11-28T00:17:26Z",
                            "description": "Media Repository Rest Api",
                            "endpoint_configuration.#": "1",
                            "endpoint_configuration.0.types.#": "1",
                            "endpoint_configuration.0.types.0": "EDGE",
                            "execution_arn": "arn:aws:execute-api:us-east-2:213450902387:rcg9yk1z3h",
                            "id": "rcg9yk1z3h",
                            "minimum_compression_size": "-1",
                            "name": "triskel-mcma-dev-media-repository",
                            "policy": "",
                            "root_resource_id": "g3eujinoki"
                        },
                        "meta": {},
                        "tainted": false
                    },
                    "deposed": [],
                    "provider": "module.services.provider.aws"
                },
                "aws_api_gateway_rest_api.service_registry_api": {
                    "type": "aws_api_gateway_rest_api",
                    "depends_on": [],
                    "primary": {
                        "id": "w7eijekmuf",
                        "attributes": {
                            "api_key_source": "HEADER",
                            "binary_media_types.#": "0",
                            "created_date": "2018-11-28T00:20:33Z",
                            "description": "Service Registry Rest Api",
                            "endpoint_configuration.#": "1",
                            "endpoint_configuration.0.types.#": "1",
                            "endpoint_configuration.0.types.0": "EDGE",
                            "execution_arn": "arn:aws:execute-api:us-east-2:213450902387:w7eijekmuf",
                            "id": "w7eijekmuf",
                            "minimum_compression_size": "-1",
                            "name": "triskel-mcma-dev-service-registry",
                            "policy": "",
                            "root_resource_id": "ab3mhqyfg9"
                        },
                        "meta": {},
                        "tainted": false
                    },
                    "deposed": [],
                    "provider": "module.services.provider.aws"
                },
                "aws_api_gateway_rest_api.transform_service_api": {
                    "type": "aws_api_gateway_rest_api",
                    "depends_on": [],
                    "primary": {
                        "id": "ob3f1jj0og",
                        "attributes": {
                            "api_key_source": "HEADER",
                            "binary_media_types.#": "0",
                            "created_date": "2018-11-28T00:17:26Z",
                            "description": "Transform Service Rest Api",
                            "endpoint_configuration.#": "1",
                            "endpoint_configuration.0.types.#": "1",
                            "endpoint_configuration.0.types.0": "EDGE",
                            "execution_arn": "arn:aws:execute-api:us-east-2:213450902387:ob3f1jj0og",
                            "id": "ob3f1jj0og",
                            "minimum_compression_size": "-1",
                            "name": "triskel-mcma-dev-transform-service",
                            "policy": "",
                            "root_resource_id": "ul2u9p6s7l"
                        },
                        "meta": {},
                        "tainted": false
                    },
                    "deposed": [],
                    "provider": "module.services.provider.aws"
                },
                "aws_api_gateway_rest_api.workflow_service_api": {
                    "type": "aws_api_gateway_rest_api",
                    "depends_on": [],
                    "primary": {
                        "id": "mii37s2qoc",
                        "attributes": {
                            "api_key_source": "HEADER",
                            "binary_media_types.#": "0",
                            "created_date": "2018-11-28T00:17:21Z",
                            "description": "Workflow Service Rest Api",
                            "endpoint_configuration.#": "1",
                            "endpoint_configuration.0.types.#": "1",
                            "endpoint_configuration.0.types.0": "EDGE",
                            "execution_arn": "arn:aws:execute-api:us-east-2:213450902387:mii37s2qoc",
                            "id": "mii37s2qoc",
                            "minimum_compression_size": "-1",
                            "name": "triskel-mcma-dev-workflow-service",
                            "policy": "",
                            "root_resource_id": "zq4nwm7id7"
                        },
                        "meta": {},
                        "tainted": false
                    },
                    "deposed": [],
                    "provider": "module.services.provider.aws"
                },
                "aws_dynamodb_table.ame_service_table": {
                    "type": "aws_dynamodb_table",
                    "depends_on": [],
                    "primary": {
                        "id": "triskel-mcma-dev-ame-service",
                        "attributes": {
                            "arn": "arn:aws:dynamodb:us-east-2:213450902387:table/triskel-mcma-dev-ame-service",
                            "attribute.#": "2",
                            "attribute.3696252194.name": "resource_id",
                            "attribute.3696252194.type": "S",
                            "attribute.4267216881.name": "resource_type",
                            "attribute.4267216881.type": "S",
                            "global_secondary_index.#": "0",
                            "hash_key": "resource_type",
                            "id": "triskel-mcma-dev-ame-service",
                            "local_secondary_index.#": "0",
                            "name": "triskel-mcma-dev-ame-service",
                            "point_in_time_recovery.#": "1",
                            "point_in_time_recovery.0.enabled": "false",
                            "range_key": "resource_id",
                            "read_capacity": "1",
                            "server_side_encryption.#": "0",
                            "stream_arn": "arn:aws:dynamodb:us-east-2:213450902387:table/triskel-mcma-dev-ame-service/stream/2018-11-28T00:17:01.639",
                            "stream_enabled": "true",
                            "stream_label": "2018-11-28T00:17:01.639",
                            "stream_view_type": "NEW_IMAGE",
                            "tags.%": "0",
                            "ttl.#": "0",
                            "write_capacity": "1"
                        },
                        "meta": {
                            "e2bfb730-ecaa-11e6-8f88-34363bc7c4c0": {
                                "create": 600000000000,
                                "delete": 600000000000,
                                "update": 600000000000
                            },
                            "schema_version": "1"
                        },
                        "tainted": false
                    },
                    "deposed": [],
                    "provider": "module.services.provider.aws"
                },
                "aws_dynamodb_table.aws_ai_service_table": {
                    "type": "aws_dynamodb_table",
                    "depends_on": [],
                    "primary": {
                        "id": "triskel-mcma-dev-aws-ai-service",
                        "attributes": {
                            "arn": "arn:aws:dynamodb:us-east-2:213450902387:table/triskel-mcma-dev-aws-ai-service",
                            "attribute.#": "2",
                            "attribute.3696252194.name": "resource_id",
                            "attribute.3696252194.type": "S",
                            "attribute.4267216881.name": "resource_type",
                            "attribute.4267216881.type": "S",
                            "global_secondary_index.#": "0",
                            "hash_key": "resource_type",
                            "id": "triskel-mcma-dev-aws-ai-service",
                            "local_secondary_index.#": "0",
                            "name": "triskel-mcma-dev-aws-ai-service",
                            "point_in_time_recovery.#": "1",
                            "point_in_time_recovery.0.enabled": "false",
                            "range_key": "resource_id",
                            "read_capacity": "1",
                            "server_side_encryption.#": "0",
                            "stream_arn": "arn:aws:dynamodb:us-east-2:213450902387:table/triskel-mcma-dev-aws-ai-service/stream/2018-11-28T00:17:41.070",
                            "stream_enabled": "true",
                            "stream_label": "2018-11-28T00:17:41.070",
                            "stream_view_type": "NEW_IMAGE",
                            "tags.%": "0",
                            "ttl.#": "0",
                            "write_capacity": "1"
                        },
                        "meta": {
                            "e2bfb730-ecaa-11e6-8f88-34363bc7c4c0": {
                                "create": 600000000000,
                                "delete": 600000000000,
                                "update": 600000000000
                            },
                            "schema_version": "1"
                        },
                        "tainted": false
                    },
                    "deposed": [],
                    "provider": "module.services.provider.aws"
                },
                "aws_dynamodb_table.azure_ai_service_table": {
                    "type": "aws_dynamodb_table",
                    "depends_on": [],
                    "primary": {
                        "id": "triskel-mcma-dev-azure-ai-service",
                        "attributes": {
                            "arn": "arn:aws:dynamodb:us-east-2:213450902387:table/triskel-mcma-dev-azure-ai-service",
                            "attribute.#": "2",
                            "attribute.3696252194.name": "resource_id",
                            "attribute.3696252194.type": "S",
                            "attribute.4267216881.name": "resource_type",
                            "attribute.4267216881.type": "S",
                            "global_secondary_index.#": "0",
                            "hash_key": "resource_type",
                            "id": "triskel-mcma-dev-azure-ai-service",
                            "local_secondary_index.#": "0",
                            "name": "triskel-mcma-dev-azure-ai-service",
                            "point_in_time_recovery.#": "1",
                            "point_in_time_recovery.0.enabled": "false",
                            "range_key": "resource_id",
                            "read_capacity": "1",
                            "server_side_encryption.#": "0",
                            "stream_arn": "arn:aws:dynamodb:us-east-2:213450902387:table/triskel-mcma-dev-azure-ai-service/stream/2018-11-28T00:17:40.057",
                            "stream_enabled": "true",
                            "stream_label": "2018-11-28T00:17:40.057",
                            "stream_view_type": "NEW_IMAGE",
                            "tags.%": "0",
                            "ttl.#": "0",
                            "write_capacity": "1"
                        },
                        "meta": {
                            "e2bfb730-ecaa-11e6-8f88-34363bc7c4c0": {
                                "create": 600000000000,
                                "delete": 600000000000,
                                "update": 600000000000
                            },
                            "schema_version": "1"
                        },
                        "tainted": false
                    },
                    "deposed": [],
                    "provider": "module.services.provider.aws"
                },
                "aws_dynamodb_table.job_processor_service_table": {
                    "type": "aws_dynamodb_table",
                    "depends_on": [],
                    "primary": {
                        "id": "triskel-mcma-dev-job-processor-service",
                        "attributes": {
                            "arn": "arn:aws:dynamodb:us-east-2:213450902387:table/triskel-mcma-dev-job-processor-service",
                            "attribute.#": "2",
                            "attribute.3696252194.name": "resource_id",
                            "attribute.3696252194.type": "S",
                            "attribute.4267216881.name": "resource_type",
                            "attribute.4267216881.type": "S",
                            "global_secondary_index.#": "0",
                            "hash_key": "resource_type",
                            "id": "triskel-mcma-dev-job-processor-service",
                            "local_secondary_index.#": "0",
                            "name": "triskel-mcma-dev-job-processor-service",
                            "point_in_time_recovery.#": "1",
                            "point_in_time_recovery.0.enabled": "false",
                            "range_key": "resource_id",
                            "read_capacity": "1",
                            "server_side_encryption.#": "0",
                            "stream_arn": "arn:aws:dynamodb:us-east-2:213450902387:table/triskel-mcma-dev-job-processor-service/stream/2018-11-28T00:17:25.876",
                            "stream_enabled": "true",
                            "stream_label": "2018-11-28T00:17:25.876",
                            "stream_view_type": "NEW_IMAGE",
                            "tags.%": "0",
                            "ttl.#": "0",
                            "write_capacity": "1"
                        },
                        "meta": {
                            "e2bfb730-ecaa-11e6-8f88-34363bc7c4c0": {
                                "create": 600000000000,
                                "delete": 600000000000,
                                "update": 600000000000
                            },
                            "schema_version": "1"
                        },
                        "tainted": false
                    },
                    "deposed": [],
                    "provider": "module.services.provider.aws"
                },
                "aws_dynamodb_table.job_repository_table": {
                    "type": "aws_dynamodb_table",
                    "depends_on": [],
                    "primary": {
                        "id": "triskel-mcma-dev-job-repository",
                        "attributes": {
                            "arn": "arn:aws:dynamodb:us-east-2:213450902387:table/triskel-mcma-dev-job-repository",
                            "attribute.#": "2",
                            "attribute.3696252194.name": "resource_id",
                            "attribute.3696252194.type": "S",
                            "attribute.4267216881.name": "resource_type",
                            "attribute.4267216881.type": "S",
                            "global_secondary_index.#": "0",
                            "hash_key": "resource_type",
                            "id": "triskel-mcma-dev-job-repository",
                            "local_secondary_index.#": "0",
                            "name": "triskel-mcma-dev-job-repository",
                            "point_in_time_recovery.#": "1",
                            "point_in_time_recovery.0.enabled": "false",
                            "range_key": "resource_id",
                            "read_capacity": "1",
                            "server_side_encryption.#": "0",
                            "stream_arn": "arn:aws:dynamodb:us-east-2:213450902387:table/triskel-mcma-dev-job-repository/stream/2018-11-28T00:17:02.391",
                            "stream_enabled": "true",
                            "stream_label": "2018-11-28T00:17:02.391",
                            "stream_view_type": "NEW_IMAGE",
                            "tags.%": "0",
                            "ttl.#": "0",
                            "write_capacity": "1"
                        },
                        "meta": {
                            "e2bfb730-ecaa-11e6-8f88-34363bc7c4c0": {
                                "create": 600000000000,
                                "delete": 600000000000,
                                "update": 600000000000
                            },
                            "schema_version": "1"
                        },
                        "tainted": false
                    },
                    "deposed": [],
                    "provider": "module.services.provider.aws"
                },
                "aws_dynamodb_table.media_repository_table": {
                    "type": "aws_dynamodb_table",
                    "depends_on": [],
                    "primary": {
                        "id": "triskel-mcma-dev-media-repository",
                        "attributes": {
                            "arn": "arn:aws:dynamodb:us-east-2:213450902387:table/triskel-mcma-dev-media-repository",
                            "attribute.#": "2",
                            "attribute.3696252194.name": "resource_id",
                            "attribute.3696252194.type": "S",
                            "attribute.4267216881.name": "resource_type",
                            "attribute.4267216881.type": "S",
                            "global_secondary_index.#": "0",
                            "hash_key": "resource_type",
                            "id": "triskel-mcma-dev-media-repository",
                            "local_secondary_index.#": "0",
                            "name": "triskel-mcma-dev-media-repository",
                            "point_in_time_recovery.#": "1",
                            "point_in_time_recovery.0.enabled": "false",
                            "range_key": "resource_id",
                            "read_capacity": "1",
                            "server_side_encryption.#": "0",
                            "stream_arn": "arn:aws:dynamodb:us-east-2:213450902387:table/triskel-mcma-dev-media-repository/stream/2018-11-28T00:17:34.015",
                            "stream_enabled": "true",
                            "stream_label": "2018-11-28T00:17:34.015",
                            "stream_view_type": "NEW_IMAGE",
                            "tags.%": "0",
                            "ttl.#": "0",
                            "write_capacity": "1"
                        },
                        "meta": {
                            "e2bfb730-ecaa-11e6-8f88-34363bc7c4c0": {
                                "create": 600000000000,
                                "delete": 600000000000,
                                "update": 600000000000
                            },
                            "schema_version": "1"
                        },
                        "tainted": false
                    },
                    "deposed": [],
                    "provider": "module.services.provider.aws"
                },
                "aws_dynamodb_table.service_registry_table": {
                    "type": "aws_dynamodb_table",
                    "depends_on": [],
                    "primary": {
                        "id": "triskel-mcma-dev-service-registry",
                        "attributes": {
                            "arn": "arn:aws:dynamodb:us-east-2:213450902387:table/triskel-mcma-dev-service-registry",
                            "attribute.#": "2",
                            "attribute.3696252194.name": "resource_id",
                            "attribute.3696252194.type": "S",
                            "attribute.4267216881.name": "resource_type",
                            "attribute.4267216881.type": "S",
                            "global_secondary_index.#": "0",
                            "hash_key": "resource_type",
                            "id": "triskel-mcma-dev-service-registry",
                            "local_secondary_index.#": "0",
                            "name": "triskel-mcma-dev-service-registry",
                            "point_in_time_recovery.#": "1",
                            "point_in_time_recovery.0.enabled": "false",
                            "range_key": "resource_id",
                            "read_capacity": "1",
                            "server_side_encryption.#": "0",
                            "stream_arn": "arn:aws:dynamodb:us-east-2:213450902387:table/triskel-mcma-dev-service-registry/stream/2018-11-28T00:17:22.128",
                            "stream_enabled": "true",
                            "stream_label": "2018-11-28T00:17:22.128",
                            "stream_view_type": "NEW_IMAGE",
                            "tags.%": "0",
                            "ttl.#": "0",
                            "write_capacity": "1"
                        },
                        "meta": {
                            "e2bfb730-ecaa-11e6-8f88-34363bc7c4c0": {
                                "create": 600000000000,
                                "delete": 600000000000,
                                "update": 600000000000
                            },
                            "schema_version": "1"
                        },
                        "tainted": false
                    },
                    "deposed": [],
                    "provider": "module.services.provider.aws"
                },
                "aws_dynamodb_table.transform_service_table": {
                    "type": "aws_dynamodb_table",
                    "depends_on": [],
                    "primary": {
                        "id": "triskel-mcma-dev-transform-service",
                        "attributes": {
                            "arn": "arn:aws:dynamodb:us-east-2:213450902387:table/triskel-mcma-dev-transform-service",
                            "attribute.#": "2",
                            "attribute.3696252194.name": "resource_id",
                            "attribute.3696252194.type": "S",
                            "attribute.4267216881.name": "resource_type",
                            "attribute.4267216881.type": "S",
                            "global_secondary_index.#": "0",
                            "hash_key": "resource_type",
                            "id": "triskel-mcma-dev-transform-service",
                            "local_secondary_index.#": "0",
                            "name": "triskel-mcma-dev-transform-service",
                            "point_in_time_recovery.#": "1",
                            "point_in_time_recovery.0.enabled": "false",
                            "range_key": "resource_id",
                            "read_capacity": "1",
                            "server_side_encryption.#": "0",
                            "stream_arn": "arn:aws:dynamodb:us-east-2:213450902387:table/triskel-mcma-dev-transform-service/stream/2018-11-28T00:17:25.601",
                            "stream_enabled": "true",
                            "stream_label": "2018-11-28T00:17:25.601",
                            "stream_view_type": "NEW_IMAGE",
                            "tags.%": "0",
                            "ttl.#": "0",
                            "write_capacity": "1"
                        },
                        "meta": {
                            "e2bfb730-ecaa-11e6-8f88-34363bc7c4c0": {
                                "create": 600000000000,
                                "delete": 600000000000,
                                "update": 600000000000
                            },
                            "schema_version": "1"
                        },
                        "tainted": false
                    },
                    "deposed": [],
                    "provider": "module.services.provider.aws"
                },
                "aws_dynamodb_table.workflow_service_table": {
                    "type": "aws_dynamodb_table",
                    "depends_on": [],
                    "primary": {
                        "id": "triskel-mcma-dev-workflow-service",
                        "attributes": {
                            "arn": "arn:aws:dynamodb:us-east-2:213450902387:table/triskel-mcma-dev-workflow-service",
                            "attribute.#": "2",
                            "attribute.3696252194.name": "resource_id",
                            "attribute.3696252194.type": "S",
                            "attribute.4267216881.name": "resource_type",
                            "attribute.4267216881.type": "S",
                            "global_secondary_index.#": "0",
                            "hash_key": "resource_type",
                            "id": "triskel-mcma-dev-workflow-service",
                            "local_secondary_index.#": "0",
                            "name": "triskel-mcma-dev-workflow-service",
                            "point_in_time_recovery.#": "1",
                            "point_in_time_recovery.0.enabled": "false",
                            "range_key": "resource_id",
                            "read_capacity": "1",
                            "server_side_encryption.#": "0",
                            "stream_arn": "arn:aws:dynamodb:us-east-2:213450902387:table/triskel-mcma-dev-workflow-service/stream/2018-11-28T00:17:21.951",
                            "stream_enabled": "true",
                            "stream_label": "2018-11-28T00:17:21.951",
                            "stream_view_type": "NEW_IMAGE",
                            "tags.%": "0",
                            "ttl.#": "0",
                            "write_capacity": "1"
                        },
                        "meta": {
                            "e2bfb730-ecaa-11e6-8f88-34363bc7c4c0": {
                                "create": 600000000000,
                                "delete": 600000000000,
                                "update": 600000000000
                            },
                            "schema_version": "1"
                        },
                        "tainted": false
                    },
                    "deposed": [],
                    "provider": "module.services.provider.aws"
                },
                "aws_iam_policy.DynamoDB_policy": {
                    "type": "aws_iam_policy",
                    "depends_on": [],
                    "primary": {
                        "id": "arn:aws:iam::213450902387:policy/triskel-mcma-dev.us-east-2.services.policy_dynamodb",
                        "attributes": {
                            "arn": "arn:aws:iam::213450902387:policy/triskel-mcma-dev.us-east-2.services.policy_dynamodb",
                            "description": "Policy to Access DynamoDB",
                            "id": "arn:aws:iam::213450902387:policy/triskel-mcma-dev.us-east-2.services.policy_dynamodb",
                            "name": "triskel-mcma-dev.us-east-2.services.policy_dynamodb",
                            "path": "/",
                            "policy": "{\r\n    \"Version\": \"2012-10-17\",\r\n    \"Statement\": [\r\n        {\r\n            \"Effect\": \"Allow\",\r\n            \"Action\": \"dynamodb:*\",\r\n            \"Resource\": \"*\"\r\n        }\r\n    ]\r\n}"
                        },
                        "meta": {},
                        "tainted": false
                    },
                    "deposed": [],
                    "provider": "module.services.provider.aws"
                },
                "aws_iam_policy.S3_policy": {
                    "type": "aws_iam_policy",
                    "depends_on": [],
                    "primary": {
                        "id": "arn:aws:iam::213450902387:policy/triskel-mcma-dev.us-east-2.services.policy_s3",
                        "attributes": {
                            "arn": "arn:aws:iam::213450902387:policy/triskel-mcma-dev.us-east-2.services.policy_s3",
                            "description": "Policy to access S3 bucket objects",
                            "id": "arn:aws:iam::213450902387:policy/triskel-mcma-dev.us-east-2.services.policy_s3",
                            "name": "triskel-mcma-dev.us-east-2.services.policy_s3",
                            "path": "/",
                            "policy": "{\r\n    \"Version\": \"2012-10-17\",\r\n    \"Statement\": [\r\n        {\r\n            \"Effect\": \"Allow\",\r\n            \"Action\": \"S3:*\",\r\n            \"Resource\": \"*\"\r\n        }\r\n    ]\r\n}"
                        },
                        "meta": {},
                        "tainted": false
                    },
                    "deposed": [],
                    "provider": "module.services.provider.aws"
                },
                "aws_iam_policy.aws_iam_policy_Reko_to_SNS": {
                    "type": "aws_iam_policy",
                    "depends_on": [],
                    "primary": {
                        "id": "arn:aws:iam::213450902387:policy/triskel-mcma-dev.us-east-2.reko_to_sns_policy",
                        "attributes": {
                            "arn": "arn:aws:iam::213450902387:policy/triskel-mcma-dev.us-east-2.reko_to_sns_policy",
                            "description": "Policy for Reko to access SNS",
                            "id": "arn:aws:iam::213450902387:policy/triskel-mcma-dev.us-east-2.reko_to_sns_policy",
                            "name": "triskel-mcma-dev.us-east-2.reko_to_sns_policy",
                            "path": "/",
                            "policy": "{\n    \"Version\": \"2012-10-17\",\n    \"Statement\": [\n        {\n            \"Effect\": \"Allow\",\n            \"Action\": [\n                \"sns:Publish\"\n            ],\n            \"Resource\": \"arn:aws:sns:*:*:AmazonRekognition*\"\n        },\n        {\n            \"Effect\": \"Allow\",\n            \"Action\": [\n                \"kinesis:PutRecord\",\n                \"kinesis:PutRecords\"\n            ],\n            \"Resource\": \"arn:aws:kinesis:*:*:stream/AmazonRekognition*\"\n        },\n        {\n            \"Effect\": \"Allow\",\n            \"Action\": [\n                \"kinesisvideo:GetDataEndpoint\",\n                \"kinesisvideo:GetMedia\"\n            ],\n            \"Resource\": \"*\"\n        }\n    ]\n}\n"
                        },
                        "meta": {},
                        "tainted": false
                    },
                    "deposed": [],
                    "provider": "module.services.provider.aws"
                },
                "aws_iam_policy.log_policy": {
                    "type": "aws_iam_policy",
                    "depends_on": [],
                    "primary": {
                        "id": "arn:aws:iam::213450902387:policy/triskel-mcma-dev.us-east-2.services.policy_log",
                        "attributes": {
                            "arn": "arn:aws:iam::213450902387:policy/triskel-mcma-dev.us-east-2.services.policy_log",
                            "description": "Policy to write to log",
                            "id": "arn:aws:iam::213450902387:policy/triskel-mcma-dev.us-east-2.services.policy_log",
                            "name": "triskel-mcma-dev.us-east-2.services.policy_log",
                            "path": "/",
                            "policy": "{\r\n    \"Version\": \"2012-10-17\",\r\n    \"Statement\": [\r\n        {\r\n            \"Action\": [\r\n                \"logs:*\"\r\n            ],\r\n            \"Effect\": \"Allow\",\r\n            \"Resource\": \"*\"\r\n        }\r\n    ]\r\n}"
                        },
                        "meta": {},
                        "tainted": false
                    },
                    "deposed": [],
                    "provider": "module.services.provider.aws"
                },
                "aws_iam_policy.rekognition_policy": {
                    "type": "aws_iam_policy",
                    "depends_on": [],
                    "primary": {
                        "id": "arn:aws:iam::213450902387:policy/triskel-mcma-dev.us-east-2.reko_policy",
                        "attributes": {
                            "arn": "arn:aws:iam::213450902387:policy/triskel-mcma-dev.us-east-2.reko_policy",
                            "description": "Policy to Access rekognition",
                            "id": "arn:aws:iam::213450902387:policy/triskel-mcma-dev.us-east-2.reko_policy",
                            "name": "triskel-mcma-dev.us-east-2.reko_policy",
                            "path": "/",
                            "policy": "{\n  \"Version\": \"2012-10-17\",\n  \"Statement\": [\n    {\n      \"Effect\": \"Allow\",\n      \"Action\": \"rekognition:*\",\n      \"Resource\": \"*\"\n    }\n  ]\n}\n"
                        },
                        "meta": {},
                        "tainted": false
                    },
                    "deposed": [],
                    "provider": "module.services.provider.aws"
                },
                "aws_iam_policy.steps_policy": {
                    "type": "aws_iam_policy",
                    "depends_on": [],
                    "primary": {
                        "id": "arn:aws:iam::213450902387:policy/triskel-mcma-dev.us-east-2.services.policy_steps",
                        "attributes": {
                            "arn": "arn:aws:iam::213450902387:policy/triskel-mcma-dev.us-east-2.services.policy_steps",
                            "description": "Policy to allow lambda functions manage step functions",
                            "id": "arn:aws:iam::213450902387:policy/triskel-mcma-dev.us-east-2.services.policy_steps",
                            "name": "triskel-mcma-dev.us-east-2.services.policy_steps",
                            "path": "/",
                            "policy": "{\r\n    \"Version\": \"2012-10-17\",\r\n    \"Statement\": [\r\n        {\r\n            \"Effect\": \"Allow\",\r\n            \"Action\": \"states:*\",\r\n            \"Resource\": \"*\"\r\n        }\r\n    ]\r\n}"
                        },
                        "meta": {},
                        "tainted": false
                    },
                    "deposed": [],
                    "provider": "module.services.provider.aws"
                },
                "aws_iam_role.aws_iam_role_sns_to_lambda": {
                    "type": "aws_iam_role",
                    "depends_on": [],
                    "primary": {
                        "id": "triskel-mcma-dev.us-east-2.services.sns_to_lambda_role",
                        "attributes": {
                            "arn": "arn:aws:iam::213450902387:role/triskel-mcma-dev.us-east-2.services.sns_to_lambda_role",
                            "assume_role_policy": "{\"Version\":\"2012-10-17\",\"Statement\":[{\"Sid\":\"\",\"Effect\":\"Allow\",\"Principal\":{\"Service\":\"lambda.amazonaws.com\"},\"Action\":\"sts:AssumeRole\"}]}",
                            "create_date": "2018-11-28T00:17:57Z",
                            "description": "",
                            "force_detach_policies": "false",
                            "id": "triskel-mcma-dev.us-east-2.services.sns_to_lambda_role",
                            "max_session_duration": "3600",
                            "name": "triskel-mcma-dev.us-east-2.services.sns_to_lambda_role",
                            "path": "/",
                            "unique_id": "AROAI3APHX6UUVEOXZDEU"
                        },
                        "meta": {},
                        "tainted": false
                    },
                    "deposed": [],
                    "provider": "module.services.provider.aws"
                },
                "aws_iam_role.iam_for_exec_lambda": {
                    "type": "aws_iam_role",
                    "depends_on": [],
                    "primary": {
                        "id": "triskel-mcma-dev.us-east-2.services.lambda_exec_role",
                        "attributes": {
                            "arn": "arn:aws:iam::213450902387:role/triskel-mcma-dev.us-east-2.services.lambda_exec_role",
                            "assume_role_policy": "{\"Version\":\"2012-10-17\",\"Statement\":[{\"Sid\":\"\",\"Effect\":\"Allow\",\"Principal\":{\"Service\":\"lambda.amazonaws.com\"},\"Action\":\"sts:AssumeRole\"}]}",
                            "create_date": "2018-11-28T00:17:00Z",
                            "description": "",
                            "force_detach_policies": "false",
                            "id": "triskel-mcma-dev.us-east-2.services.lambda_exec_role",
                            "max_session_duration": "3600",
                            "name": "triskel-mcma-dev.us-east-2.services.lambda_exec_role",
                            "path": "/",
                            "unique_id": "AROAJTHNMR7UOHS2FJGTO"
                        },
                        "meta": {},
                        "tainted": false
                    },
                    "deposed": [],
                    "provider": "module.services.provider.aws"
                },
                "aws_iam_role.iam_role_Reko_to_SNS": {
                    "type": "aws_iam_role",
                    "depends_on": [],
                    "primary": {
                        "id": "triskel-mcma-dev.us-east-2.services.reko_to_sns_role",
                        "attributes": {
                            "arn": "arn:aws:iam::213450902387:role/triskel-mcma-dev.us-east-2.services.reko_to_sns_role",
                            "assume_role_policy": "{\"Version\":\"2012-10-17\",\"Statement\":[{\"Effect\":\"Allow\",\"Principal\":{\"Service\":\"rekognition.amazonaws.com\"},\"Action\":\"sts:AssumeRole\",\"Condition\":{}}]}",
                            "create_date": "2018-11-28T00:17:58Z",
                            "description": "",
                            "force_detach_policies": "false",
                            "id": "triskel-mcma-dev.us-east-2.services.reko_to_sns_role",
                            "max_session_duration": "3600",
                            "name": "triskel-mcma-dev.us-east-2.services.reko_to_sns_role",
                            "path": "/",
                            "unique_id": "AROAIJKFEPDSBBBJU5UJK"
                        },
                        "meta": {},
                        "tainted": false
                    },
                    "deposed": [],
                    "provider": "module.services.provider.aws"
                },
                "aws_iam_role_policy_attachment.role-policy-DynamoDB": {
                    "type": "aws_iam_role_policy_attachment",
                    "depends_on": [
                        "aws_iam_policy.DynamoDB_policy",
                        "aws_iam_role.iam_for_exec_lambda"
                    ],
                    "primary": {
                        "id": "triskel-mcma-dev.us-east-2.services.lambda_exec_role-20181128001930603800000008",
                        "attributes": {
                            "id": "triskel-mcma-dev.us-east-2.services.lambda_exec_role-20181128001930603800000008",
                            "policy_arn": "arn:aws:iam::213450902387:policy/triskel-mcma-dev.us-east-2.services.policy_dynamodb",
                            "role": "triskel-mcma-dev.us-east-2.services.lambda_exec_role"
                        },
                        "meta": {},
                        "tainted": false
                    },
                    "deposed": [],
                    "provider": "module.services.provider.aws"
                },
                "aws_iam_role_policy_attachment.role-policy-DynamoDB-SNS-to-Lambda": {
                    "type": "aws_iam_role_policy_attachment",
                    "depends_on": [
                        "aws_iam_policy.DynamoDB_policy",
                        "aws_iam_role.aws_iam_role_sns_to_lambda"
                    ],
                    "primary": {
                        "id": "triskel-mcma-dev.us-east-2.services.sns_to_lambda_role-2018112800200137650000000f",
                        "attributes": {
                            "id": "triskel-mcma-dev.us-east-2.services.sns_to_lambda_role-2018112800200137650000000f",
                            "policy_arn": "arn:aws:iam::213450902387:policy/triskel-mcma-dev.us-east-2.services.policy_dynamodb",
                            "role": "triskel-mcma-dev.us-east-2.services.sns_to_lambda_role"
                        },
                        "meta": {},
                        "tainted": false
                    },
                    "deposed": [],
                    "provider": "module.services.provider.aws"
                },
                "aws_iam_role_policy_attachment.role-policy-S3": {
                    "type": "aws_iam_role_policy_attachment",
                    "depends_on": [
                        "aws_iam_policy.S3_policy",
                        "aws_iam_role.iam_for_exec_lambda"
                    ],
                    "primary": {
                        "id": "triskel-mcma-dev.us-east-2.services.lambda_exec_role-2018112800195141910000000a",
                        "attributes": {
                            "id": "triskel-mcma-dev.us-east-2.services.lambda_exec_role-2018112800195141910000000a",
                            "policy_arn": "arn:aws:iam::213450902387:policy/triskel-mcma-dev.us-east-2.services.policy_s3",
                            "role": "triskel-mcma-dev.us-east-2.services.lambda_exec_role"
                        },
                        "meta": {},
                        "tainted": false
                    },
                    "deposed": [],
                    "provider": "module.services.provider.aws"
                },
                "aws_iam_role_policy_attachment.role-policy-SNS-to-Lambda": {
                    "type": "aws_iam_role_policy_attachment",
                    "depends_on": [
                        "aws_iam_policy.aws_iam_policy_Reko_to_SNS",
                        "aws_iam_role.aws_iam_role_sns_to_lambda"
                    ],
                    "primary": {
                        "id": "triskel-mcma-dev.us-east-2.services.sns_to_lambda_role-2018112800195645470000000c",
                        "attributes": {
                            "id": "triskel-mcma-dev.us-east-2.services.sns_to_lambda_role-2018112800195645470000000c",
                            "policy_arn": "arn:aws:iam::213450902387:policy/triskel-mcma-dev.us-east-2.reko_to_sns_policy",
                            "role": "triskel-mcma-dev.us-east-2.services.sns_to_lambda_role"
                        },
                        "meta": {},
                        "tainted": false
                    },
                    "deposed": [],
                    "provider": "module.services.provider.aws"
                },
                "aws_iam_role_policy_attachment.role-policy-amazon-transcribe-full-access": {
                    "type": "aws_iam_role_policy_attachment",
                    "depends_on": [
                        "aws_iam_role.iam_for_exec_lambda"
                    ],
                    "primary": {
                        "id": "triskel-mcma-dev.us-east-2.services.lambda_exec_role-20181128001925521500000007",
                        "attributes": {
                            "id": "triskel-mcma-dev.us-east-2.services.lambda_exec_role-20181128001925521500000007",
                            "policy_arn": "arn:aws:iam::aws:policy/AmazonTranscribeFullAccess",
                            "role": "triskel-mcma-dev.us-east-2.services.lambda_exec_role"
                        },
                        "meta": {},
                        "tainted": false
                    },
                    "deposed": [],
                    "provider": "module.services.provider.aws"
                },
                "aws_iam_role_policy_attachment.role-policy-amazon-translate-read-only": {
                    "type": "aws_iam_role_policy_attachment",
                    "depends_on": [
                        "aws_iam_role.iam_for_exec_lambda"
                    ],
                    "primary": {
                        "id": "triskel-mcma-dev.us-east-2.services.lambda_exec_role-20181128001832887700000006",
                        "attributes": {
                            "id": "triskel-mcma-dev.us-east-2.services.lambda_exec_role-20181128001832887700000006",
                            "policy_arn": "arn:aws:iam::aws:policy/TranslateReadOnly",
                            "role": "triskel-mcma-dev.us-east-2.services.lambda_exec_role"
                        },
                        "meta": {},
                        "tainted": false
                    },
                    "deposed": [],
                    "provider": "module.services.provider.aws"
                },
                "aws_iam_role_policy_attachment.role-policy-lambda-full-access": {
                    "type": "aws_iam_role_policy_attachment",
                    "depends_on": [
                        "aws_iam_role.iam_for_exec_lambda"
                    ],
                    "primary": {
                        "id": "triskel-mcma-dev.us-east-2.services.lambda_exec_role-20181128001830503700000005",
                        "attributes": {
                            "id": "triskel-mcma-dev.us-east-2.services.lambda_exec_role-20181128001830503700000005",
                            "policy_arn": "arn:aws:iam::aws:policy/AWSLambdaFullAccess",
                            "role": "triskel-mcma-dev.us-east-2.services.lambda_exec_role"
                        },
                        "meta": {},
                        "tainted": false
                    },
                    "deposed": [],
                    "provider": "module.services.provider.aws"
                },
                "aws_iam_role_policy_attachment.role-policy-lambda-full-access-SNS-to-Lambda": {
                    "type": "aws_iam_role_policy_attachment",
                    "depends_on": [
                        "aws_iam_role.aws_iam_role_sns_to_lambda"
                    ],
                    "primary": {
                        "id": "triskel-mcma-dev.us-east-2.services.sns_to_lambda_role-2018112800195814340000000d",
                        "attributes": {
                            "id": "triskel-mcma-dev.us-east-2.services.sns_to_lambda_role-2018112800195814340000000d",
                            "policy_arn": "arn:aws:iam::aws:policy/AWSLambdaFullAccess",
                            "role": "triskel-mcma-dev.us-east-2.services.sns_to_lambda_role"
                        },
                        "meta": {},
                        "tainted": false
                    },
                    "deposed": [],
                    "provider": "module.services.provider.aws"
                },
                "aws_iam_role_policy_attachment.role-policy-lambda-full-access-reko-to-SNS": {
                    "type": "aws_iam_role_policy_attachment",
                    "depends_on": [
                        "aws_iam_role.iam_role_Reko_to_SNS"
                    ],
                    "primary": {
                        "id": "triskel-mcma-dev.us-east-2.services.reko_to_sns_role-20181128002002575300000010",
                        "attributes": {
                            "id": "triskel-mcma-dev.us-east-2.services.reko_to_sns_role-20181128002002575300000010",
                            "policy_arn": "arn:aws:iam::aws:policy/AWSLambdaFullAccess",
                            "role": "triskel-mcma-dev.us-east-2.services.reko_to_sns_role"
                        },
                        "meta": {},
                        "tainted": false
                    },
                    "deposed": [],
                    "provider": "module.services.provider.aws"
                },
                "aws_iam_role_policy_attachment.role-policy-log": {
                    "type": "aws_iam_role_policy_attachment",
                    "depends_on": [
                        "aws_iam_policy.log_policy",
                        "aws_iam_role.iam_for_exec_lambda"
                    ],
                    "primary": {
                        "id": "triskel-mcma-dev.us-east-2.services.lambda_exec_role-20181128001934206400000009",
                        "attributes": {
                            "id": "triskel-mcma-dev.us-east-2.services.lambda_exec_role-20181128001934206400000009",
                            "policy_arn": "arn:aws:iam::213450902387:policy/triskel-mcma-dev.us-east-2.services.policy_log",
                            "role": "triskel-mcma-dev.us-east-2.services.lambda_exec_role"
                        },
                        "meta": {},
                        "tainted": false
                    },
                    "deposed": [],
                    "provider": "module.services.provider.aws"
                },
                "aws_iam_role_policy_attachment.role-policy-log-SNS-to-Lambda": {
                    "type": "aws_iam_role_policy_attachment",
                    "depends_on": [
                        "aws_iam_policy.log_policy",
                        "aws_iam_role.aws_iam_role_sns_to_lambda"
                    ],
                    "primary": {
                        "id": "triskel-mcma-dev.us-east-2.services.sns_to_lambda_role-2018112800195959490000000e",
                        "attributes": {
                            "id": "triskel-mcma-dev.us-east-2.services.sns_to_lambda_role-2018112800195959490000000e",
                            "policy_arn": "arn:aws:iam::213450902387:policy/triskel-mcma-dev.us-east-2.services.policy_log",
                            "role": "triskel-mcma-dev.us-east-2.services.sns_to_lambda_role"
                        },
                        "meta": {},
                        "tainted": false
                    },
                    "deposed": [],
                    "provider": "module.services.provider.aws"
                },
                "aws_iam_role_policy_attachment.role-policy-log-reko-to-SNS": {
                    "type": "aws_iam_role_policy_attachment",
                    "depends_on": [
                        "aws_iam_policy.log_policy",
                        "aws_iam_role.iam_role_Reko_to_SNS"
                    ],
                    "primary": {
                        "id": "triskel-mcma-dev.us-east-2.services.reko_to_sns_role-20181128002005067600000012",
                        "attributes": {
                            "id": "triskel-mcma-dev.us-east-2.services.reko_to_sns_role-20181128002005067600000012",
                            "policy_arn": "arn:aws:iam::213450902387:policy/triskel-mcma-dev.us-east-2.services.policy_log",
                            "role": "triskel-mcma-dev.us-east-2.services.reko_to_sns_role"
                        },
                        "meta": {},
                        "tainted": false
                    },
                    "deposed": [],
                    "provider": "module.services.provider.aws"
                },
                "aws_iam_role_policy_attachment.role-policy-reko-to-SNS": {
                    "type": "aws_iam_role_policy_attachment",
                    "depends_on": [
                        "aws_iam_policy.aws_iam_policy_Reko_to_SNS",
                        "aws_iam_role.iam_role_Reko_to_SNS"
                    ],
                    "primary": {
                        "id": "triskel-mcma-dev.us-east-2.services.reko_to_sns_role-20181128002003885800000011",
                        "attributes": {
                            "id": "triskel-mcma-dev.us-east-2.services.reko_to_sns_role-20181128002003885800000011",
                            "policy_arn": "arn:aws:iam::213450902387:policy/triskel-mcma-dev.us-east-2.reko_to_sns_policy",
                            "role": "triskel-mcma-dev.us-east-2.services.reko_to_sns_role"
                        },
                        "meta": {},
                        "tainted": false
                    },
                    "deposed": [],
                    "provider": "module.services.provider.aws"
                },
                "aws_iam_role_policy_attachment.role-policy-rekognition": {
                    "type": "aws_iam_role_policy_attachment",
                    "depends_on": [
                        "aws_iam_policy.rekognition_policy",
                        "aws_iam_role.iam_for_exec_lambda"
                    ],
                    "primary": {
                        "id": "triskel-mcma-dev.us-east-2.services.lambda_exec_role-20181128002012452800000013",
                        "attributes": {
                            "id": "triskel-mcma-dev.us-east-2.services.lambda_exec_role-20181128002012452800000013",
                            "policy_arn": "arn:aws:iam::213450902387:policy/triskel-mcma-dev.us-east-2.reko_policy",
                            "role": "triskel-mcma-dev.us-east-2.services.lambda_exec_role"
                        },
                        "meta": {},
                        "tainted": false
                    },
                    "deposed": [],
                    "provider": "module.services.provider.aws"
                },
                "aws_iam_role_policy_attachment.role-policy-rekognition-SNS-to-Lambda": {
                    "type": "aws_iam_role_policy_attachment",
                    "depends_on": [
                        "aws_iam_policy.rekognition_policy",
                        "aws_iam_role.aws_iam_role_sns_to_lambda"
                    ],
                    "primary": {
                        "id": "triskel-mcma-dev.us-east-2.services.sns_to_lambda_role-20181128002014152400000014",
                        "attributes": {
                            "id": "triskel-mcma-dev.us-east-2.services.sns_to_lambda_role-20181128002014152400000014",
                            "policy_arn": "arn:aws:iam::213450902387:policy/triskel-mcma-dev.us-east-2.reko_policy",
                            "role": "triskel-mcma-dev.us-east-2.services.sns_to_lambda_role"
                        },
                        "meta": {},
                        "tainted": false
                    },
                    "deposed": [],
                    "provider": "module.services.provider.aws"
                },
                "aws_iam_role_policy_attachment.role-policy-rekognition-reko-to-SNS": {
                    "type": "aws_iam_role_policy_attachment",
                    "depends_on": [
                        "aws_iam_policy.rekognition_policy",
                        "aws_iam_role.iam_role_Reko_to_SNS"
                    ],
                    "primary": {
                        "id": "triskel-mcma-dev.us-east-2.services.reko_to_sns_role-20181128002015640400000015",
                        "attributes": {
                            "id": "triskel-mcma-dev.us-east-2.services.reko_to_sns_role-20181128002015640400000015",
                            "policy_arn": "arn:aws:iam::213450902387:policy/triskel-mcma-dev.us-east-2.reko_policy",
                            "role": "triskel-mcma-dev.us-east-2.services.reko_to_sns_role"
                        },
                        "meta": {},
                        "tainted": false
                    },
                    "deposed": [],
                    "provider": "module.services.provider.aws"
                },
                "aws_iam_role_policy_attachment.role-policy-steps": {
                    "type": "aws_iam_role_policy_attachment",
                    "depends_on": [
                        "aws_iam_policy.steps_policy",
                        "aws_iam_role.iam_for_exec_lambda"
                    ],
                    "primary": {
                        "id": "triskel-mcma-dev.us-east-2.services.lambda_exec_role-2018112800195472830000000b",
                        "attributes": {
                            "id": "triskel-mcma-dev.us-east-2.services.lambda_exec_role-2018112800195472830000000b",
                            "policy_arn": "arn:aws:iam::213450902387:policy/triskel-mcma-dev.us-east-2.services.policy_steps",
                            "role": "triskel-mcma-dev.us-east-2.services.lambda_exec_role"
                        },
                        "meta": {},
                        "tainted": false
                    },
                    "deposed": [],
                    "provider": "module.services.provider.aws"
                },
                "aws_lambda_function.ame-service-api-handler": {
                    "type": "aws_lambda_function",
                    "depends_on": [
                        "aws_iam_role.iam_for_exec_lambda"
                    ],
                    "primary": {
                        "id": "triskel-mcma-dev-ame-service-api-handler",
                        "attributes": {
                            "arn": "arn:aws:lambda:us-east-2:213450902387:function:triskel-mcma-dev-ame-service-api-handler",
                            "dead_letter_config.#": "0",
                            "description": "",
                            "environment.#": "0",
                            "filename": "./../services/Mcma.Aws.AmeService/ApiHandler/dist/lambda.zip",
                            "function_name": "triskel-mcma-dev-ame-service-api-handler",
                            "handler": "Mcma.Aws.AmeService.ApiHandler::Mcma.Aws.AmeService.ApiHandler.Function::Handler",
                            "id": "triskel-mcma-dev-ame-service-api-handler",
                            "invoke_arn": "arn:aws:apigateway:us-east-2:lambda:path/2015-03-31/functions/arn:aws:lambda:us-east-2:213450902387:function:triskel-mcma-dev-ame-service-api-handler/invocations",
                            "kms_key_arn": "",
                            "last_modified": "2018-11-28T00:20:29.682+0000",
                            "memory_size": "256",
                            "publish": "false",
                            "qualified_arn": "arn:aws:lambda:us-east-2:213450902387:function:triskel-mcma-dev-ame-service-api-handler:$LATEST",
                            "reserved_concurrent_executions": "0",
                            "role": "arn:aws:iam::213450902387:role/triskel-mcma-dev.us-east-2.services.lambda_exec_role",
                            "runtime": "dotnetcore2.1",
                            "source_code_hash": "hxwwLCqkpDZPqajnuceBhA5x3V8VXHKTCNHlsTRziqk=",
                            "source_code_size": "1245580",
                            "tags.%": "0",
                            "timeout": "30",
                            "tracing_config.#": "1",
                            "tracing_config.0.mode": "PassThrough",
                            "version": "$LATEST",
                            "vpc_config.#": "0"
                        },
                        "meta": {},
                        "tainted": false
                    },
                    "deposed": [],
                    "provider": "module.services.provider.aws"
                },
                "aws_lambda_function.ame-service-worker": {
                    "type": "aws_lambda_function",
                    "depends_on": [
                        "aws_iam_role.iam_for_exec_lambda"
                    ],
                    "primary": {
                        "id": "triskel-mcma-dev-ame-service-worker",
                        "attributes": {
                            "arn": "arn:aws:lambda:us-east-2:213450902387:function:triskel-mcma-dev-ame-service-worker",
                            "dead_letter_config.#": "0",
                            "description": "",
                            "environment.#": "0",
                            "filename": "./../services/Mcma.Aws.AmeService/Worker/dist/lambda.zip",
                            "function_name": "triskel-mcma-dev-ame-service-worker",
                            "handler": "Mcma.Aws.AmeService.Worker::Mcma.Aws.AmeService.Worker.Function::Handler",
                            "id": "triskel-mcma-dev-ame-service-worker",
                            "invoke_arn": "arn:aws:apigateway:us-east-2:lambda:path/2015-03-31/functions/arn:aws:lambda:us-east-2:213450902387:function:triskel-mcma-dev-ame-service-worker/invocations",
                            "kms_key_arn": "",
                            "last_modified": "2018-11-28T00:18:26.439+0000",
                            "memory_size": "3008",
                            "publish": "false",
                            "qualified_arn": "arn:aws:lambda:us-east-2:213450902387:function:triskel-mcma-dev-ame-service-worker:$LATEST",
                            "reserved_concurrent_executions": "0",
                            "role": "arn:aws:iam::213450902387:role/triskel-mcma-dev.us-east-2.services.lambda_exec_role",
                            "runtime": "dotnetcore2.1",
                            "source_code_hash": "gcRrNQrGZ0HoxtUtzrOBDy4DOEtBijVitIngFF1xX6c=",
                            "source_code_size": "4239009",
                            "tags.%": "0",
                            "timeout": "300",
                            "tracing_config.#": "1",
                            "tracing_config.0.mode": "PassThrough",
                            "version": "$LATEST",
                            "vpc_config.#": "0"
                        },
                        "meta": {},
                        "tainted": false
                    },
                    "deposed": [],
                    "provider": "module.services.provider.aws"
                },
                "aws_lambda_function.aws-ai-service-api-handler": {
                    "type": "aws_lambda_function",
                    "depends_on": [
                        "aws_iam_role.iam_for_exec_lambda"
                    ],
                    "primary": {
                        "id": "triskel-mcma-dev-aws-ai-service-api-handler",
                        "attributes": {
                            "arn": "arn:aws:lambda:us-east-2:213450902387:function:triskel-mcma-dev-aws-ai-service-api-handler",
                            "dead_letter_config.#": "0",
                            "description": "",
                            "environment.#": "0",
                            "filename": "./../services/Mcma.Aws.AwsAiService/ApiHandler/dist/lambda.zip",
                            "function_name": "triskel-mcma-dev-aws-ai-service-api-handler",
                            "handler": "Mcma.Aws.AwsAiService.ApiHandler::Mcma.Aws.AwsAiService.ApiHandler.Function::Handler",
                            "id": "triskel-mcma-dev-aws-ai-service-api-handler",
                            "invoke_arn": "arn:aws:apigateway:us-east-2:lambda:path/2015-03-31/functions/arn:aws:lambda:us-east-2:213450902387:function:triskel-mcma-dev-aws-ai-service-api-handler/invocations",
                            "kms_key_arn": "",
                            "last_modified": "2018-11-28T00:20:31.548+0000",
                            "memory_size": "256",
                            "publish": "false",
                            "qualified_arn": "arn:aws:lambda:us-east-2:213450902387:function:triskel-mcma-dev-aws-ai-service-api-handler:$LATEST",
                            "reserved_concurrent_executions": "0",
                            "role": "arn:aws:iam::213450902387:role/triskel-mcma-dev.us-east-2.services.lambda_exec_role",
                            "runtime": "nodejs8.10",
                            "source_code_hash": "U2Mkne5+QW4G9bFVfRc/dHaHuSBmmuPgcESCEBo2YfA=",
                            "source_code_size": "1245607",
                            "tags.%": "0",
                            "timeout": "30",
                            "tracing_config.#": "1",
                            "tracing_config.0.mode": "PassThrough",
                            "version": "$LATEST",
                            "vpc_config.#": "0"
                        },
                        "meta": {},
                        "tainted": false
                    },
                    "deposed": [],
                    "provider": "module.services.provider.aws"
                },
                "aws_lambda_function.aws-ai-service-s3-trigger": {
                    "type": "aws_lambda_function",
                    "depends_on": [
                        "aws_dynamodb_table.aws_ai_service_table",
                        "aws_iam_role.iam_for_exec_lambda",
                        "aws_lambda_function.aws-ai-service-worker",
                        "aws_s3_bucket.aws-ai-service-output",
                        "local.aws_ai_service_url",
                        "local.service_registry_url"
                    ],
                    "primary": {
                        "id": "triskel-mcma-dev-aws-ai-service-s3-trigger",
                        "attributes": {
                            "arn": "arn:aws:lambda:us-east-2:213450902387:function:triskel-mcma-dev-aws-ai-service-s3-trigger",
                            "dead_letter_config.#": "0",
                            "description": "",
                            "environment.#": "1",
                            "environment.0.variables.%": "5",
                            "environment.0.variables.PublicUrl": "https://ekbh6o1pub.execute-api.us-east-2.amazonaws.com/dev",
                            "environment.0.variables.ServiceOutputBucket": "triskel.mcma.us-east-2.dev.aws-ai-service-output",
                            "environment.0.variables.ServicesUrl": "https://w7eijekmuf.execute-api.us-east-2.amazonaws.com/dev/services",
                            "environment.0.variables.TableName": "triskel-mcma-dev-aws-ai-service",
                            "environment.0.variables.WorkerLambdaFunctionName": "triskel-mcma-dev-aws-ai-service-worker",
                            "filename": "./../services/Mcma.Aws.AwsAiService/S3Trigger/dist/lambda.zip",
                            "function_name": "triskel-mcma-dev-aws-ai-service-s3-trigger",
                            "handler": "Mcma.Aws.AwsAiService.S3Trigger::Mcma.Aws.AwsAiService.S3Trigger.Function::Handler",
                            "id": "triskel-mcma-dev-aws-ai-service-s3-trigger",
                            "invoke_arn": "arn:aws:apigateway:us-east-2:lambda:path/2015-03-31/functions/arn:aws:lambda:us-east-2:213450902387:function:triskel-mcma-dev-aws-ai-service-s3-trigger/invocations",
                            "kms_key_arn": "",
                            "last_modified": "2018-11-28T00:21:19.395+0000",
                            "memory_size": "256",
                            "publish": "false",
                            "qualified_arn": "arn:aws:lambda:us-east-2:213450902387:function:triskel-mcma-dev-aws-ai-service-s3-trigger:$LATEST",
                            "reserved_concurrent_executions": "0",
                            "role": "arn:aws:iam::213450902387:role/triskel-mcma-dev.us-east-2.services.lambda_exec_role",
                            "runtime": "nodejs8.10",
                            "source_code_hash": "O5t0cjCEI6L+CMiDMbjQxRe1CQBP5o8zRDhlaYXpx70=",
                            "source_code_size": "1246439",
                            "tags.%": "0",
                            "timeout": "30",
                            "tracing_config.#": "1",
                            "tracing_config.0.mode": "PassThrough",
                            "version": "$LATEST",
                            "vpc_config.#": "0"
                        },
                        "meta": {},
                        "tainted": false
                    },
                    "deposed": [],
                    "provider": "module.services.provider.aws"
                },
                "aws_lambda_function.aws-ai-service-sns-trigger": {
                    "type": "aws_lambda_function",
                    "depends_on": [
                        "aws_dynamodb_table.aws_ai_service_table",
                        "aws_iam_role.iam_for_exec_lambda",
                        "aws_lambda_function.aws-ai-service-worker",
                        "aws_s3_bucket.aws-ai-service-output",
                        "local.aws_ai_service_url",
                        "local.service_registry_url"
                    ],
                    "primary": {
                        "id": "triskel-mcma-dev-aws-ai-service-sns-trigger",
                        "attributes": {
                            "arn": "arn:aws:lambda:us-east-2:213450902387:function:triskel-mcma-dev-aws-ai-service-sns-trigger",
                            "dead_letter_config.#": "0",
                            "description": "",
                            "environment.#": "1",
                            "environment.0.variables.%": "5",
                            "environment.0.variables.PublicUrl": "https://ekbh6o1pub.execute-api.us-east-2.amazonaws.com/dev",
                            "environment.0.variables.ServiceOutputBucket": "triskel.mcma.us-east-2.dev.aws-ai-service-output",
                            "environment.0.variables.ServicesUrl": "https://w7eijekmuf.execute-api.us-east-2.amazonaws.com/dev/services",
                            "environment.0.variables.TableName": "triskel-mcma-dev-aws-ai-service",
                            "environment.0.variables.WorkerLambdaFunctionName": "triskel-mcma-dev-aws-ai-service-worker",
                            "filename": "./../services/Mcma.Aws.AwsAiService/SnsTrigger/dist/lambda.zip",
                            "function_name": "triskel-mcma-dev-aws-ai-service-sns-trigger",
                            "handler": "Mcma.Aws.AwsAiService.SnsTrigger::Mcma.Aws.AwsAiService.SnsTrigger.Function::Handler",
                            "id": "triskel-mcma-dev-aws-ai-service-sns-trigger",
                            "invoke_arn": "arn:aws:apigateway:us-east-2:lambda:path/2015-03-31/functions/arn:aws:lambda:us-east-2:213450902387:function:triskel-mcma-dev-aws-ai-service-sns-trigger/invocations",
                            "kms_key_arn": "",
                            "last_modified": "2018-11-28T00:21:13.079+0000",
                            "memory_size": "256",
                            "publish": "false",
                            "qualified_arn": "arn:aws:lambda:us-east-2:213450902387:function:triskel-mcma-dev-aws-ai-service-sns-trigger:$LATEST",
                            "reserved_concurrent_executions": "0",
                            "role": "arn:aws:iam::213450902387:role/triskel-mcma-dev.us-east-2.services.lambda_exec_role",
                            "runtime": "nodejs8.10",
                            "source_code_hash": "LWOziUmSTE6bjZFcijhLQR0eWKqEAePffi+okEuIxO4=",
                            "source_code_size": "1248740",
                            "tags.%": "0",
                            "timeout": "30",
                            "tracing_config.#": "1",
                            "tracing_config.0.mode": "PassThrough",
                            "version": "$LATEST",
                            "vpc_config.#": "0"
                        },
                        "meta": {},
                        "tainted": false
                    },
                    "deposed": [],
                    "provider": "module.services.provider.aws"
                },
                "aws_lambda_function.aws-ai-service-worker": {
                    "type": "aws_lambda_function",
                    "depends_on": [
                        "aws_iam_role.iam_for_exec_lambda",
                        "aws_iam_role.iam_role_Reko_to_SNS",
                        "aws_sns_topic.sns_topic_reko_output"
                    ],
                    "primary": {
                        "id": "triskel-mcma-dev-aws-ai-service-worker",
                        "attributes": {
                            "arn": "arn:aws:lambda:us-east-2:213450902387:function:triskel-mcma-dev-aws-ai-service-worker",
                            "dead_letter_config.#": "0",
                            "description": "",
                            "environment.#": "1",
                            "environment.0.variables.%": "2",
                            "environment.0.variables.REKO_SNS_ROLE_ARN": "arn:aws:iam::213450902387:role/triskel-mcma-dev.us-east-2.services.reko_to_sns_role",
                            "environment.0.variables.SNS_TOPIC_ARN": "arn:aws:sns:us-east-2:213450902387:AmazonRekognition_triskel-mcma-dev_us-east-2",
                            "filename": "./../services/Mcma.Aws.AwsAiService/Worker/dist/lambda.zip",
                            "function_name": "triskel-mcma-dev-aws-ai-service-worker",
                            "handler": "Mcma.Aws.AwsAiService.Worker::Mcma.Aws.AwsAiService.Worker.Function::Handler",
                            "id": "triskel-mcma-dev-aws-ai-service-worker",
                            "invoke_arn": "arn:aws:apigateway:us-east-2:lambda:path/2015-03-31/functions/arn:aws:lambda:us-east-2:213450902387:function:triskel-mcma-dev-aws-ai-service-worker/invocations",
                            "kms_key_arn": "",
                            "last_modified": "2018-11-28T00:20:11.794+0000",
                            "memory_size": "3008",
                            "publish": "false",
                            "qualified_arn": "arn:aws:lambda:us-east-2:213450902387:function:triskel-mcma-dev-aws-ai-service-worker:$LATEST",
                            "reserved_concurrent_executions": "0",
                            "role": "arn:aws:iam::213450902387:role/triskel-mcma-dev.us-east-2.services.lambda_exec_role",
                            "runtime": "nodejs8.10",
                            "source_code_hash": "1hvUyBxJHFaECxSytlSuFZ+OjdCtPDKujUNkkZgi9UM=",
                            "source_code_size": "1313847",
                            "tags.%": "0",
                            "timeout": "300",
                            "tracing_config.#": "1",
                            "tracing_config.0.mode": "PassThrough",
                            "version": "$LATEST",
                            "vpc_config.#": "0"
                        },
                        "meta": {},
                        "tainted": false
                    },
                    "deposed": [],
                    "provider": "module.services.provider.aws"
                },
                "aws_lambda_function.azure-ai-service-api-handler": {
                    "type": "aws_lambda_function",
                    "depends_on": [
                        "aws_iam_role.iam_for_exec_lambda"
                    ],
                    "primary": {
                        "id": "triskel-mcma-dev-azure-ai-service-api-handler",
                        "attributes": {
                            "arn": "arn:aws:lambda:us-east-2:213450902387:function:triskel-mcma-dev-azure-ai-service-api-handler",
                            "dead_letter_config.#": "0",
                            "description": "",
                            "environment.#": "0",
                            "filename": "./../services/Mcma.Aws.AzureAiService/ApiHandler/dist/lambda.zip",
                            "function_name": "triskel-mcma-dev-azure-ai-service-api-handler",
                            "handler": "Mcma.Aws.AzureAiService.ApiHandler::Mcma.Aws.AzureAiService.ApiHandler.Function::Handler",
                            "id": "triskel-mcma-dev-azure-ai-service-api-handler",
                            "invoke_arn": "arn:aws:apigateway:us-east-2:lambda:path/2015-03-31/functions/arn:aws:lambda:us-east-2:213450902387:function:triskel-mcma-dev-azure-ai-service-api-handler/invocations",
                            "kms_key_arn": "",
                            "last_modified": "2018-11-28T00:20:30.144+0000",
                            "memory_size": "256",
                            "publish": "false",
                            "qualified_arn": "arn:aws:lambda:us-east-2:213450902387:function:triskel-mcma-dev-azure-ai-service-api-handler:$LATEST",
                            "reserved_concurrent_executions": "0",
                            "role": "arn:aws:iam::213450902387:role/triskel-mcma-dev.us-east-2.services.lambda_exec_role",
                            "runtime": "nodejs8.10",
                            "source_code_hash": "j7J6Ig4UPvCHdQGudM3Jh4abvROx6tGsmD7IXFZeLA4=",
                            "source_code_size": "1245634",
                            "tags.%": "0",
                            "timeout": "30",
                            "tracing_config.#": "1",
                            "tracing_config.0.mode": "PassThrough",
                            "version": "$LATEST",
                            "vpc_config.#": "0"
                        },
                        "meta": {},
                        "tainted": false
                    },
                    "deposed": [],
                    "provider": "module.services.provider.aws"
                },
                "aws_lambda_function.azure-ai-service-worker": {
                    "type": "aws_lambda_function",
                    "depends_on": [
                        "aws_iam_role.iam_for_exec_lambda"
                    ],
                    "primary": {
                        "id": "triskel-mcma-dev-azure-ai-service-worker",
                        "attributes": {
                            "arn": "arn:aws:lambda:us-east-2:213450902387:function:triskel-mcma-dev-azure-ai-service-worker",
                            "dead_letter_config.#": "0",
                            "description": "",
                            "environment.#": "0",
                            "filename": "./../services/Mcma.Aws.AzureAiService/Worker/dist/lambda.zip",
                            "function_name": "triskel-mcma-dev-azure-ai-service-worker",
                            "handler": "Mcma.Aws.AzureAiService.Worker::Mcma.Aws.AzureAiService.Worker.Function::Handler",
                            "id": "triskel-mcma-dev-azure-ai-service-worker",
                            "invoke_arn": "arn:aws:apigateway:us-east-2:lambda:path/2015-03-31/functions/arn:aws:lambda:us-east-2:213450902387:function:triskel-mcma-dev-azure-ai-service-worker/invocations",
                            "kms_key_arn": "",
                            "last_modified": "2018-11-28T00:19:30.749+0000",
                            "memory_size": "3008",
                            "publish": "false",
                            "qualified_arn": "arn:aws:lambda:us-east-2:213450902387:function:triskel-mcma-dev-azure-ai-service-worker:$LATEST",
                            "reserved_concurrent_executions": "0",
                            "role": "arn:aws:iam::213450902387:role/triskel-mcma-dev.us-east-2.services.lambda_exec_role",
                            "runtime": "nodejs8.10",
                            "source_code_hash": "iFYvWgmG1nP26euIHX+zpeGnKZr+IP8x4XkG+lyP6EE=",
                            "source_code_size": "1235932",
                            "tags.%": "0",
                            "timeout": "300",
                            "tracing_config.#": "1",
                            "tracing_config.0.mode": "PassThrough",
                            "version": "$LATEST",
                            "vpc_config.#": "0"
                        },
                        "meta": {},
                        "tainted": false
                    },
                    "deposed": [],
                    "provider": "module.services.provider.aws"
                },
                "aws_lambda_function.job-processor-service-api-handler": {
                    "type": "aws_lambda_function",
                    "depends_on": [
                        "aws_iam_role.iam_for_exec_lambda"
                    ],
                    "primary": {
                        "id": "triskel-mcma-dev-job-processor-service-api-handler",
                        "attributes": {
                            "arn": "arn:aws:lambda:us-east-2:213450902387:function:triskel-mcma-dev-job-processor-service-api-handler",
                            "dead_letter_config.#": "0",
                            "description": "",
                            "environment.#": "0",
                            "filename": "./../services/Mcma.Aws.JobProcessor/ApiHandler/dist/lambda.zip",
                            "function_name": "triskel-mcma-dev-job-processor-service-api-handler",
                            "handler": "Mcma.Aws.JobProcessor.ApiHandler::Mcma.Aws.JobProcessor.ApiHandler.Function::Handler",
                            "id": "triskel-mcma-dev-job-processor-service-api-handler",
                            "invoke_arn": "arn:aws:apigateway:us-east-2:lambda:path/2015-03-31/functions/arn:aws:lambda:us-east-2:213450902387:function:triskel-mcma-dev-job-processor-service-api-handler/invocations",
                            "kms_key_arn": "",
                            "last_modified": "2018-11-28T00:20:30.393+0000",
                            "memory_size": "256",
                            "publish": "false",
                            "qualified_arn": "arn:aws:lambda:us-east-2:213450902387:function:triskel-mcma-dev-job-processor-service-api-handler:$LATEST",
                            "reserved_concurrent_executions": "0",
                            "role": "arn:aws:iam::213450902387:role/triskel-mcma-dev.us-east-2.services.lambda_exec_role",
                            "runtime": "dotnetcore2.1",
                            "source_code_hash": "mkDb6veZF4Ps7QlRZbTGxqGC0VnnTslhtCE3DwroJqg=",
                            "source_code_size": "1246581",
                            "tags.%": "0",
                            "timeout": "30",
                            "tracing_config.#": "1",
                            "tracing_config.0.mode": "PassThrough",
                            "version": "$LATEST",
                            "vpc_config.#": "0"
                        },
                        "meta": {},
                        "tainted": false
                    },
                    "deposed": [],
                    "provider": "module.services.provider.aws"
                },
                "aws_lambda_function.job-processor-service-worker": {
                    "type": "aws_lambda_function",
                    "depends_on": [
                        "aws_iam_role.iam_for_exec_lambda"
                    ],
                    "primary": {
                        "id": "triskel-mcma-dev-job-processor-service-worker",
                        "attributes": {
                            "arn": "arn:aws:lambda:us-east-2:213450902387:function:triskel-mcma-dev-job-processor-service-worker",
                            "dead_letter_config.#": "0",
                            "description": "",
                            "environment.#": "0",
                            "filename": "./../services/Mcma.Aws.JobProcessor/Worker/dist/lambda.zip",
                            "function_name": "triskel-mcma-dev-job-processor-service-worker",
                            "handler": "Mcma.Aws.JobProcessor.Worker::Mcma.Aws.JobProcessor.Worker.Function::Handler",
                            "id": "triskel-mcma-dev-job-processor-service-worker",
                            "invoke_arn": "arn:aws:apigateway:us-east-2:lambda:path/2015-03-31/functions/arn:aws:lambda:us-east-2:213450902387:function:triskel-mcma-dev-job-processor-service-worker/invocations",
                            "kms_key_arn": "",
                            "last_modified": "2018-11-28T00:19:37.448+0000",
                            "memory_size": "256",
                            "publish": "false",
                            "qualified_arn": "arn:aws:lambda:us-east-2:213450902387:function:triskel-mcma-dev-job-processor-service-worker:$LATEST",
                            "reserved_concurrent_executions": "0",
                            "role": "arn:aws:iam::213450902387:role/triskel-mcma-dev.us-east-2.services.lambda_exec_role",
                            "runtime": "dotnetcore2.1",
                            "source_code_hash": "vtyqdTplUy2J3K2ZPmPZKitKlFOZlbpp7NU8xQsrHZY=",
                            "source_code_size": "1203012",
                            "tags.%": "0",
                            "timeout": "30",
                            "tracing_config.#": "1",
                            "tracing_config.0.mode": "PassThrough",
                            "version": "$LATEST",
                            "vpc_config.#": "0"
                        },
                        "meta": {},
                        "tainted": false
                    },
                    "deposed": [],
                    "provider": "module.services.provider.aws"
                },
                "aws_lambda_function.job-repository-api-handler": {
                    "type": "aws_lambda_function",
                    "depends_on": [
                        "aws_iam_role.iam_for_exec_lambda"
                    ],
                    "primary": {
                        "id": "triskel-mcma-dev-job-repository-api-handler",
                        "attributes": {
                            "arn": "arn:aws:lambda:us-east-2:213450902387:function:triskel-mcma-dev-job-repository-api-handler",
                            "dead_letter_config.#": "0",
                            "description": "",
                            "environment.#": "0",
                            "filename": "./../services/Mcma.Aws.JobRepository/ApiHandler/dist/lambda.zip",
                            "function_name": "triskel-mcma-dev-job-repository-api-handler",
                            "handler": "Mcma.Aws.JobRepository.ApiHandler::Mcma.Aws.JobRepository.ApiHandler.Function::Handler",
                            "id": "triskel-mcma-dev-job-repository-api-handler",
                            "invoke_arn": "arn:aws:apigateway:us-east-2:lambda:path/2015-03-31/functions/arn:aws:lambda:us-east-2:213450902387:function:triskel-mcma-dev-job-repository-api-handler/invocations",
                            "kms_key_arn": "",
                            "last_modified": "2018-11-28T00:20:30.065+0000",
                            "memory_size": "256",
                            "publish": "false",
                            "qualified_arn": "arn:aws:lambda:us-east-2:213450902387:function:triskel-mcma-dev-job-repository-api-handler:$LATEST",
                            "reserved_concurrent_executions": "0",
                            "role": "arn:aws:iam::213450902387:role/triskel-mcma-dev.us-east-2.services.lambda_exec_role",
                            "runtime": "dotnetcore2.1",
                            "source_code_hash": "WErF+yL91fQ/K9kT0GVtaVLLvMoYjB2+2Enj/O+y70c=",
                            "source_code_size": "1247128",
                            "tags.%": "0",
                            "timeout": "30",
                            "tracing_config.#": "1",
                            "tracing_config.0.mode": "PassThrough",
                            "version": "$LATEST",
                            "vpc_config.#": "0"
                        },
                        "meta": {},
                        "tainted": false
                    },
                    "deposed": [],
                    "provider": "module.services.provider.aws"
                },
                "aws_lambda_function.job-repository-worker": {
                    "type": "aws_lambda_function",
                    "depends_on": [
                        "aws_iam_role.iam_for_exec_lambda"
                    ],
                    "primary": {
                        "id": "triskel-mcma-dev-job-repository-worker",
                        "attributes": {
                            "arn": "arn:aws:lambda:us-east-2:213450902387:function:triskel-mcma-dev-job-repository-worker",
                            "dead_letter_config.#": "0",
                            "description": "",
                            "environment.#": "0",
                            "filename": "./../services/Mcma.Aws.JobRepository/Worker/dist/lambda.zip",
                            "function_name": "triskel-mcma-dev-job-repository-worker",
                            "handler": "Mcma.Aws.JobRepository.Worker::Mcma.Aws.JobRepository.Worker.Function::Handler",
                            "id": "triskel-mcma-dev-job-repository-worker",
                            "invoke_arn": "arn:aws:apigateway:us-east-2:lambda:path/2015-03-31/functions/arn:aws:lambda:us-east-2:213450902387:function:triskel-mcma-dev-job-repository-worker/invocations",
                            "kms_key_arn": "",
                            "last_modified": "2018-11-28T00:18:33.657+0000",
                            "memory_size": "256",
                            "publish": "false",
                            "qualified_arn": "arn:aws:lambda:us-east-2:213450902387:function:triskel-mcma-dev-job-repository-worker:$LATEST",
                            "reserved_concurrent_executions": "0",
                            "role": "arn:aws:iam::213450902387:role/triskel-mcma-dev.us-east-2.services.lambda_exec_role",
                            "runtime": "dotnetcore2.1",
                            "source_code_hash": "FgcFwlt1UXhunlqMRL5Jc11hY+cywNx2I+/YJwM0epQ=",
                            "source_code_size": "1200715",
                            "tags.%": "0",
                            "timeout": "30",
                            "tracing_config.#": "1",
                            "tracing_config.0.mode": "PassThrough",
                            "version": "$LATEST",
                            "vpc_config.#": "0"
                        },
                        "meta": {},
                        "tainted": false
                    },
                    "deposed": [],
                    "provider": "module.services.provider.aws"
                },
                "aws_lambda_function.media-repository-api-handler": {
                    "type": "aws_lambda_function",
                    "depends_on": [
                        "aws_iam_role.iam_for_exec_lambda"
                    ],
                    "primary": {
                        "id": "triskel-mcma-dev-media-repository-api-handler",
                        "attributes": {
                            "arn": "arn:aws:lambda:us-east-2:213450902387:function:triskel-mcma-dev-media-repository-api-handler",
                            "dead_letter_config.#": "0",
                            "description": "",
                            "environment.#": "0",
                            "filename": "./../services/Mcma.Aws.MediaRepository/ApiHandler/dist/lambda.zip",
                            "function_name": "triskel-mcma-dev-media-repository-api-handler",
                            "handler": "Mcma.Aws.MediaRepository.ApiHander::Mcma.Aws.MediaRepository.ApiHandler.Function::Handler",
                            "id": "triskel-mcma-dev-media-repository-api-handler",
                            "invoke_arn": "arn:aws:apigateway:us-east-2:lambda:path/2015-03-31/functions/arn:aws:lambda:us-east-2:213450902387:function:triskel-mcma-dev-media-repository-api-handler/invocations",
                            "kms_key_arn": "",
                            "last_modified": "2018-11-28T00:20:29.785+0000",
                            "memory_size": "256",
                            "publish": "false",
                            "qualified_arn": "arn:aws:lambda:us-east-2:213450902387:function:triskel-mcma-dev-media-repository-api-handler:$LATEST",
                            "reserved_concurrent_executions": "0",
                            "role": "arn:aws:iam::213450902387:role/triskel-mcma-dev.us-east-2.services.lambda_exec_role",
                            "runtime": "nodejs8.10",
                            "source_code_hash": "8LEUPdnP3EcmoZ5+RexQdjkRogSFqi6bQl+IfeEbw70=",
                            "source_code_size": "1247934",
                            "tags.%": "0",
                            "timeout": "30",
                            "tracing_config.#": "1",
                            "tracing_config.0.mode": "PassThrough",
                            "version": "$LATEST",
                            "vpc_config.#": "0"
                        },
                        "meta": {},
                        "tainted": false
                    },
                    "deposed": [],
                    "provider": "module.services.provider.aws"
                },
                "aws_lambda_function.service-registry-api-handler": {
                    "type": "aws_lambda_function",
                    "depends_on": [
                        "aws_iam_role.iam_for_exec_lambda"
                    ],
                    "primary": {
                        "id": "triskel-mcma-dev-service-registry-api-handler",
                        "attributes": {
                            "arn": "arn:aws:lambda:us-east-2:213450902387:function:triskel-mcma-dev-service-registry-api-handler",
                            "dead_letter_config.#": "0",
                            "description": "",
                            "environment.#": "0",
                            "filename": "./../services/Mcma.Aws.ServiceRegistry/ApiHandler/dist/lambda.zip",
                            "function_name": "triskel-mcma-dev-service-registry-api-handler",
                            "handler": "Mcma.Aws.ServiceRegistry.ApiHandler::Mcma.Aws.ServiceRegistry.ApiHandler.Function::Handler",
                            "id": "triskel-mcma-dev-service-registry-api-handler",
                            "invoke_arn": "arn:aws:apigateway:us-east-2:lambda:path/2015-03-31/functions/arn:aws:lambda:us-east-2:213450902387:function:triskel-mcma-dev-service-registry-api-handler/invocations",
                            "kms_key_arn": "",
                            "last_modified": "2018-11-28T00:21:16.616+0000",
                            "memory_size": "256",
                            "publish": "false",
                            "qualified_arn": "arn:aws:lambda:us-east-2:213450902387:function:triskel-mcma-dev-service-registry-api-handler:$LATEST",
                            "reserved_concurrent_executions": "0",
                            "role": "arn:aws:iam::213450902387:role/triskel-mcma-dev.us-east-2.services.lambda_exec_role",
                            "runtime": "dotnetcore2.1",
                            "source_code_hash": "OT6wwXLROV4yHPp8jPNWyvn68RiEmhIBMutUJLHhERQ=",
                            "source_code_size": "1203412",
                            "tags.%": "0",
                            "timeout": "30",
                            "tracing_config.#": "1",
                            "tracing_config.0.mode": "PassThrough",
                            "version": "$LATEST",
                            "vpc_config.#": "0"
                        },
                        "meta": {},
                        "tainted": false
                    },
                    "deposed": [],
                    "provider": "module.services.provider.aws"
                },
                "aws_lambda_function.transform-service-api-handler": {
                    "type": "aws_lambda_function",
                    "depends_on": [
                        "aws_iam_role.iam_for_exec_lambda"
                    ],
                    "primary": {
                        "id": "triskel-mcma-dev-transform-service-api-handler",
                        "attributes": {
                            "arn": "arn:aws:lambda:us-east-2:213450902387:function:triskel-mcma-dev-transform-service-api-handler",
                            "dead_letter_config.#": "0",
                            "description": "",
                            "environment.#": "0",
                            "filename": "./../services/Mcma.Aws.TransformService/ApiHandler/dist/lambda.zip",
                            "function_name": "triskel-mcma-dev-transform-service-api-handler",
                            "handler": "Mcma.Aws.TransformService.ApiHandler::Mcma.Aws.TransformService.ApiHandler.Function::Handler",
                            "id": "triskel-mcma-dev-transform-service-api-handler",
                            "invoke_arn": "arn:aws:apigateway:us-east-2:lambda:path/2015-03-31/functions/arn:aws:lambda:us-east-2:213450902387:function:triskel-mcma-dev-transform-service-api-handler/invocations",
                            "kms_key_arn": "",
                            "last_modified": "2018-11-28T00:20:29.832+0000",
                            "memory_size": "256",
                            "publish": "false",
                            "qualified_arn": "arn:aws:lambda:us-east-2:213450902387:function:triskel-mcma-dev-transform-service-api-handler:$LATEST",
                            "reserved_concurrent_executions": "0",
                            "role": "arn:aws:iam::213450902387:role/triskel-mcma-dev.us-east-2.services.lambda_exec_role",
                            "runtime": "dotnetcore2.1",
                            "source_code_hash": "MTis0Y9t5HwJT7/8uAbXgks3lemwsmDGfkFBWjKNFSg=",
                            "source_code_size": "1246658",
                            "tags.%": "0",
                            "timeout": "30",
                            "tracing_config.#": "1",
                            "tracing_config.0.mode": "PassThrough",
                            "version": "$LATEST",
                            "vpc_config.#": "0"
                        },
                        "meta": {},
                        "tainted": false
                    },
                    "deposed": [],
                    "provider": "module.services.provider.aws"
                },
                "aws_lambda_function.transform-service-worker": {
                    "type": "aws_lambda_function",
                    "depends_on": [
                        "aws_iam_role.iam_for_exec_lambda"
                    ],
                    "primary": {
                        "id": "triskel-mcma-dev-transform-service-worker",
                        "attributes": {
                            "arn": "arn:aws:lambda:us-east-2:213450902387:function:triskel-mcma-dev-transform-service-worker",
                            "dead_letter_config.#": "0",
                            "description": "",
                            "environment.#": "0",
                            "filename": "./../services/Mcma.Aws.TransformService/Worker/dist/lambda.zip",
                            "function_name": "triskel-mcma-dev-transform-service-worker",
                            "handler": "Mcma.Aws.TransformService.Worker::Mcma.Aws.TransformService.Worker.Function::Handler",
                            "id": "triskel-mcma-dev-transform-service-worker",
                            "invoke_arn": "arn:aws:apigateway:us-east-2:lambda:path/2015-03-31/functions/arn:aws:lambda:us-east-2:213450902387:function:triskel-mcma-dev-transform-service-worker/invocations",
                            "kms_key_arn": "",
                            "last_modified": "2018-11-28T00:19:13.297+0000",
                            "memory_size": "3008",
                            "publish": "false",
                            "qualified_arn": "arn:aws:lambda:us-east-2:213450902387:function:triskel-mcma-dev-transform-service-worker:$LATEST",
                            "reserved_concurrent_executions": "0",
                            "role": "arn:aws:iam::213450902387:role/triskel-mcma-dev.us-east-2.services.lambda_exec_role",
                            "runtime": "dotnetcore2.1",
                            "source_code_hash": "CexjzneKoMjBXnRfj/pPdlZRqrDpq0Kdv1kGgRvKmpY=",
                            "source_code_size": "13258996",
                            "tags.%": "0",
                            "timeout": "300",
                            "tracing_config.#": "1",
                            "tracing_config.0.mode": "PassThrough",
                            "version": "$LATEST",
                            "vpc_config.#": "0"
                        },
                        "meta": {},
                        "tainted": false
                    },
                    "deposed": [],
                    "provider": "module.services.provider.aws"
                },
                "aws_lambda_function.workflow-service-api-handler": {
                    "type": "aws_lambda_function",
                    "depends_on": [
                        "aws_iam_role.iam_for_exec_lambda"
                    ],
                    "primary": {
                        "id": "triskel-mcma-dev-workflow-service-api-handler",
                        "attributes": {
                            "arn": "arn:aws:lambda:us-east-2:213450902387:function:triskel-mcma-dev-workflow-service-api-handler",
                            "dead_letter_config.#": "0",
                            "description": "",
                            "environment.#": "0",
                            "filename": "./../services/Mcma.Aws.WorkflowService/ApiHandler/dist/lambda.zip",
                            "function_name": "triskel-mcma-dev-workflow-service-api-handler",
                            "handler": "Mcma.Aws.WorkflowService.ApiHandler::Mcma.Aws.WorkflowService.ApiHandler.Function::Handler",
                            "id": "triskel-mcma-dev-workflow-service-api-handler",
                            "invoke_arn": "arn:aws:apigateway:us-east-2:lambda:path/2015-03-31/functions/arn:aws:lambda:us-east-2:213450902387:function:triskel-mcma-dev-workflow-service-api-handler/invocations",
                            "kms_key_arn": "",
                            "last_modified": "2018-11-28T00:20:30.062+0000",
                            "memory_size": "256",
                            "publish": "false",
                            "qualified_arn": "arn:aws:lambda:us-east-2:213450902387:function:triskel-mcma-dev-workflow-service-api-handler:$LATEST",
                            "reserved_concurrent_executions": "0",
                            "role": "arn:aws:iam::213450902387:role/triskel-mcma-dev.us-east-2.services.lambda_exec_role",
                            "runtime": "dotnetcore2.1",
                            "source_code_hash": "Vq1X0GPDjf/zqtUFcQzxwKQ+TPmixdatTfcRAUIzKbc=",
                            "source_code_size": "1246645",
                            "tags.%": "0",
                            "timeout": "30",
                            "tracing_config.#": "1",
                            "tracing_config.0.mode": "PassThrough",
                            "version": "$LATEST",
                            "vpc_config.#": "0"
                        },
                        "meta": {},
                        "tainted": false
                    },
                    "deposed": [],
                    "provider": "module.services.provider.aws"
                },
                "aws_lambda_function.workflow-service-worker": {
                    "type": "aws_lambda_function",
                    "depends_on": [
                        "aws_iam_role.iam_for_exec_lambda"
                    ],
                    "primary": {
                        "id": "triskel-mcma-dev-workflow-service-worker",
                        "attributes": {
                            "arn": "arn:aws:lambda:us-east-2:213450902387:function:triskel-mcma-dev-workflow-service-worker",
                            "dead_letter_config.#": "0",
                            "description": "",
                            "environment.#": "0",
                            "filename": "./../services/Mcma.Aws.WorkflowService/Worker/dist/lambda.zip",
                            "function_name": "triskel-mcma-dev-workflow-service-worker",
                            "handler": "Mcma.Aws.WorkflowService.Worker::Mcma.Aws.WorkflowService.Worker.Function::Handler",
                            "id": "triskel-mcma-dev-workflow-service-worker",
                            "invoke_arn": "arn:aws:apigateway:us-east-2:lambda:path/2015-03-31/functions/arn:aws:lambda:us-east-2:213450902387:function:triskel-mcma-dev-workflow-service-worker/invocations",
                            "kms_key_arn": "",
                            "last_modified": "2018-11-28T00:19:18.810+0000",
                            "memory_size": "3008",
                            "publish": "false",
                            "qualified_arn": "arn:aws:lambda:us-east-2:213450902387:function:triskel-mcma-dev-workflow-service-worker:$LATEST",
                            "reserved_concurrent_executions": "0",
                            "role": "arn:aws:iam::213450902387:role/triskel-mcma-dev.us-east-2.services.lambda_exec_role",
                            "runtime": "dotnetcore2.1",
                            "source_code_hash": "5EG8mj4DV6NmS01palS4qgiSyLijZSbgT7vSHeFs/yA=",
                            "source_code_size": "1232935",
                            "tags.%": "0",
                            "timeout": "300",
                            "tracing_config.#": "1",
                            "tracing_config.0.mode": "PassThrough",
                            "version": "$LATEST",
                            "vpc_config.#": "0"
                        },
                        "meta": {},
                        "tainted": false
                    },
                    "deposed": [],
                    "provider": "module.services.provider.aws"
                },
                "aws_lambda_permission.allow_bucket": {
                    "type": "aws_lambda_permission",
                    "depends_on": [
                        "aws_lambda_function.aws-ai-service-s3-trigger",
                        "aws_s3_bucket.aws-ai-service-output"
                    ],
                    "primary": {
                        "id": "AllowExecutionFromS3Bucket",
                        "attributes": {
                            "action": "lambda:InvokeFunction",
                            "function_name": "arn:aws:lambda:us-east-2:213450902387:function:triskel-mcma-dev-aws-ai-service-s3-trigger",
                            "id": "AllowExecutionFromS3Bucket",
                            "principal": "s3.amazonaws.com",
                            "qualifier": "",
                            "source_arn": "arn:aws:s3:::triskel.mcma.us-east-2.dev.aws-ai-service-output",
                            "statement_id": "AllowExecutionFromS3Bucket"
                        },
                        "meta": {},
                        "tainted": false
                    },
                    "deposed": [],
                    "provider": "module.services.provider.aws"
                },
                "aws_lambda_permission.apigw_ame-service-api-handler": {
                    "type": "aws_lambda_permission",
                    "depends_on": [
                        "aws_api_gateway_method.ame_service_api_method",
                        "aws_api_gateway_rest_api.ame_service_api",
                        "aws_lambda_function.ame-service-api-handler"
                    ],
                    "primary": {
                        "id": "AllowExecutionFromAPIGateway",
                        "attributes": {
                            "action": "lambda:InvokeFunction",
                            "function_name": "arn:aws:lambda:us-east-2:213450902387:function:triskel-mcma-dev-ame-service-api-handler",
                            "id": "AllowExecutionFromAPIGateway",
                            "principal": "apigateway.amazonaws.com",
                            "qualifier": "",
                            "source_arn": "arn:aws:execute-api:us-east-2:213450902387:hiojg0cdch/*/ANY/*",
                            "statement_id": "AllowExecutionFromAPIGateway"
                        },
                        "meta": {},
                        "tainted": false
                    },
                    "deposed": [],
                    "provider": "module.services.provider.aws"
                },
                "aws_lambda_permission.apigw_aws-ai-service-api-handler": {
                    "type": "aws_lambda_permission",
                    "depends_on": [
                        "aws_api_gateway_method.aws_ai_service_api_method",
                        "aws_api_gateway_rest_api.aws_ai_service_api",
                        "aws_lambda_function.aws-ai-service-api-handler"
                    ],
                    "primary": {
                        "id": "AllowExecutionFromAPIGateway",
                        "attributes": {
                            "action": "lambda:InvokeFunction",
                            "function_name": "arn:aws:lambda:us-east-2:213450902387:function:triskel-mcma-dev-aws-ai-service-api-handler",
                            "id": "AllowExecutionFromAPIGateway",
                            "principal": "apigateway.amazonaws.com",
                            "qualifier": "",
                            "source_arn": "arn:aws:execute-api:us-east-2:213450902387:ekbh6o1pub/*/ANY/*",
                            "statement_id": "AllowExecutionFromAPIGateway"
                        },
                        "meta": {},
                        "tainted": false
                    },
                    "deposed": [],
                    "provider": "module.services.provider.aws"
                },
                "aws_lambda_permission.apigw_azure-ai-service-api-handler": {
                    "type": "aws_lambda_permission",
                    "depends_on": [
                        "aws_api_gateway_method.azure_ai_service_api_method",
                        "aws_api_gateway_rest_api.azure_ai_service_api",
                        "aws_lambda_function.azure-ai-service-api-handler"
                    ],
                    "primary": {
                        "id": "AllowExecutionFromAPIGateway",
                        "attributes": {
                            "action": "lambda:InvokeFunction",
                            "function_name": "arn:aws:lambda:us-east-2:213450902387:function:triskel-mcma-dev-azure-ai-service-api-handler",
                            "id": "AllowExecutionFromAPIGateway",
                            "principal": "apigateway.amazonaws.com",
                            "qualifier": "",
                            "source_arn": "arn:aws:execute-api:us-east-2:213450902387:x3upxl16b2/*/ANY/*",
                            "statement_id": "AllowExecutionFromAPIGateway"
                        },
                        "meta": {},
                        "tainted": false
                    },
                    "deposed": [],
                    "provider": "module.services.provider.aws"
                },
                "aws_lambda_permission.apigw_job-processor-service-api-handler": {
                    "type": "aws_lambda_permission",
                    "depends_on": [
                        "aws_api_gateway_method.job_processor_service_api_method",
                        "aws_api_gateway_rest_api.job_processor_service_api",
                        "aws_lambda_function.job-processor-service-api-handler"
                    ],
                    "primary": {
                        "id": "AllowExecutionFromAPIGateway",
                        "attributes": {
                            "action": "lambda:InvokeFunction",
                            "function_name": "arn:aws:lambda:us-east-2:213450902387:function:triskel-mcma-dev-job-processor-service-api-handler",
                            "id": "AllowExecutionFromAPIGateway",
                            "principal": "apigateway.amazonaws.com",
                            "qualifier": "",
                            "source_arn": "arn:aws:execute-api:us-east-2:213450902387:q0ndvsdbo4/*/ANY/*",
                            "statement_id": "AllowExecutionFromAPIGateway"
                        },
                        "meta": {},
                        "tainted": false
                    },
                    "deposed": [],
                    "provider": "module.services.provider.aws"
                },
                "aws_lambda_permission.apigw_job-repository-api-handler": {
                    "type": "aws_lambda_permission",
                    "depends_on": [
                        "aws_api_gateway_method.job_repository_api_method",
                        "aws_api_gateway_rest_api.job_repository_api",
                        "aws_lambda_function.job-repository-api-handler"
                    ],
                    "primary": {
                        "id": "AllowExecutionFromAPIGateway",
                        "attributes": {
                            "action": "lambda:InvokeFunction",
                            "function_name": "arn:aws:lambda:us-east-2:213450902387:function:triskel-mcma-dev-job-repository-api-handler",
                            "id": "AllowExecutionFromAPIGateway",
                            "principal": "apigateway.amazonaws.com",
                            "qualifier": "",
                            "source_arn": "arn:aws:execute-api:us-east-2:213450902387:dldy4i2dm6/*/ANY/*",
                            "statement_id": "AllowExecutionFromAPIGateway"
                        },
                        "meta": {},
                        "tainted": false
                    },
                    "deposed": [],
                    "provider": "module.services.provider.aws"
                },
                "aws_lambda_permission.apigw_media-repository-api-handler": {
                    "type": "aws_lambda_permission",
                    "depends_on": [
                        "aws_api_gateway_method.media_repository_api_method",
                        "aws_api_gateway_rest_api.media_repository_api",
                        "aws_lambda_function.media-repository-api-handler"
                    ],
                    "primary": {
                        "id": "AllowExecutionFromAPIGateway",
                        "attributes": {
                            "action": "lambda:InvokeFunction",
                            "function_name": "arn:aws:lambda:us-east-2:213450902387:function:triskel-mcma-dev-media-repository-api-handler",
                            "id": "AllowExecutionFromAPIGateway",
                            "principal": "apigateway.amazonaws.com",
                            "qualifier": "",
                            "source_arn": "arn:aws:execute-api:us-east-2:213450902387:rcg9yk1z3h/*/ANY/*",
                            "statement_id": "AllowExecutionFromAPIGateway"
                        },
                        "meta": {},
                        "tainted": false
                    },
                    "deposed": [],
                    "provider": "module.services.provider.aws"
                },
                "aws_lambda_permission.apigw_service-registry-api-handler": {
                    "type": "aws_lambda_permission",
                    "depends_on": [
                        "aws_api_gateway_method.service_registry_api_method",
                        "aws_api_gateway_rest_api.service_registry_api",
                        "aws_lambda_function.service-registry-api-handler"
                    ],
                    "primary": {
                        "id": "AllowExecutionFromAPIGateway",
                        "attributes": {
                            "action": "lambda:InvokeFunction",
                            "function_name": "arn:aws:lambda:us-east-2:213450902387:function:triskel-mcma-dev-service-registry-api-handler",
                            "id": "AllowExecutionFromAPIGateway",
                            "principal": "apigateway.amazonaws.com",
                            "qualifier": "",
                            "source_arn": "arn:aws:execute-api:us-east-2:213450902387:w7eijekmuf/*/ANY/*",
                            "statement_id": "AllowExecutionFromAPIGateway"
                        },
                        "meta": {},
                        "tainted": false
                    },
                    "deposed": [],
                    "provider": "module.services.provider.aws"
                },
                "aws_lambda_permission.apigw_transform-service-api-handler": {
                    "type": "aws_lambda_permission",
                    "depends_on": [
                        "aws_api_gateway_method.transform_service_api_method",
                        "aws_api_gateway_rest_api.transform_service_api",
                        "aws_lambda_function.transform-service-api-handler"
                    ],
                    "primary": {
                        "id": "AllowExecutionFromAPIGateway",
                        "attributes": {
                            "action": "lambda:InvokeFunction",
                            "function_name": "arn:aws:lambda:us-east-2:213450902387:function:triskel-mcma-dev-transform-service-api-handler",
                            "id": "AllowExecutionFromAPIGateway",
                            "principal": "apigateway.amazonaws.com",
                            "qualifier": "",
                            "source_arn": "arn:aws:execute-api:us-east-2:213450902387:ob3f1jj0og/*/ANY/*",
                            "statement_id": "AllowExecutionFromAPIGateway"
                        },
                        "meta": {},
                        "tainted": false
                    },
                    "deposed": [],
                    "provider": "module.services.provider.aws"
                },
                "aws_lambda_permission.apigw_workflow-service-api-handler": {
                    "type": "aws_lambda_permission",
                    "depends_on": [
                        "aws_api_gateway_method.workflow_service_api_method",
                        "aws_api_gateway_rest_api.workflow_service_api",
                        "aws_lambda_function.workflow-service-api-handler"
                    ],
                    "primary": {
                        "id": "AllowExecutionFromAPIGateway",
                        "attributes": {
                            "action": "lambda:InvokeFunction",
                            "function_name": "arn:aws:lambda:us-east-2:213450902387:function:triskel-mcma-dev-workflow-service-api-handler",
                            "id": "AllowExecutionFromAPIGateway",
                            "principal": "apigateway.amazonaws.com",
                            "qualifier": "",
                            "source_arn": "arn:aws:execute-api:us-east-2:213450902387:mii37s2qoc/*/ANY/*",
                            "statement_id": "AllowExecutionFromAPIGateway"
                        },
                        "meta": {},
                        "tainted": false
                    },
                    "deposed": [],
                    "provider": "module.services.provider.aws"
                },
                "aws_lambda_permission.aws_lambda_permission_with_sns": {
                    "type": "aws_lambda_permission",
                    "depends_on": [
                        "aws_lambda_function.aws-ai-service-sns-trigger",
                        "aws_sns_topic.sns_topic_reko_output"
                    ],
                    "primary": {
                        "id": "AllowExecutionFromSNS",
                        "attributes": {
                            "action": "lambda:InvokeFunction",
                            "function_name": "triskel-mcma-dev-aws-ai-service-sns-trigger",
                            "id": "AllowExecutionFromSNS",
                            "principal": "sns.amazonaws.com",
                            "qualifier": "",
                            "source_arn": "arn:aws:sns:us-east-2:213450902387:AmazonRekognition_triskel-mcma-dev_us-east-2",
                            "statement_id": "AllowExecutionFromSNS"
                        },
                        "meta": {},
                        "tainted": false
                    },
                    "deposed": [],
                    "provider": "module.services.provider.aws"
                },
                "aws_s3_bucket.aws-ai-service-output": {
                    "type": "aws_s3_bucket",
                    "depends_on": [],
                    "primary": {
                        "id": "triskel.mcma.us-east-2.dev.aws-ai-service-output",
                        "attributes": {
                            "acceleration_status": "",
                            "acl": "private",
                            "arn": "arn:aws:s3:::triskel.mcma.us-east-2.dev.aws-ai-service-output",
                            "bucket": "triskel.mcma.us-east-2.dev.aws-ai-service-output",
                            "bucket_domain_name": "triskel.mcma.us-east-2.dev.aws-ai-service-output.s3.amazonaws.com",
                            "bucket_regional_domain_name": "triskel.mcma.us-east-2.dev.aws-ai-service-output.s3.us-east-2.amazonaws.com",
                            "cors_rule.#": "0",
                            "force_destroy": "true",
                            "hosted_zone_id": "Z2O1EMRO9K5GLX",
                            "id": "triskel.mcma.us-east-2.dev.aws-ai-service-output",
                            "lifecycle_rule.#": "0",
                            "logging.#": "0",
                            "region": "us-east-2",
                            "replication_configuration.#": "0",
                            "request_payer": "BucketOwner",
                            "server_side_encryption_configuration.#": "0",
                            "tags.%": "0",
                            "versioning.#": "1",
                            "versioning.0.enabled": "false",
                            "versioning.0.mfa_delete": "false",
                            "website.#": "0"
                        },
                        "meta": {},
                        "tainted": false
                    },
                    "deposed": [],
                    "provider": "module.services.provider.aws"
                },
                "aws_s3_bucket_notification.aws-ai-service-output-bucket-notification": {
                    "type": "aws_s3_bucket_notification",
                    "depends_on": [
                        "aws_lambda_function.aws-ai-service-s3-trigger",
                        "aws_s3_bucket.aws-ai-service-output"
                    ],
                    "primary": {
                        "id": "triskel.mcma.us-east-2.dev.aws-ai-service-output",
                        "attributes": {
                            "bucket": "triskel.mcma.us-east-2.dev.aws-ai-service-output",
                            "id": "triskel.mcma.us-east-2.dev.aws-ai-service-output",
                            "lambda_function.#": "1",
                            "lambda_function.0.events.#": "1",
                            "lambda_function.0.events.3356830603": "s3:ObjectCreated:*",
                            "lambda_function.0.filter_prefix": "",
                            "lambda_function.0.filter_suffix": "json",
                            "lambda_function.0.id": "tf-s3-lambda-20181128002117548100000016",
                            "lambda_function.0.lambda_function_arn": "arn:aws:lambda:us-east-2:213450902387:function:triskel-mcma-dev-aws-ai-service-s3-trigger",
                            "queue.#": "0",
                            "topic.#": "0"
                        },
                        "meta": {},
                        "tainted": false
                    },
                    "deposed": [],
                    "provider": "module.services.provider.aws"
                },
                "aws_sns_topic.sns_topic_reko_output": {
                    "type": "aws_sns_topic",
                    "depends_on": [],
                    "primary": {
                        "id": "arn:aws:sns:us-east-2:213450902387:AmazonRekognition_triskel-mcma-dev_us-east-2",
                        "attributes": {
                            "application_failure_feedback_role_arn": "",
                            "application_success_feedback_role_arn": "",
                            "application_success_feedback_sample_rate": "0",
                            "arn": "arn:aws:sns:us-east-2:213450902387:AmazonRekognition_triskel-mcma-dev_us-east-2",
                            "delivery_policy": "",
                            "display_name": "",
                            "http_failure_feedback_role_arn": "",
                            "http_success_feedback_role_arn": "",
                            "http_success_feedback_sample_rate": "0",
                            "id": "arn:aws:sns:us-east-2:213450902387:AmazonRekognition_triskel-mcma-dev_us-east-2",
                            "lambda_failure_feedback_role_arn": "",
                            "lambda_success_feedback_role_arn": "",
                            "lambda_success_feedback_sample_rate": "0",
                            "name": "AmazonRekognition_triskel-mcma-dev_us-east-2",
                            "policy": "{\"Version\":\"2008-10-17\",\"Id\":\"__default_policy_ID\",\"Statement\":[{\"Sid\":\"__default_statement_ID\",\"Effect\":\"Allow\",\"Principal\":{\"AWS\":\"*\"},\"Action\":[\"SNS:GetTopicAttributes\",\"SNS:SetTopicAttributes\",\"SNS:AddPermission\",\"SNS:RemovePermission\",\"SNS:DeleteTopic\",\"SNS:Subscribe\",\"SNS:ListSubscriptionsByTopic\",\"SNS:Publish\",\"SNS:Receive\"],\"Resource\":\"arn:aws:sns:us-east-2:213450902387:AmazonRekognition_triskel-mcma-dev_us-east-2\",\"Condition\":{\"StringEquals\":{\"AWS:SourceOwner\":\"213450902387\"}}}]}",
                            "sqs_failure_feedback_role_arn": "",
                            "sqs_success_feedback_role_arn": "",
                            "sqs_success_feedback_sample_rate": "0"
                        },
                        "meta": {},
                        "tainted": false
                    },
                    "deposed": [],
                    "provider": "module.services.provider.aws"
                },
                "aws_sns_topic_subscription.aws_sns_topic_sub_lambda": {
                    "type": "aws_sns_topic_subscription",
                    "depends_on": [
                        "aws_lambda_function.aws-ai-service-sns-trigger",
                        "aws_sns_topic.sns_topic_reko_output"
                    ],
                    "primary": {
                        "id": "arn:aws:sns:us-east-2:213450902387:AmazonRekognition_triskel-mcma-dev_us-east-2:8a897b3d-1bf0-4053-b29d-4d407742bbc6",
                        "attributes": {
                            "arn": "arn:aws:sns:us-east-2:213450902387:AmazonRekognition_triskel-mcma-dev_us-east-2:8a897b3d-1bf0-4053-b29d-4d407742bbc6",
                            "confirmation_timeout_in_minutes": "1",
                            "delivery_policy": "",
                            "endpoint": "arn:aws:lambda:us-east-2:213450902387:function:triskel-mcma-dev-aws-ai-service-sns-trigger",
                            "endpoint_auto_confirms": "false",
                            "filter_policy": "",
                            "id": "arn:aws:sns:us-east-2:213450902387:AmazonRekognition_triskel-mcma-dev_us-east-2:8a897b3d-1bf0-4053-b29d-4d407742bbc6",
                            "protocol": "lambda",
                            "raw_message_delivery": "false",
                            "topic_arn": "arn:aws:sns:us-east-2:213450902387:AmazonRekognition_triskel-mcma-dev_us-east-2"
                        },
                        "meta": {},
                        "tainted": false
                    },
                    "deposed": [],
                    "provider": "module.services.provider.aws"
                }
            },
            "depends_on": []
        },
        {
            "path": [
                "root",
                "storage"
            ],
            "outputs": {
                "repository_bucket": {
                    "sensitive": false,
                    "type": "string",
                    "value": "triskel.mcma.us-east-2.dev.repository"
                },
                "temp_bucket": {
                    "sensitive": false,
                    "type": "string",
                    "value": "triskel.mcma.us-east-2.dev.temp"
                },
                "upload_bucket": {
                    "sensitive": false,
                    "type": "string",
                    "value": "triskel.mcma.us-east-2.dev.upload"
                },
                "website_bucket": {
                    "sensitive": false,
                    "type": "string",
                    "value": "triskel.mcma.us-east-2.dev.website"
                },
                "website_url": {
                    "sensitive": false,
                    "type": "string",
                    "value": "https://s3-us-east-2.amazonaws.com/triskel.mcma.us-east-2.dev.website/index.html"
                }
            },
            "resources": {
                "aws_s3_bucket.media-repo": {
                    "type": "aws_s3_bucket",
                    "depends_on": [],
                    "primary": {
                        "id": "triskel.mcma.us-east-2.dev.repository",
                        "attributes": {
                            "acceleration_status": "",
                            "acl": "private",
                            "arn": "arn:aws:s3:::triskel.mcma.us-east-2.dev.repository",
                            "bucket": "triskel.mcma.us-east-2.dev.repository",
                            "bucket_domain_name": "triskel.mcma.us-east-2.dev.repository.s3.amazonaws.com",
                            "bucket_regional_domain_name": "triskel.mcma.us-east-2.dev.repository.s3.us-east-2.amazonaws.com",
                            "cors_rule.#": "0",
                            "force_destroy": "true",
                            "hosted_zone_id": "Z2O1EMRO9K5GLX",
                            "id": "triskel.mcma.us-east-2.dev.repository",
                            "lifecycle_rule.#": "0",
                            "logging.#": "0",
                            "region": "us-east-2",
                            "replication_configuration.#": "0",
                            "request_payer": "BucketOwner",
                            "server_side_encryption_configuration.#": "0",
                            "tags.%": "0",
                            "versioning.#": "1",
                            "versioning.0.enabled": "false",
                            "versioning.0.mfa_delete": "false",
                            "website.#": "0"
                        },
                        "meta": {},
                        "tainted": false
                    },
                    "deposed": [],
                    "provider": "module.storage.provider.aws"
                },
                "aws_s3_bucket.temp": {
                    "type": "aws_s3_bucket",
                    "depends_on": [],
                    "primary": {
                        "id": "triskel.mcma.us-east-2.dev.temp",
                        "attributes": {
                            "acceleration_status": "",
                            "acl": "private",
                            "arn": "arn:aws:s3:::triskel.mcma.us-east-2.dev.temp",
                            "bucket": "triskel.mcma.us-east-2.dev.temp",
                            "bucket_domain_name": "triskel.mcma.us-east-2.dev.temp.s3.amazonaws.com",
                            "bucket_regional_domain_name": "triskel.mcma.us-east-2.dev.temp.s3.us-east-2.amazonaws.com",
                            "cors_rule.#": "0",
                            "force_destroy": "true",
                            "hosted_zone_id": "Z2O1EMRO9K5GLX",
                            "id": "triskel.mcma.us-east-2.dev.temp",
                            "lifecycle_rule.#": "0",
                            "logging.#": "0",
                            "region": "us-east-2",
                            "replication_configuration.#": "0",
                            "request_payer": "BucketOwner",
                            "server_side_encryption_configuration.#": "0",
                            "tags.%": "0",
                            "versioning.#": "1",
                            "versioning.0.enabled": "false",
                            "versioning.0.mfa_delete": "false",
                            "website.#": "0"
                        },
                        "meta": {},
                        "tainted": false
                    },
                    "deposed": [],
                    "provider": "module.storage.provider.aws"
                },
                "aws_s3_bucket.upload": {
                    "type": "aws_s3_bucket",
                    "depends_on": [
                        "data.template_file.s3_public_read_write_policy_upload"
                    ],
                    "primary": {
                        "id": "triskel.mcma.us-east-2.dev.upload",
                        "attributes": {
                            "acceleration_status": "",
                            "acl": "public-read-write",
                            "arn": "arn:aws:s3:::triskel.mcma.us-east-2.dev.upload",
                            "bucket": "triskel.mcma.us-east-2.dev.upload",
                            "bucket_domain_name": "triskel.mcma.us-east-2.dev.upload.s3.amazonaws.com",
                            "bucket_regional_domain_name": "triskel.mcma.us-east-2.dev.upload.s3.us-east-2.amazonaws.com",
                            "cors_rule.#": "1",
                            "cors_rule.0.allowed_headers.#": "1",
                            "cors_rule.0.allowed_headers.0": "*",
                            "cors_rule.0.allowed_methods.#": "4",
                            "cors_rule.0.allowed_methods.0": "GET",
                            "cors_rule.0.allowed_methods.1": "PUT",
                            "cors_rule.0.allowed_methods.2": "POST",
                            "cors_rule.0.allowed_methods.3": "DELETE",
                            "cors_rule.0.allowed_origins.#": "1",
                            "cors_rule.0.allowed_origins.0": "*",
                            "cors_rule.0.expose_headers.#": "1",
                            "cors_rule.0.expose_headers.0": "ETag",
                            "cors_rule.0.max_age_seconds": "3000",
                            "force_destroy": "true",
                            "hosted_zone_id": "Z2O1EMRO9K5GLX",
                            "id": "triskel.mcma.us-east-2.dev.upload",
                            "lifecycle_rule.#": "0",
                            "logging.#": "0",
                            "policy": "{\"Statement\":[{\"Action\":\"s3:ListBucket\",\"Effect\":\"Allow\",\"Principal\":\"*\",\"Resource\":\"arn:aws:s3:::triskel.mcma.us-east-2.dev.upload\"},{\"Action\":[\"s3:PutObject\",\"s3:GetObject\"],\"Effect\":\"Allow\",\"Principal\":\"*\",\"Resource\":\"arn:aws:s3:::triskel.mcma.us-east-2.dev.upload/*\"}],\"Version\":\"2012-10-17\"}",
                            "region": "us-east-2",
                            "replication_configuration.#": "0",
                            "request_payer": "BucketOwner",
                            "server_side_encryption_configuration.#": "0",
                            "tags.%": "0",
                            "versioning.#": "1",
                            "versioning.0.enabled": "false",
                            "versioning.0.mfa_delete": "false",
                            "website.#": "0"
                        },
                        "meta": {},
                        "tainted": false
                    },
                    "deposed": [],
                    "provider": "module.storage.provider.aws"
                },
                "aws_s3_bucket.website": {
                    "type": "aws_s3_bucket",
                    "depends_on": [
                        "data.template_file.s3_public_read_policy_website"
                    ],
                    "primary": {
                        "id": "triskel.mcma.us-east-2.dev.website",
                        "attributes": {
                            "acceleration_status": "",
                            "acl": "public-read",
                            "arn": "arn:aws:s3:::triskel.mcma.us-east-2.dev.website",
                            "bucket": "triskel.mcma.us-east-2.dev.website",
                            "bucket_domain_name": "triskel.mcma.us-east-2.dev.website.s3.amazonaws.com",
                            "bucket_regional_domain_name": "triskel.mcma.us-east-2.dev.website.s3.us-east-2.amazonaws.com",
                            "cors_rule.#": "0",
                            "force_destroy": "true",
                            "hosted_zone_id": "Z2O1EMRO9K5GLX",
                            "id": "triskel.mcma.us-east-2.dev.website",
                            "lifecycle_rule.#": "0",
                            "logging.#": "0",
                            "policy": "{\"Statement\":[{\"Action\":\"s3:GetObject\",\"Effect\":\"Allow\",\"Principal\":\"*\",\"Resource\":\"arn:aws:s3:::triskel.mcma.us-east-2.dev.website/*\"}],\"Version\":\"2012-10-17\"}",
                            "region": "us-east-2",
                            "replication_configuration.#": "0",
                            "request_payer": "BucketOwner",
                            "server_side_encryption_configuration.#": "0",
                            "tags.%": "0",
                            "versioning.#": "1",
                            "versioning.0.enabled": "false",
                            "versioning.0.mfa_delete": "false",
                            "website.#": "1",
                            "website.0.error_document": "",
                            "website.0.index_document": "index.html",
                            "website.0.redirect_all_requests_to": "",
                            "website.0.routing_rules": "",
                            "website_domain": "s3-website.us-east-2.amazonaws.com",
                            "website_endpoint": "triskel.mcma.us-east-2.dev.website.s3-website.us-east-2.amazonaws.com"
                        },
                        "meta": {},
                        "tainted": false
                    },
                    "deposed": [],
                    "provider": "module.storage.provider.aws"
                },
                "aws_s3_bucket_object.file_0": {
                    "type": "aws_s3_bucket_object",
                    "depends_on": [
                        "aws_s3_bucket.website"
                    ],
                    "primary": {
                        "id": "3rdpartylicenses.txt",
                        "attributes": {
                            "acl": "private",
                            "bucket": "triskel.mcma.us-east-2.dev.website",
                            "cache_control": "",
                            "content_disposition": "",
                            "content_encoding": "",
                            "content_language": "",
                            "content_type": "text/plain",
                            "etag": "d37bd61424b9dce7936d7a2ae90c9881",
                            "id": "3rdpartylicenses.txt",
                            "key": "3rdpartylicenses.txt",
                            "server_side_encryption": "",
                            "source": "../website/dist/website/3rdpartylicenses.txt",
                            "storage_class": "STANDARD",
                            "tags.%": "0",
                            "version_id": "",
                            "website_redirect": ""
                        },
                        "meta": {},
                        "tainted": false
                    },
                    "deposed": [],
                    "provider": "module.storage.provider.aws"
                },
                "aws_s3_bucket_object.file_1": {
                    "type": "aws_s3_bucket_object",
                    "depends_on": [
                        "aws_s3_bucket.website"
                    ],
                    "primary": {
                        "id": "config.json",
                        "attributes": {
                            "acl": "private",
                            "bucket": "triskel.mcma.us-east-2.dev.website",
                            "cache_control": "",
                            "content_disposition": "",
                            "content_encoding": "",
                            "content_language": "",
                            "content_type": "application/json",
                            "etag": "3ce7e5896caacbe0e6aada382265d308",
                            "id": "config.json",
                            "key": "config.json",
                            "server_side_encryption": "",
                            "source": "../website/dist/website/config.json",
                            "storage_class": "STANDARD",
                            "tags.%": "0",
                            "version_id": "",
                            "website_redirect": ""
                        },
                        "meta": {},
                        "tainted": false
                    },
                    "deposed": [],
                    "provider": "module.storage.provider.aws"
                },
                "aws_s3_bucket_object.file_2": {
                    "type": "aws_s3_bucket_object",
                    "depends_on": [
                        "aws_s3_bucket.website"
                    ],
                    "primary": {
                        "id": "favicon.ico",
                        "attributes": {
                            "acl": "private",
                            "bucket": "triskel.mcma.us-east-2.dev.website",
                            "cache_control": "",
                            "content_disposition": "",
                            "content_encoding": "",
                            "content_language": "",
                            "content_type": "image/x-icon",
                            "etag": "b9aa7c338693424aae99599bec875b5f",
                            "id": "favicon.ico",
                            "key": "favicon.ico",
                            "server_side_encryption": "",
                            "source": "../website/dist/website/favicon.ico",
                            "storage_class": "STANDARD",
                            "tags.%": "0",
                            "version_id": "",
                            "website_redirect": ""
                        },
                        "meta": {},
                        "tainted": false
                    },
                    "deposed": [],
                    "provider": "module.storage.provider.aws"
                },
                "aws_s3_bucket_object.file_3": {
                    "type": "aws_s3_bucket_object",
                    "depends_on": [
                        "aws_s3_bucket.website"
                    ],
                    "primary": {
                        "id": "index.html",
                        "attributes": {
                            "acl": "private",
                            "bucket": "triskel.mcma.us-east-2.dev.website",
                            "cache_control": "",
                            "content_disposition": "",
                            "content_encoding": "",
                            "content_language": "",
                            "content_type": "text/html",
                            "etag": "b6391c1c52ae5c8b6f34a53620969d30",
                            "id": "index.html",
                            "key": "index.html",
                            "server_side_encryption": "",
                            "source": "../website/dist/website/index.html",
                            "storage_class": "STANDARD",
                            "tags.%": "0",
                            "version_id": "",
                            "website_redirect": ""
                        },
                        "meta": {},
                        "tainted": false
                    },
                    "deposed": [],
                    "provider": "module.storage.provider.aws"
                },
                "aws_s3_bucket_object.file_4": {
                    "type": "aws_s3_bucket_object",
                    "depends_on": [
                        "aws_s3_bucket.website"
                    ],
                    "primary": {
                        "id": "main.3e8edd40beaeb24bdcae.js",
                        "attributes": {
                            "acl": "private",
                            "bucket": "triskel.mcma.us-east-2.dev.website",
                            "cache_control": "",
                            "content_disposition": "",
                            "content_encoding": "",
                            "content_language": "",
                            "content_type": "application/javascript",
                            "etag": "276ddae10cf6629303ebab6a84de8af3",
                            "id": "main.3e8edd40beaeb24bdcae.js",
                            "key": "main.3e8edd40beaeb24bdcae.js",
                            "server_side_encryption": "",
                            "source": "../website/dist/website/main.3e8edd40beaeb24bdcae.js",
                            "storage_class": "STANDARD",
                            "tags.%": "0",
                            "version_id": "",
                            "website_redirect": ""
                        },
                        "meta": {},
                        "tainted": false
                    },
                    "deposed": [],
                    "provider": "module.storage.provider.aws"
                },
                "aws_s3_bucket_object.file_5": {
                    "type": "aws_s3_bucket_object",
                    "depends_on": [
                        "aws_s3_bucket.website"
                    ],
                    "primary": {
                        "id": "polyfills.3f691539a92e9a8db950.js",
                        "attributes": {
                            "acl": "private",
                            "bucket": "triskel.mcma.us-east-2.dev.website",
                            "cache_control": "",
                            "content_disposition": "",
                            "content_encoding": "",
                            "content_language": "",
                            "content_type": "application/javascript",
                            "etag": "d35d89901dea4c5b6ae0a7521ef4d564",
                            "id": "polyfills.3f691539a92e9a8db950.js",
                            "key": "polyfills.3f691539a92e9a8db950.js",
                            "server_side_encryption": "",
                            "source": "../website/dist/website/polyfills.3f691539a92e9a8db950.js",
                            "storage_class": "STANDARD",
                            "tags.%": "0",
                            "version_id": "",
                            "website_redirect": ""
                        },
                        "meta": {},
                        "tainted": false
                    },
                    "deposed": [],
                    "provider": "module.storage.provider.aws"
                },
                "aws_s3_bucket_object.file_6": {
                    "type": "aws_s3_bucket_object",
                    "depends_on": [
                        "aws_s3_bucket.website"
                    ],
                    "primary": {
                        "id": "runtime.a66f828dca56eeb90e02.js",
                        "attributes": {
                            "acl": "private",
                            "bucket": "triskel.mcma.us-east-2.dev.website",
                            "cache_control": "",
                            "content_disposition": "",
                            "content_encoding": "",
                            "content_language": "",
                            "content_type": "application/javascript",
                            "etag": "f2c1a0d5e113c332e6bbe7887eb378b2",
                            "id": "runtime.a66f828dca56eeb90e02.js",
                            "key": "runtime.a66f828dca56eeb90e02.js",
                            "server_side_encryption": "",
                            "source": "../website/dist/website/runtime.a66f828dca56eeb90e02.js",
                            "storage_class": "STANDARD",
                            "tags.%": "0",
                            "version_id": "",
                            "website_redirect": ""
                        },
                        "meta": {},
                        "tainted": false
                    },
                    "deposed": [],
                    "provider": "module.storage.provider.aws"
                },
                "aws_s3_bucket_object.file_7": {
                    "type": "aws_s3_bucket_object",
                    "depends_on": [
                        "aws_s3_bucket.website"
                    ],
                    "primary": {
                        "id": "styles.9bc1a8e7b4ee6c370817.css",
                        "attributes": {
                            "acl": "private",
                            "bucket": "triskel.mcma.us-east-2.dev.website",
                            "cache_control": "",
                            "content_disposition": "",
                            "content_encoding": "",
                            "content_language": "",
                            "content_type": "text/css",
                            "etag": "ea3cbc81343556db6487097cabe1ff16",
                            "id": "styles.9bc1a8e7b4ee6c370817.css",
                            "key": "styles.9bc1a8e7b4ee6c370817.css",
                            "server_side_encryption": "",
                            "source": "../website/dist/website/styles.9bc1a8e7b4ee6c370817.css",
                            "storage_class": "STANDARD",
                            "tags.%": "0",
                            "version_id": "",
                            "website_redirect": ""
                        },
                        "meta": {},
                        "tainted": false
                    },
                    "deposed": [],
                    "provider": "module.storage.provider.aws"
                },
                "aws_s3_bucket_object.file_8": {
                    "type": "aws_s3_bucket_object",
                    "depends_on": [
                        "aws_s3_bucket.website"
                    ],
                    "primary": {
                        "id": "assets/images/cloud-logo.svg",
                        "attributes": {
                            "acl": "private",
                            "bucket": "triskel.mcma.us-east-2.dev.website",
                            "cache_control": "",
                            "content_disposition": "",
                            "content_encoding": "",
                            "content_language": "",
                            "content_type": "image/svg+xml",
                            "etag": "d31a050648b90d858af8048971b2191e",
                            "id": "assets/images/cloud-logo.svg",
                            "key": "assets/images/cloud-logo.svg",
                            "server_side_encryption": "",
                            "source": "../website/dist/website/assets/images/cloud-logo.svg",
                            "storage_class": "STANDARD",
                            "tags.%": "0",
                            "version_id": "",
                            "website_redirect": ""
                        },
                        "meta": {},
                        "tainted": false
                    },
                    "deposed": [],
                    "provider": "module.storage.provider.aws"
                },
                "data.template_file.s3_public_read_policy_website": {
                    "type": "template_file",
                    "depends_on": [],
                    "primary": {
                        "id": "42085bcf0a88076a1ce1b35794d617a0f6179aa8c1173c89d19a527cefdf6d4a",
                        "attributes": {
                            "id": "42085bcf0a88076a1ce1b35794d617a0f6179aa8c1173c89d19a527cefdf6d4a",
                            "rendered": "{\r\n    \"Version\": \"2012-10-17\",\r\n    \"Statement\": [\r\n        {\r\n            \"Effect\": \"Allow\",\r\n            \"Principal\": \"*\",\r\n            \"Action\": [\r\n                \"s3:GetObject\"\r\n            ],\r\n            \"Resource\": [\r\n                \"arn:aws:s3:::triskel.mcma.us-east-2.dev.website/*\"\r\n            ]\r\n        }\r\n    ]\r\n}",
                            "template": "{\r\n    \"Version\": \"2012-10-17\",\r\n    \"Statement\": [\r\n        {\r\n            \"Effect\": \"Allow\",\r\n            \"Principal\": \"*\",\r\n            \"Action\": [\r\n                \"s3:GetObject\"\r\n            ],\r\n            \"Resource\": [\r\n                \"arn:aws:s3:::${bucket_name}/*\"\r\n            ]\r\n        }\r\n    ]\r\n}",
                            "vars.%": "1",
                            "vars.bucket_name": "triskel.mcma.us-east-2.dev.website"
                        },
                        "meta": {},
                        "tainted": false
                    },
                    "deposed": [],
                    "provider": "provider.template"
                },
                "data.template_file.s3_public_read_write_policy_upload": {
                    "type": "template_file",
                    "depends_on": [],
                    "primary": {
                        "id": "ca05f81224740b5a2f42c61912279e57e60813f1eb1a9bcf9fbba70dd292c6ab",
                        "attributes": {
                            "id": "ca05f81224740b5a2f42c61912279e57e60813f1eb1a9bcf9fbba70dd292c6ab",
                            "rendered": "{\r\n    \"Version\": \"2012-10-17\",\r\n    \"Statement\": [\r\n        {\r\n            \"Effect\": \"Allow\",\r\n            \"Principal\": \"*\",\r\n            \"Action\": [\r\n                \"s3:ListBucket\"\r\n            ],\r\n            \"Resource\": [\r\n                \"arn:aws:s3:::triskel.mcma.us-east-2.dev.upload\"\r\n            ]\r\n        },\r\n        {\r\n            \"Effect\": \"Allow\",\r\n            \"Principal\": \"*\",\r\n            \"Action\": [\r\n                \"s3:PutObject\",\r\n                \"s3:GetObject\"\r\n            ],\r\n            \"Resource\": [\r\n                \"arn:aws:s3:::triskel.mcma.us-east-2.dev.upload/*\"\r\n            ]\r\n        }\r\n    ]\r\n}",
                            "template": "{\r\n    \"Version\": \"2012-10-17\",\r\n    \"Statement\": [\r\n        {\r\n            \"Effect\": \"Allow\",\r\n            \"Principal\": \"*\",\r\n            \"Action\": [\r\n                \"s3:ListBucket\"\r\n            ],\r\n            \"Resource\": [\r\n                \"arn:aws:s3:::${bucket_name}\"\r\n            ]\r\n        },\r\n        {\r\n            \"Effect\": \"Allow\",\r\n            \"Principal\": \"*\",\r\n            \"Action\": [\r\n                \"s3:PutObject\",\r\n                \"s3:GetObject\"\r\n            ],\r\n            \"Resource\": [\r\n                \"arn:aws:s3:::${bucket_name}/*\"\r\n            ]\r\n        }\r\n    ]\r\n}",
                            "vars.%": "1",
                            "vars.bucket_name": "triskel.mcma.us-east-2.dev.upload"
                        },
                        "meta": {},
                        "tainted": false
                    },
                    "deposed": [],
                    "provider": "provider.template"
                }
            },
            "depends_on": []
        },
        {
            "path": [
                "root",
                "workflows"
            ],
            "outputs": {
                "conform_workflow_id": {
                    "sensitive": false,
                    "type": "string",
                    "value": "arn:aws:states:us-east-2:213450902387:stateMachine:triskel-mcma-dev-conform-workflow"
                }
            },
            "resources": {
                "aws_api_gateway_deployment.workflow_activity_callback_handler_deployment": {
                    "type": "aws_api_gateway_deployment",
                    "depends_on": [
                        "aws_api_gateway_integration.workflow_activity_callback_handler_method-integration",
                        "aws_api_gateway_method.workflow_activity_callback_handler_method",
                        "aws_api_gateway_rest_api.workflow_activity_callback_handler",
                        "local.workflow_activity_callback_handler_url"
                    ],
                    "primary": {
                        "id": "0frn1c",
                        "attributes": {
                            "created_date": "2018-11-28T00:23:44Z",
                            "description": "",
                            "execution_arn": "arn:aws:execute-api:us-east-2:213450902387:9dcbr55mwd/dev",
                            "id": "0frn1c",
                            "invoke_url": "https://9dcbr55mwd.execute-api.us-east-2.amazonaws.com/dev",
                            "rest_api_id": "9dcbr55mwd",
                            "stage_name": "dev",
                            "variables.%": "1",
                            "variables.PublicUrl": "https://9dcbr55mwd.execute-api.us-east-2.amazonaws.com/dev/notifications"
                        },
                        "meta": {},
                        "tainted": false
                    },
                    "deposed": [],
                    "provider": "module.workflows.provider.aws"
                },
                "aws_api_gateway_integration.workflow_activity_callback_handler_method-integration": {
                    "type": "aws_api_gateway_integration",
                    "depends_on": [
                        "aws_api_gateway_method.workflow_activity_callback_handler_method",
                        "aws_api_gateway_resource.workflow_activity_callback_handler_resource",
                        "aws_api_gateway_rest_api.workflow_activity_callback_handler",
                        "aws_lambda_function.workflow-activity-callback-handler"
                    ],
                    "primary": {
                        "id": "agi-9dcbr55mwd-yxywys-ANY",
                        "attributes": {
                            "cache_key_parameters.#": "0",
                            "cache_namespace": "yxywys",
                            "connection_id": "",
                            "connection_type": "INTERNET",
                            "content_handling": "",
                            "credentials": "",
                            "http_method": "ANY",
                            "id": "agi-9dcbr55mwd-yxywys-ANY",
                            "integration_http_method": "POST",
                            "passthrough_behavior": "WHEN_NO_MATCH",
                            "request_parameters.%": "0",
                            "request_templates.%": "0",
                            "resource_id": "yxywys",
                            "rest_api_id": "9dcbr55mwd",
                            "timeout_milliseconds": "29000",
                            "type": "AWS_PROXY",
                            "uri": "arn:aws:apigateway:us-east-2:lambda:path/2015-03-31/functions/arn:aws:lambda:us-east-2:213450902387:function:triskel-mcma-dev-workflow-activity-callback-handler/invocations"
                        },
                        "meta": {},
                        "tainted": false
                    },
                    "deposed": [],
                    "provider": "module.workflows.provider.aws"
                },
                "aws_api_gateway_method.workflow_activity_callback_handler_method": {
                    "type": "aws_api_gateway_method",
                    "depends_on": [
                        "aws_api_gateway_resource.workflow_activity_callback_handler_resource",
                        "aws_api_gateway_rest_api.workflow_activity_callback_handler"
                    ],
                    "primary": {
                        "id": "agm-9dcbr55mwd-yxywys-ANY",
                        "attributes": {
                            "api_key_required": "false",
                            "authorization": "NONE",
                            "authorization_scopes.#": "0",
                            "authorizer_id": "",
                            "http_method": "ANY",
                            "id": "agm-9dcbr55mwd-yxywys-ANY",
                            "request_models.%": "0",
                            "request_parameters.%": "0",
                            "request_validator_id": "",
                            "resource_id": "yxywys",
                            "rest_api_id": "9dcbr55mwd"
                        },
                        "meta": {},
                        "tainted": false
                    },
                    "deposed": [],
                    "provider": "module.workflows.provider.aws"
                },
                "aws_api_gateway_resource.workflow_activity_callback_handler_resource": {
                    "type": "aws_api_gateway_resource",
                    "depends_on": [
                        "aws_api_gateway_rest_api.workflow_activity_callback_handler"
                    ],
                    "primary": {
                        "id": "yxywys",
                        "attributes": {
                            "id": "yxywys",
                            "parent_id": "1u5t3v2mq1",
                            "path": "/{proxy+}",
                            "path_part": "{proxy+}",
                            "rest_api_id": "9dcbr55mwd"
                        },
                        "meta": {},
                        "tainted": false
                    },
                    "deposed": [],
                    "provider": "module.workflows.provider.aws"
                },
                "aws_api_gateway_rest_api.workflow_activity_callback_handler": {
                    "type": "aws_api_gateway_rest_api",
                    "depends_on": [],
                    "primary": {
                        "id": "9dcbr55mwd",
                        "attributes": {
                            "api_key_source": "HEADER",
                            "binary_media_types.#": "0",
                            "created_date": "2018-11-28T00:16:54Z",
                            "description": "Workflow Activity Callback Rest Api",
                            "endpoint_configuration.#": "1",
                            "endpoint_configuration.0.types.#": "1",
                            "endpoint_configuration.0.types.0": "EDGE",
                            "execution_arn": "arn:aws:execute-api:us-east-2:213450902387:9dcbr55mwd",
                            "id": "9dcbr55mwd",
                            "minimum_compression_size": "-1",
                            "name": "triskel-mcma-dev-workflow-activity-callback-handler",
                            "policy": "",
                            "root_resource_id": "1u5t3v2mq1"
                        },
                        "meta": {},
                        "tainted": false
                    },
                    "deposed": [],
                    "provider": "module.workflows.provider.aws"
                },
                "aws_iam_policy.S3_policy": {
                    "type": "aws_iam_policy",
                    "depends_on": [],
                    "primary": {
                        "id": "arn:aws:iam::213450902387:policy/triskel-mcma-dev.us-east-2.workflows.policy_s3",
                        "attributes": {
                            "arn": "arn:aws:iam::213450902387:policy/triskel-mcma-dev.us-east-2.workflows.policy_s3",
                            "description": "Policy to access S3 bucket objects",
                            "id": "arn:aws:iam::213450902387:policy/triskel-mcma-dev.us-east-2.workflows.policy_s3",
                            "name": "triskel-mcma-dev.us-east-2.workflows.policy_s3",
                            "path": "/",
                            "policy": "{\r\n    \"Version\": \"2012-10-17\",\r\n    \"Statement\": [\r\n        {\r\n            \"Effect\": \"Allow\",\r\n            \"Action\": \"S3:*\",\r\n            \"Resource\": \"*\"\r\n        }\r\n    ]\r\n}"
                        },
                        "meta": {},
                        "tainted": false
                    },
                    "deposed": [],
                    "provider": "module.workflows.provider.aws"
                },
                "aws_iam_policy.log_policy": {
                    "type": "aws_iam_policy",
                    "depends_on": [],
                    "primary": {
                        "id": "arn:aws:iam::213450902387:policy/triskel-mcma-dev.us-east-2.workflows.policy_log",
                        "attributes": {
                            "arn": "arn:aws:iam::213450902387:policy/triskel-mcma-dev.us-east-2.workflows.policy_log",
                            "description": "Policy to write to log",
                            "id": "arn:aws:iam::213450902387:policy/triskel-mcma-dev.us-east-2.workflows.policy_log",
                            "name": "triskel-mcma-dev.us-east-2.workflows.policy_log",
                            "path": "/",
                            "policy": "{\r\n    \"Version\": \"2012-10-17\",\r\n    \"Statement\": [\r\n        {\r\n            \"Action\": [\r\n                \"logs:*\"\r\n            ],\r\n            \"Effect\": \"Allow\",\r\n            \"Resource\": \"*\"\r\n        }\r\n    ]\r\n}"
                        },
                        "meta": {},
                        "tainted": false
                    },
                    "deposed": [],
                    "provider": "module.workflows.provider.aws"
                },
                "aws_iam_policy.policy_steps_invoke_lambda": {
                    "type": "aws_iam_policy",
                    "depends_on": [],
                    "primary": {
                        "id": "arn:aws:iam::213450902387:policy/triskel-mcma-dev.us-east-2.workflows.policy_steps_invoke_lambda",
                        "attributes": {
                            "arn": "arn:aws:iam::213450902387:policy/triskel-mcma-dev.us-east-2.workflows.policy_steps_invoke_lambda",
                            "description": "Policy to allow step functions to invoke lambdas",
                            "id": "arn:aws:iam::213450902387:policy/triskel-mcma-dev.us-east-2.workflows.policy_steps_invoke_lambda",
                            "name": "triskel-mcma-dev.us-east-2.workflows.policy_steps_invoke_lambda",
                            "path": "/",
                            "policy": "{\r\n    \"Version\": \"2012-10-17\",\r\n    \"Statement\": [\r\n        {\r\n            \"Effect\": \"Allow\",\r\n            \"Action\": [\r\n                \"lambda:InvokeFunction\"\r\n            ],\r\n            \"Resource\": \"*\"\r\n        }\r\n    ]\r\n}"
                        },
                        "meta": {},
                        "tainted": false
                    },
                    "deposed": [],
                    "provider": "module.workflows.provider.aws"
                },
                "aws_iam_policy.steps_policy": {
                    "type": "aws_iam_policy",
                    "depends_on": [],
                    "primary": {
                        "id": "arn:aws:iam::213450902387:policy/triskel-mcma-dev.us-east-2.workflows.policy_steps",
                        "attributes": {
                            "arn": "arn:aws:iam::213450902387:policy/triskel-mcma-dev.us-east-2.workflows.policy_steps",
                            "description": "Policy to allow lambda functions manage step functions",
                            "id": "arn:aws:iam::213450902387:policy/triskel-mcma-dev.us-east-2.workflows.policy_steps",
                            "name": "triskel-mcma-dev.us-east-2.workflows.policy_steps",
                            "path": "/",
                            "policy": "{\r\n    \"Version\": \"2012-10-17\",\r\n    \"Statement\": [\r\n        {\r\n            \"Effect\": \"Allow\",\r\n            \"Action\": \"states:*\",\r\n            \"Resource\": \"*\"\r\n        }\r\n    ]\r\n}"
                        },
                        "meta": {},
                        "tainted": false
                    },
                    "deposed": [],
                    "provider": "module.workflows.provider.aws"
                },
                "aws_iam_role.iam_for_exec_lambda": {
                    "type": "aws_iam_role",
                    "depends_on": [],
                    "primary": {
                        "id": "triskel-mcma-dev.us-east-2.workflows.lambda_exec_role",
                        "attributes": {
                            "arn": "arn:aws:iam::213450902387:role/triskel-mcma-dev.us-east-2.workflows.lambda_exec_role",
                            "assume_role_policy": "{\"Version\":\"2012-10-17\",\"Statement\":[{\"Sid\":\"\",\"Effect\":\"Allow\",\"Principal\":{\"Service\":\"lambda.amazonaws.com\"},\"Action\":\"sts:AssumeRole\"}]}",
                            "create_date": "2018-11-28T00:16:59Z",
                            "description": "",
                            "force_detach_policies": "false",
                            "id": "triskel-mcma-dev.us-east-2.workflows.lambda_exec_role",
                            "max_session_duration": "3600",
                            "name": "triskel-mcma-dev.us-east-2.workflows.lambda_exec_role",
                            "path": "/",
                            "unique_id": "AROAIT5TERLPOGB5JLLU4"
                        },
                        "meta": {},
                        "tainted": false
                    },
                    "deposed": [],
                    "provider": "module.workflows.provider.aws"
                },
                "aws_iam_role.iam_for_state_machine_execution": {
                    "type": "aws_iam_role",
                    "depends_on": [
                        "data.template_file.steps-assume-role"
                    ],
                    "primary": {
                        "id": "triskel-mcma-dev.us-east-2.workflows.steps_exec_role",
                        "attributes": {
                            "arn": "arn:aws:iam::213450902387:role/triskel-mcma-dev.us-east-2.workflows.steps_exec_role",
                            "assume_role_policy": "{\"Version\":\"2012-10-17\",\"Statement\":[{\"Sid\":\"\",\"Effect\":\"Allow\",\"Principal\":{\"Service\":\"states.us-east-2.amazonaws.com\"},\"Action\":\"sts:AssumeRole\"}]}",
                            "create_date": "2018-11-28T00:16:57Z",
                            "description": "",
                            "force_detach_policies": "false",
                            "id": "triskel-mcma-dev.us-east-2.workflows.steps_exec_role",
                            "max_session_duration": "3600",
                            "name": "triskel-mcma-dev.us-east-2.workflows.steps_exec_role",
                            "path": "/",
                            "unique_id": "AROAJWQ5GUHOCQRHV52AY"
                        },
                        "meta": {},
                        "tainted": false
                    },
                    "deposed": [],
                    "provider": "module.workflows.provider.aws"
                },
                "aws_iam_role_policy_attachment.role-policy-S3": {
                    "type": "aws_iam_role_policy_attachment",
                    "depends_on": [
                        "aws_iam_policy.S3_policy",
                        "aws_iam_role.iam_for_exec_lambda"
                    ],
                    "primary": {
                        "id": "triskel-mcma-dev.us-east-2.workflows.lambda_exec_role-20181128001800918100000004",
                        "attributes": {
                            "id": "triskel-mcma-dev.us-east-2.workflows.lambda_exec_role-20181128001800918100000004",
                            "policy_arn": "arn:aws:iam::213450902387:policy/triskel-mcma-dev.us-east-2.workflows.policy_s3",
                            "role": "triskel-mcma-dev.us-east-2.workflows.lambda_exec_role"
                        },
                        "meta": {},
                        "tainted": false
                    },
                    "deposed": [],
                    "provider": "module.workflows.provider.aws"
                },
                "aws_iam_role_policy_attachment.role-policy-allow-steps-invoke-lambda": {
                    "type": "aws_iam_role_policy_attachment",
                    "depends_on": [
                        "aws_iam_policy.policy_steps_invoke_lambda",
                        "aws_iam_role.iam_for_state_machine_execution"
                    ],
                    "primary": {
                        "id": "triskel-mcma-dev.us-east-2.workflows.steps_exec_role-20181128001759747200000001",
                        "attributes": {
                            "id": "triskel-mcma-dev.us-east-2.workflows.steps_exec_role-20181128001759747200000001",
                            "policy_arn": "arn:aws:iam::213450902387:policy/triskel-mcma-dev.us-east-2.workflows.policy_steps_invoke_lambda",
                            "role": "triskel-mcma-dev.us-east-2.workflows.steps_exec_role"
                        },
                        "meta": {},
                        "tainted": false
                    },
                    "deposed": [],
                    "provider": "module.workflows.provider.aws"
                },
                "aws_iam_role_policy_attachment.role-policy-log": {
                    "type": "aws_iam_role_policy_attachment",
                    "depends_on": [
                        "aws_iam_policy.log_policy",
                        "aws_iam_role.iam_for_exec_lambda"
                    ],
                    "primary": {
                        "id": "triskel-mcma-dev.us-east-2.workflows.lambda_exec_role-20181128001800638700000003",
                        "attributes": {
                            "id": "triskel-mcma-dev.us-east-2.workflows.lambda_exec_role-20181128001800638700000003",
                            "policy_arn": "arn:aws:iam::213450902387:policy/triskel-mcma-dev.us-east-2.workflows.policy_log",
                            "role": "triskel-mcma-dev.us-east-2.workflows.lambda_exec_role"
                        },
                        "meta": {},
                        "tainted": false
                    },
                    "deposed": [],
                    "provider": "module.workflows.provider.aws"
                },
                "aws_iam_role_policy_attachment.role-policy-steps": {
                    "type": "aws_iam_role_policy_attachment",
                    "depends_on": [
                        "aws_iam_policy.steps_policy",
                        "aws_iam_role.iam_for_exec_lambda"
                    ],
                    "primary": {
                        "id": "triskel-mcma-dev.us-east-2.workflows.lambda_exec_role-20181128001759942600000002",
                        "attributes": {
                            "id": "triskel-mcma-dev.us-east-2.workflows.lambda_exec_role-20181128001759942600000002",
                            "policy_arn": "arn:aws:iam::213450902387:policy/triskel-mcma-dev.us-east-2.workflows.policy_steps",
                            "role": "triskel-mcma-dev.us-east-2.workflows.lambda_exec_role"
                        },
                        "meta": {},
                        "tainted": false
                    },
                    "deposed": [],
                    "provider": "module.workflows.provider.aws"
                },
                "aws_lambda_function.conform-01-validate-workflow-input": {
                    "type": "aws_lambda_function",
                    "depends_on": [
                        "aws_iam_role.iam_for_exec_lambda"
                    ],
                    "primary": {
                        "id": "triskel-mcma-dev-conform-01-validate-workflow-input",
                        "attributes": {
                            "arn": "arn:aws:lambda:us-east-2:213450902387:function:triskel-mcma-dev-conform-01-validate-workflow-input",
                            "dead_letter_config.#": "0",
                            "description": "",
                            "environment.#": "1",
                            "environment.0.variables.%": "4",
                            "environment.0.variables.REPOSITORY_BUCKET": "triskel.mcma.us-east-2.dev.repository",
                            "environment.0.variables.SERVICE_REGISTRY_URL": "https://w7eijekmuf.execute-api.us-east-2.amazonaws.com/dev/services",
                            "environment.0.variables.TEMP_BUCKET": "triskel.mcma.us-east-2.dev.temp",
                            "environment.0.variables.WEBSITE_BUCKET": "triskel.mcma.us-east-2.dev.website",
                            "filename": "./../workflows/conform/01-ValidateWorkflowInput/dist/lambda.zip",
                            "function_name": "triskel-mcma-dev-conform-01-validate-workflow-input",
                            "handler": "Mcma.Aws.Workflows.Conform.ValidateWorkflowInput::Mcma.Aws.Workflows.Conform.ValidateWorkflowInput.Function::Handler",
                            "id": "triskel-mcma-dev-conform-01-validate-workflow-input",
                            "invoke_arn": "arn:aws:apigateway:us-east-2:lambda:path/2015-03-31/functions/arn:aws:lambda:us-east-2:213450902387:function:triskel-mcma-dev-conform-01-validate-workflow-input/invocations",
                            "kms_key_arn": "",
                            "last_modified": "2018-11-28T00:21:00.913+0000",
                            "memory_size": "256",
                            "publish": "false",
                            "qualified_arn": "arn:aws:lambda:us-east-2:213450902387:function:triskel-mcma-dev-conform-01-validate-workflow-input:$LATEST",
                            "reserved_concurrent_executions": "0",
                            "role": "arn:aws:iam::213450902387:role/triskel-mcma-dev.us-east-2.workflows.lambda_exec_role",
                            "runtime": "nodejs8.10",
                            "source_code_hash": "wv7qFINAfYwl7G5eMIrnrGTHsa90dBigQfr1ltgYOO4=",
                            "source_code_size": "1199300",
                            "tags.%": "0",
                            "timeout": "30",
                            "tracing_config.#": "1",
                            "tracing_config.0.mode": "PassThrough",
                            "version": "$LATEST",
                            "vpc_config.#": "0"
                        },
                        "meta": {},
                        "tainted": false
                    },
                    "deposed": [],
                    "provider": "module.workflows.provider.aws"
                },
                "aws_lambda_function.conform-02-move-content-to-file-repository": {
                    "type": "aws_lambda_function",
                    "depends_on": [
                        "aws_iam_role.iam_for_exec_lambda"
                    ],
                    "primary": {
                        "id": "triskel-mcma-dev-conform-02-move-content-to-file-repository",
                        "attributes": {
                            "arn": "arn:aws:lambda:us-east-2:213450902387:function:triskel-mcma-dev-conform-02-move-content-to-file-repository",
                            "dead_letter_config.#": "0",
                            "description": "",
                            "environment.#": "1",
                            "environment.0.variables.%": "4",
                            "environment.0.variables.REPOSITORY_BUCKET": "triskel.mcma.us-east-2.dev.repository",
                            "environment.0.variables.SERVICE_REGISTRY_URL": "https://w7eijekmuf.execute-api.us-east-2.amazonaws.com/dev/services",
                            "environment.0.variables.TEMP_BUCKET": "triskel.mcma.us-east-2.dev.temp",
                            "environment.0.variables.WEBSITE_BUCKET": "triskel.mcma.us-east-2.dev.website",
                            "filename": "./../workflows/conform/02-MoveContentToFileRepository/dist/lambda.zip",
                            "function_name": "triskel-mcma-dev-conform-02-move-content-to-file-repository",
                            "handler": "Mcma.Aws.Workflows.Conform.MoveContentToFileRepository::Mcma.Aws.Workflows.Conform.MoveContentToFileRepository.Function::Handler",
                            "id": "triskel-mcma-dev-conform-02-move-content-to-file-repository",
                            "invoke_arn": "arn:aws:apigateway:us-east-2:lambda:path/2015-03-31/functions/arn:aws:lambda:us-east-2:213450902387:function:triskel-mcma-dev-conform-02-move-content-to-file-repository/invocations",
                            "kms_key_arn": "",
                            "last_modified": "2018-11-28T00:20:58.102+0000",
                            "memory_size": "256",
                            "publish": "false",
                            "qualified_arn": "arn:aws:lambda:us-east-2:213450902387:function:triskel-mcma-dev-conform-02-move-content-to-file-repository:$LATEST",
                            "reserved_concurrent_executions": "0",
                            "role": "arn:aws:iam::213450902387:role/triskel-mcma-dev.us-east-2.workflows.lambda_exec_role",
                            "runtime": "nodejs8.10",
                            "source_code_hash": "5Ldr5JsYFpmSfit8Yr4xuC3drzKlu2YxVi8GZBhO8ko=",
                            "source_code_size": "1199368",
                            "tags.%": "0",
                            "timeout": "30",
                            "tracing_config.#": "1",
                            "tracing_config.0.mode": "PassThrough",
                            "version": "$LATEST",
                            "vpc_config.#": "0"
                        },
                        "meta": {},
                        "tainted": false
                    },
                    "deposed": [],
                    "provider": "module.workflows.provider.aws"
                },
                "aws_lambda_function.conform-03-create-media-asset": {
                    "type": "aws_lambda_function",
                    "depends_on": [
                        "aws_iam_role.iam_for_exec_lambda"
                    ],
                    "primary": {
                        "id": "triskel-mcma-dev-conform-03-create-media-asset",
                        "attributes": {
                            "arn": "arn:aws:lambda:us-east-2:213450902387:function:triskel-mcma-dev-conform-03-create-media-asset",
                            "dead_letter_config.#": "0",
                            "description": "",
                            "environment.#": "1",
                            "environment.0.variables.%": "4",
                            "environment.0.variables.REPOSITORY_BUCKET": "triskel.mcma.us-east-2.dev.repository",
                            "environment.0.variables.SERVICE_REGISTRY_URL": "https://w7eijekmuf.execute-api.us-east-2.amazonaws.com/dev/services",
                            "environment.0.variables.TEMP_BUCKET": "triskel.mcma.us-east-2.dev.temp",
                            "environment.0.variables.WEBSITE_BUCKET": "triskel.mcma.us-east-2.dev.website",
                            "filename": "./../workflows/conform/03-CreateMediaAsset/dist/lambda.zip",
                            "function_name": "triskel-mcma-dev-conform-03-create-media-asset",
                            "handler": "Mcma.Aws.Workflows.Conform.CreateMediaAsset::Mcma.Aws.Workflows.Conform.CreateMediaAsset.Function::Handler",
                            "id": "triskel-mcma-dev-conform-03-create-media-asset",
                            "invoke_arn": "arn:aws:apigateway:us-east-2:lambda:path/2015-03-31/functions/arn:aws:lambda:us-east-2:213450902387:function:triskel-mcma-dev-conform-03-create-media-asset/invocations",
                            "kms_key_arn": "",
                            "last_modified": "2018-11-28T00:21:29.271+0000",
                            "memory_size": "256",
                            "publish": "false",
                            "qualified_arn": "arn:aws:lambda:us-east-2:213450902387:function:triskel-mcma-dev-conform-03-create-media-asset:$LATEST",
                            "reserved_concurrent_executions": "0",
                            "role": "arn:aws:iam::213450902387:role/triskel-mcma-dev.us-east-2.workflows.lambda_exec_role",
                            "runtime": "nodejs8.10",
                            "source_code_hash": "osxVlCCnpJIPAiMwq/9cexHbGjvaZSq1jMHkdf6DCmc=",
                            "source_code_size": "1198610",
                            "tags.%": "0",
                            "timeout": "30",
                            "tracing_config.#": "1",
                            "tracing_config.0.mode": "PassThrough",
                            "version": "$LATEST",
                            "vpc_config.#": "0"
                        },
                        "meta": {},
                        "tainted": false
                    },
                    "deposed": [],
                    "provider": "module.workflows.provider.aws"
                },
                "aws_lambda_function.conform-04-extract-technical-metadata": {
                    "type": "aws_lambda_function",
                    "depends_on": [
                        "aws_iam_role.iam_for_exec_lambda",
                        "aws_sfn_activity.conform-04-extract-technical-metadata",
                        "local.workflow_activity_callback_handler_url"
                    ],
                    "primary": {
                        "id": "triskel-mcma-dev-conform-04-extract-technical-metadata",
                        "attributes": {
                            "arn": "arn:aws:lambda:us-east-2:213450902387:function:triskel-mcma-dev-conform-04-extract-technical-metadata",
                            "dead_letter_config.#": "0",
                            "description": "",
                            "environment.#": "1",
                            "environment.0.variables.%": "6",
                            "environment.0.variables.ACTIVITY_ARN": "arn:aws:states:us-east-2:213450902387:activity:triskel-mcma-dev-conform-04-extract-technical-metadata",
                            "environment.0.variables.ACTIVITY_CALLBACK_URL": "https://9dcbr55mwd.execute-api.us-east-2.amazonaws.com/dev/notifications",
                            "environment.0.variables.REPOSITORY_BUCKET": "triskel.mcma.us-east-2.dev.repository",
                            "environment.0.variables.SERVICE_REGISTRY_URL": "https://w7eijekmuf.execute-api.us-east-2.amazonaws.com/dev/services",
                            "environment.0.variables.TEMP_BUCKET": "triskel.mcma.us-east-2.dev.temp",
                            "environment.0.variables.WEBSITE_BUCKET": "triskel.mcma.us-east-2.dev.website",
                            "filename": "./../workflows/conform/04-ExtractTechnicalMetadata/dist/lambda.zip",
                            "function_name": "triskel-mcma-dev-conform-04-extract-technical-metadata",
                            "handler": "Mcma.Aws.Workflows.Conform.ExtractTechnicalMetadata::Mcma.Aws.Workflows.Conform.ExtractTechnicalMetadata.Function::Handler",
                            "id": "triskel-mcma-dev-conform-04-extract-technical-metadata",
                            "invoke_arn": "arn:aws:apigateway:us-east-2:lambda:path/2015-03-31/functions/arn:aws:lambda:us-east-2:213450902387:function:triskel-mcma-dev-conform-04-extract-technical-metadata/invocations",
                            "kms_key_arn": "",
                            "last_modified": "2018-11-28T00:21:16.000+0000",
                            "memory_size": "256",
                            "publish": "false",
                            "qualified_arn": "arn:aws:lambda:us-east-2:213450902387:function:triskel-mcma-dev-conform-04-extract-technical-metadata:$LATEST",
                            "reserved_concurrent_executions": "0",
                            "role": "arn:aws:iam::213450902387:role/triskel-mcma-dev.us-east-2.workflows.lambda_exec_role",
                            "runtime": "nodejs8.10",
                            "source_code_hash": "fmJ+1pm0fPXe7PMKitQsVQCSCNn2geHEiXWrGxkNoUI=",
                            "source_code_size": "1227377",
                            "tags.%": "0",
                            "timeout": "30",
                            "tracing_config.#": "1",
                            "tracing_config.0.mode": "PassThrough",
                            "version": "$LATEST",
                            "vpc_config.#": "0"
                        },
                        "meta": {},
                        "tainted": false
                    },
                    "deposed": [],
                    "provider": "module.workflows.provider.aws"
                },
                "aws_lambda_function.conform-05-register-technical-metadata": {
                    "type": "aws_lambda_function",
                    "depends_on": [
                        "aws_iam_role.iam_for_exec_lambda"
                    ],
                    "primary": {
                        "id": "triskel-mcma-dev-conform-05-register-technical-metadata",
                        "attributes": {
                            "arn": "arn:aws:lambda:us-east-2:213450902387:function:triskel-mcma-dev-conform-05-register-technical-metadata",
                            "dead_letter_config.#": "0",
                            "description": "",
                            "environment.#": "1",
                            "environment.0.variables.%": "4",
                            "environment.0.variables.REPOSITORY_BUCKET": "triskel.mcma.us-east-2.dev.repository",
                            "environment.0.variables.SERVICE_REGISTRY_URL": "https://w7eijekmuf.execute-api.us-east-2.amazonaws.com/dev/services",
                            "environment.0.variables.TEMP_BUCKET": "triskel.mcma.us-east-2.dev.temp",
                            "environment.0.variables.WEBSITE_BUCKET": "triskel.mcma.us-east-2.dev.website",
                            "filename": "./../workflows/conform/05-RegisterTechnicalMetadata/dist/lambda.zip",
                            "function_name": "triskel-mcma-dev-conform-05-register-technical-metadata",
                            "handler": "Mcma.Aws.Workflows.Conform.RegisterTechnicalMetadata::Mcma.Aws.Workflows.Conform.RegisterTechnicalMetadata.Function::Handler",
                            "id": "triskel-mcma-dev-conform-05-register-technical-metadata",
                            "invoke_arn": "arn:aws:apigateway:us-east-2:lambda:path/2015-03-31/functions/arn:aws:lambda:us-east-2:213450902387:function:triskel-mcma-dev-conform-05-register-technical-metadata/invocations",
                            "kms_key_arn": "",
                            "last_modified": "2018-11-28T00:21:37.961+0000",
                            "memory_size": "256",
                            "publish": "false",
                            "qualified_arn": "arn:aws:lambda:us-east-2:213450902387:function:triskel-mcma-dev-conform-05-register-technical-metadata:$LATEST",
                            "reserved_concurrent_executions": "0",
                            "role": "arn:aws:iam::213450902387:role/triskel-mcma-dev.us-east-2.workflows.lambda_exec_role",
                            "runtime": "nodejs8.10",
                            "source_code_hash": "W+FnXz1NlQWXtnjNN3ZbmWSOb/VDxdNYvh47grtpGBQ=",
                            "source_code_size": "1201097",
                            "tags.%": "0",
                            "timeout": "30",
                            "tracing_config.#": "1",
                            "tracing_config.0.mode": "PassThrough",
                            "version": "$LATEST",
                            "vpc_config.#": "0"
                        },
                        "meta": {},
                        "tainted": false
                    },
                    "deposed": [],
                    "provider": "module.workflows.provider.aws"
                },
                "aws_lambda_function.conform-06-decide-transcode-requirements": {
                    "type": "aws_lambda_function",
                    "depends_on": [
                        "aws_iam_role.iam_for_exec_lambda"
                    ],
                    "primary": {
                        "id": "triskel-mcma-dev-conform-06-decide-transcode-requirements",
                        "attributes": {
                            "arn": "arn:aws:lambda:us-east-2:213450902387:function:triskel-mcma-dev-conform-06-decide-transcode-requirements",
                            "dead_letter_config.#": "0",
                            "description": "",
                            "environment.#": "1",
                            "environment.0.variables.%": "5",
                            "environment.0.variables.REPOSITORY_BUCKET": "triskel.mcma.us-east-2.dev.repository",
                            "environment.0.variables.SERVICE_REGISTRY_URL": "https://w7eijekmuf.execute-api.us-east-2.amazonaws.com/dev/services",
                            "environment.0.variables.TEMP_BUCKET": "triskel.mcma.us-east-2.dev.temp",
                            "environment.0.variables.THESHOLD_SECONDS": "30",
                            "environment.0.variables.WEBSITE_BUCKET": "triskel.mcma.us-east-2.dev.website",
                            "filename": "./../workflows/conform/06-DecideTranscodeRequirements/dist/lambda.zip",
                            "function_name": "triskel-mcma-dev-conform-06-decide-transcode-requirements",
                            "handler": "Mcma.Aws.Workflows.Conform.DecideTranscodeRequirements::Mcma.Aws.Workflows.Conform.DecideTranscodeRequirements.Function::Handler",
                            "id": "triskel-mcma-dev-conform-06-decide-transcode-requirements",
                            "invoke_arn": "arn:aws:apigateway:us-east-2:lambda:path/2015-03-31/functions/arn:aws:lambda:us-east-2:213450902387:function:triskel-mcma-dev-conform-06-decide-transcode-requirements/invocations",
                            "kms_key_arn": "",
                            "last_modified": "2018-11-28T00:21:10.930+0000",
                            "memory_size": "256",
                            "publish": "false",
                            "qualified_arn": "arn:aws:lambda:us-east-2:213450902387:function:triskel-mcma-dev-conform-06-decide-transcode-requirements:$LATEST",
                            "reserved_concurrent_executions": "0",
                            "role": "arn:aws:iam::213450902387:role/triskel-mcma-dev.us-east-2.workflows.lambda_exec_role",
                            "runtime": "nodejs8.10",
                            "source_code_hash": "9pMdLR41QNfysz6J7R/hiCkwgnSGQBgXoLQCQoV7rsE=",
                            "source_code_size": "1201188",
                            "tags.%": "0",
                            "timeout": "30",
                            "tracing_config.#": "1",
                            "tracing_config.0.mode": "PassThrough",
                            "version": "$LATEST",
                            "vpc_config.#": "0"
                        },
                        "meta": {},
                        "tainted": false
                    },
                    "deposed": [],
                    "provider": "module.workflows.provider.aws"
                },
                "aws_lambda_function.conform-07a-short-transcode": {
                    "type": "aws_lambda_function",
                    "depends_on": [
                        "aws_iam_role.iam_for_exec_lambda",
                        "aws_sfn_activity.conform-07a-short-transcode",
                        "local.workflow_activity_callback_handler_url"
                    ],
                    "primary": {
                        "id": "triskel-mcma-dev-conform-07a-short-transcode",
                        "attributes": {
                            "arn": "arn:aws:lambda:us-east-2:213450902387:function:triskel-mcma-dev-conform-07a-short-transcode",
                            "dead_letter_config.#": "0",
                            "description": "",
                            "environment.#": "1",
                            "environment.0.variables.%": "6",
                            "environment.0.variables.ACTIVITY_ARN": "arn:aws:states:us-east-2:213450902387:activity:triskel-mcma-dev-conform-07a-short-transcode",
                            "environment.0.variables.ACTIVITY_CALLBACK_URL": "https://9dcbr55mwd.execute-api.us-east-2.amazonaws.com/dev/notifications",
                            "environment.0.variables.REPOSITORY_BUCKET": "triskel.mcma.us-east-2.dev.repository",
                            "environment.0.variables.SERVICE_REGISTRY_URL": "https://w7eijekmuf.execute-api.us-east-2.amazonaws.com/dev/services",
                            "environment.0.variables.TEMP_BUCKET": "triskel.mcma.us-east-2.dev.temp",
                            "environment.0.variables.WEBSITE_BUCKET": "triskel.mcma.us-east-2.dev.website",
                            "filename": "./../workflows/conform/07a-ShortTranscode/dist/lambda.zip",
                            "function_name": "triskel-mcma-dev-conform-07a-short-transcode",
                            "handler": "Mcma.Aws.Workflows.Conform.ShortTranscode::Mcma.Aws.Workflows.Conform.ShortTranscode.Function::Handler",
                            "id": "triskel-mcma-dev-conform-07a-short-transcode",
                            "invoke_arn": "arn:aws:apigateway:us-east-2:lambda:path/2015-03-31/functions/arn:aws:lambda:us-east-2:213450902387:function:triskel-mcma-dev-conform-07a-short-transcode/invocations",
                            "kms_key_arn": "",
                            "last_modified": "2018-11-28T00:21:13.606+0000",
                            "memory_size": "256",
                            "publish": "false",
                            "qualified_arn": "arn:aws:lambda:us-east-2:213450902387:function:triskel-mcma-dev-conform-07a-short-transcode:$LATEST",
                            "reserved_concurrent_executions": "0",
                            "role": "arn:aws:iam::213450902387:role/triskel-mcma-dev.us-east-2.workflows.lambda_exec_role",
                            "runtime": "nodejs8.10",
                            "source_code_hash": "IU9hgx6mnvdhVAN0I2S2bd9VpIpLq33Nm0bWJ1px2U0=",
                            "source_code_size": "1227416",
                            "tags.%": "0",
                            "timeout": "30",
                            "tracing_config.#": "1",
                            "tracing_config.0.mode": "PassThrough",
                            "version": "$LATEST",
                            "vpc_config.#": "0"
                        },
                        "meta": {},
                        "tainted": false
                    },
                    "deposed": [],
                    "provider": "module.workflows.provider.aws"
                },
                "aws_lambda_function.conform-07b-long-transcode": {
                    "type": "aws_lambda_function",
                    "depends_on": [
                        "aws_iam_role.iam_for_exec_lambda",
                        "aws_sfn_activity.conform-07b-long-transcode",
                        "local.workflow_activity_callback_handler_url"
                    ],
                    "primary": {
                        "id": "triskel-mcma-dev-conform-07b-long-transcode",
                        "attributes": {
                            "arn": "arn:aws:lambda:us-east-2:213450902387:function:triskel-mcma-dev-conform-07b-long-transcode",
                            "dead_letter_config.#": "0",
                            "description": "",
                            "environment.#": "1",
                            "environment.0.variables.%": "6",
                            "environment.0.variables.ACTIVITY_ARN": "arn:aws:states:us-east-2:213450902387:activity:triskel-mcma-dev-conform-07b-long-transcode",
                            "environment.0.variables.ACTIVITY_CALLBACK_URL": "https://9dcbr55mwd.execute-api.us-east-2.amazonaws.com/dev/notifications",
                            "environment.0.variables.REPOSITORY_BUCKET": "triskel.mcma.us-east-2.dev.repository",
                            "environment.0.variables.SERVICE_REGISTRY_URL": "https://w7eijekmuf.execute-api.us-east-2.amazonaws.com/dev/services",
                            "environment.0.variables.TEMP_BUCKET": "triskel.mcma.us-east-2.dev.temp",
                            "environment.0.variables.WEBSITE_BUCKET": "triskel.mcma.us-east-2.dev.website",
                            "filename": "./../workflows/conform/07b-LongTranscode/dist/lambda.zip",
                            "function_name": "triskel-mcma-dev-conform-07b-long-transcode",
                            "handler": "Mcma.Aws.Workflows.Conform.LongTranscode::Mcma.Aws.Workflows.Conform.LongTranscode.Function::Handler",
                            "id": "triskel-mcma-dev-conform-07b-long-transcode",
                            "invoke_arn": "arn:aws:apigateway:us-east-2:lambda:path/2015-03-31/functions/arn:aws:lambda:us-east-2:213450902387:function:triskel-mcma-dev-conform-07b-long-transcode/invocations",
                            "kms_key_arn": "",
                            "last_modified": "2018-11-28T00:20:46.677+0000",
                            "memory_size": "256",
                            "publish": "false",
                            "qualified_arn": "arn:aws:lambda:us-east-2:213450902387:function:triskel-mcma-dev-conform-07b-long-transcode:$LATEST",
                            "reserved_concurrent_executions": "0",
                            "role": "arn:aws:iam::213450902387:role/triskel-mcma-dev.us-east-2.workflows.lambda_exec_role",
                            "runtime": "nodejs8.10",
                            "source_code_hash": "fCCYNS0TyPxR3EWq860ye5QCvHiqzfmT6Dfd7ic5DsA=",
                            "source_code_size": "1227399",
                            "tags.%": "0",
                            "timeout": "30",
                            "tracing_config.#": "1",
                            "tracing_config.0.mode": "PassThrough",
                            "version": "$LATEST",
                            "vpc_config.#": "0"
                        },
                        "meta": {},
                        "tainted": false
                    },
                    "deposed": [],
                    "provider": "module.workflows.provider.aws"
                },
                "aws_lambda_function.conform-08-register-proxy-essence": {
                    "type": "aws_lambda_function",
                    "depends_on": [
                        "aws_iam_role.iam_for_exec_lambda"
                    ],
                    "primary": {
                        "id": "triskel-mcma-dev-conform-08-register-proxy-essence",
                        "attributes": {
                            "arn": "arn:aws:lambda:us-east-2:213450902387:function:triskel-mcma-dev-conform-08-register-proxy-essence",
                            "dead_letter_config.#": "0",
                            "description": "",
                            "environment.#": "1",
                            "environment.0.variables.%": "4",
                            "environment.0.variables.REPOSITORY_BUCKET": "triskel.mcma.us-east-2.dev.repository",
                            "environment.0.variables.SERVICE_REGISTRY_URL": "https://w7eijekmuf.execute-api.us-east-2.amazonaws.com/dev/services",
                            "environment.0.variables.TEMP_BUCKET": "triskel.mcma.us-east-2.dev.temp",
                            "environment.0.variables.WEBSITE_BUCKET": "triskel.mcma.us-east-2.dev.website",
                            "filename": "./../workflows/conform/08-RegisterProxyEssence/dist/lambda.zip",
                            "function_name": "triskel-mcma-dev-conform-08-register-proxy-essence",
                            "handler": "Mcma.Aws.Workflows.Conform.RegisterProxyEssence::Mcma.Aws.Workflows.Conform.RegisterProxyEssence.Function::Handler",
                            "id": "triskel-mcma-dev-conform-08-register-proxy-essence",
                            "invoke_arn": "arn:aws:apigateway:us-east-2:lambda:path/2015-03-31/functions/arn:aws:lambda:us-east-2:213450902387:function:triskel-mcma-dev-conform-08-register-proxy-essence/invocations",
                            "kms_key_arn": "",
                            "last_modified": "2018-11-28T00:21:21.240+0000",
                            "memory_size": "256",
                            "publish": "false",
                            "qualified_arn": "arn:aws:lambda:us-east-2:213450902387:function:triskel-mcma-dev-conform-08-register-proxy-essence:$LATEST",
                            "reserved_concurrent_executions": "0",
                            "role": "arn:aws:iam::213450902387:role/triskel-mcma-dev.us-east-2.workflows.lambda_exec_role",
                            "runtime": "nodejs8.10",
                            "source_code_hash": "yDt+nfX+BM7rUVraW0y8v8IwX45ikr5PuCUPleHRny0=",
                            "source_code_size": "1200452",
                            "tags.%": "0",
                            "timeout": "30",
                            "tracing_config.#": "1",
                            "tracing_config.0.mode": "PassThrough",
                            "version": "$LATEST",
                            "vpc_config.#": "0"
                        },
                        "meta": {},
                        "tainted": false
                    },
                    "deposed": [],
                    "provider": "module.workflows.provider.aws"
                },
                "aws_lambda_function.conform-09-copy-proxy-to-website-storage": {
                    "type": "aws_lambda_function",
                    "depends_on": [
                        "aws_iam_role.iam_for_exec_lambda"
                    ],
                    "primary": {
                        "id": "triskel-mcma-dev-conform-09-copy-proxy-to-website-storage",
                        "attributes": {
                            "arn": "arn:aws:lambda:us-east-2:213450902387:function:triskel-mcma-dev-conform-09-copy-proxy-to-website-storage",
                            "dead_letter_config.#": "0",
                            "description": "",
                            "environment.#": "1",
                            "environment.0.variables.%": "4",
                            "environment.0.variables.REPOSITORY_BUCKET": "triskel.mcma.us-east-2.dev.repository",
                            "environment.0.variables.SERVICE_REGISTRY_URL": "https://w7eijekmuf.execute-api.us-east-2.amazonaws.com/dev/services",
                            "environment.0.variables.TEMP_BUCKET": "triskel.mcma.us-east-2.dev.temp",
                            "environment.0.variables.WEBSITE_BUCKET": "triskel.mcma.us-east-2.dev.website",
                            "filename": "./../workflows/conform/09-CopyProxyToWebsiteStorage/dist/lambda.zip",
                            "function_name": "triskel-mcma-dev-conform-09-copy-proxy-to-website-storage",
                            "handler": "Mcma.Aws.Workflows.Conform.CopyProxyToWebsiteStorage::Mcma.Aws.Workflows.Conform.CopyProxyToWebsiteStorage.Function::Handler",
                            "id": "triskel-mcma-dev-conform-09-copy-proxy-to-website-storage",
                            "invoke_arn": "arn:aws:apigateway:us-east-2:lambda:path/2015-03-31/functions/arn:aws:lambda:us-east-2:213450902387:function:triskel-mcma-dev-conform-09-copy-proxy-to-website-storage/invocations",
                            "kms_key_arn": "",
                            "last_modified": "2018-11-28T00:21:32.029+0000",
                            "memory_size": "256",
                            "publish": "false",
                            "qualified_arn": "arn:aws:lambda:us-east-2:213450902387:function:triskel-mcma-dev-conform-09-copy-proxy-to-website-storage:$LATEST",
                            "reserved_concurrent_executions": "0",
                            "role": "arn:aws:iam::213450902387:role/triskel-mcma-dev.us-east-2.workflows.lambda_exec_role",
                            "runtime": "nodejs8.10",
                            "source_code_hash": "iaZ++qe7Ag35gXHghB0mNe2d7QxXAAmo4TSpvJorsHA=",
                            "source_code_size": "1200902",
                            "tags.%": "0",
                            "timeout": "30",
                            "tracing_config.#": "1",
                            "tracing_config.0.mode": "PassThrough",
                            "version": "$LATEST",
                            "vpc_config.#": "0"
                        },
                        "meta": {},
                        "tainted": false
                    },
                    "deposed": [],
                    "provider": "module.workflows.provider.aws"
                },
                "aws_lambda_function.conform-10-register-proxy-website-locator": {
                    "type": "aws_lambda_function",
                    "depends_on": [
                        "aws_iam_role.iam_for_exec_lambda"
                    ],
                    "primary": {
                        "id": "triskel-mcma-dev-conform-10-register-proxy-website-locator",
                        "attributes": {
                            "arn": "arn:aws:lambda:us-east-2:213450902387:function:triskel-mcma-dev-conform-10-register-proxy-website-locator",
                            "dead_letter_config.#": "0",
                            "description": "",
                            "environment.#": "1",
                            "environment.0.variables.%": "4",
                            "environment.0.variables.REPOSITORY_BUCKET": "triskel.mcma.us-east-2.dev.repository",
                            "environment.0.variables.SERVICE_REGISTRY_URL": "https://w7eijekmuf.execute-api.us-east-2.amazonaws.com/dev/services",
                            "environment.0.variables.TEMP_BUCKET": "triskel.mcma.us-east-2.dev.temp",
                            "environment.0.variables.WEBSITE_BUCKET": "triskel.mcma.us-east-2.dev.website",
                            "filename": "./../workflows/conform/10-RegisterProxyWebsiteLocator/dist/lambda.zip",
                            "function_name": "triskel-mcma-dev-conform-10-register-proxy-website-locator",
                            "handler": "Mcma.Aws.Workflows.Conform.RegisterProxyWebsiteLocator::Mcma.Aws.Workflows.Conform.RegisterProxyWebsiteLocator.Function::Handler",
                            "id": "triskel-mcma-dev-conform-10-register-proxy-website-locator",
                            "invoke_arn": "arn:aws:apigateway:us-east-2:lambda:path/2015-03-31/functions/arn:aws:lambda:us-east-2:213450902387:function:triskel-mcma-dev-conform-10-register-proxy-website-locator/invocations",
                            "kms_key_arn": "",
                            "last_modified": "2018-11-28T00:21:24.235+0000",
                            "memory_size": "256",
                            "publish": "false",
                            "qualified_arn": "arn:aws:lambda:us-east-2:213450902387:function:triskel-mcma-dev-conform-10-register-proxy-website-locator:$LATEST",
                            "reserved_concurrent_executions": "0",
                            "role": "arn:aws:iam::213450902387:role/triskel-mcma-dev.us-east-2.workflows.lambda_exec_role",
                            "runtime": "nodejs8.10",
                            "source_code_hash": "bGojBRIzBjU2ALFkuLRw3r49nND/QBq5BunSVplcyw8=",
                            "source_code_size": "1199599",
                            "tags.%": "0",
                            "timeout": "30",
                            "tracing_config.#": "1",
                            "tracing_config.0.mode": "PassThrough",
                            "version": "$LATEST",
                            "vpc_config.#": "0"
                        },
                        "meta": {},
                        "tainted": false
                    },
                    "deposed": [],
                    "provider": "module.workflows.provider.aws"
                },
                "aws_lambda_function.conform-11-start-ai-workflow": {
                    "type": "aws_lambda_function",
                    "depends_on": [
                        "aws_iam_role.iam_for_exec_lambda"
                    ],
                    "primary": {
                        "id": "triskel-mcma-dev-conform-11-start-ai-workflow",
                        "attributes": {
                            "arn": "arn:aws:lambda:us-east-2:213450902387:function:triskel-mcma-dev-conform-11-start-ai-workflow",
                            "dead_letter_config.#": "0",
                            "description": "",
                            "environment.#": "1",
                            "environment.0.variables.%": "4",
                            "environment.0.variables.REPOSITORY_BUCKET": "triskel.mcma.us-east-2.dev.repository",
                            "environment.0.variables.SERVICE_REGISTRY_URL": "https://w7eijekmuf.execute-api.us-east-2.amazonaws.com/dev/services",
                            "environment.0.variables.TEMP_BUCKET": "triskel.mcma.us-east-2.dev.temp",
                            "environment.0.variables.WEBSITE_BUCKET": "triskel.mcma.us-east-2.dev.website",
                            "filename": "./../workflows/conform/11-StartAiWorkflow/dist/lambda.zip",
                            "function_name": "triskel-mcma-dev-conform-11-start-ai-workflow",
                            "handler": "Mcma.Aws.Workflows.Conform.StartAiWorkflow::Mcma.Aws.Workflows.Conform.StartAiWorkflow.Function::Handler",
                            "id": "triskel-mcma-dev-conform-11-start-ai-workflow",
                            "invoke_arn": "arn:aws:apigateway:us-east-2:lambda:path/2015-03-31/functions/arn:aws:lambda:us-east-2:213450902387:function:triskel-mcma-dev-conform-11-start-ai-workflow/invocations",
                            "kms_key_arn": "",
                            "last_modified": "2018-11-28T00:20:38.667+0000",
                            "memory_size": "256",
                            "publish": "false",
                            "qualified_arn": "arn:aws:lambda:us-east-2:213450902387:function:triskel-mcma-dev-conform-11-start-ai-workflow:$LATEST",
                            "reserved_concurrent_executions": "0",
                            "role": "arn:aws:iam::213450902387:role/triskel-mcma-dev.us-east-2.workflows.lambda_exec_role",
                            "runtime": "nodejs8.10",
                            "source_code_hash": "c5U0Ml+ZKxJNYo7c+MPgpLguXX2xJvUXDBVh/jvW1FY=",
                            "source_code_size": "1199355",
                            "tags.%": "0",
                            "timeout": "30",
                            "tracing_config.#": "1",
                            "tracing_config.0.mode": "PassThrough",
                            "version": "$LATEST",
                            "vpc_config.#": "0"
                        },
                        "meta": {},
                        "tainted": false
                    },
                    "deposed": [],
                    "provider": "module.workflows.provider.aws"
                },
                "aws_lambda_function.process-workflow-completion": {
                    "type": "aws_lambda_function",
                    "depends_on": [
                        "aws_iam_role.iam_for_exec_lambda"
                    ],
                    "primary": {
                        "id": "triskel-mcma-dev-process-workflow-completion",
                        "attributes": {
                            "arn": "arn:aws:lambda:us-east-2:213450902387:function:triskel-mcma-dev-process-workflow-completion",
                            "dead_letter_config.#": "0",
                            "description": "",
                            "environment.#": "1",
                            "environment.0.variables.%": "1",
                            "environment.0.variables.SERVICE_REGISTRY_URL": "https://w7eijekmuf.execute-api.us-east-2.amazonaws.com/dev/services",
                            "filename": "./../workflows/ProcessWorkflowCompletion/dist/lambda.zip",
                            "function_name": "triskel-mcma-dev-process-workflow-completion",
                            "handler": "Mcma.Aws.Workflows.ProcessWorkflowCompletion::Mcma.Aws.Workflows.ProcessWorkflowCompletion.Function::Handler",
                            "id": "triskel-mcma-dev-process-workflow-completion",
                            "invoke_arn": "arn:aws:apigateway:us-east-2:lambda:path/2015-03-31/functions/arn:aws:lambda:us-east-2:213450902387:function:triskel-mcma-dev-process-workflow-completion/invocations",
                            "kms_key_arn": "",
                            "last_modified": "2018-11-28T00:21:08.044+0000",
                            "memory_size": "256",
                            "publish": "false",
                            "qualified_arn": "arn:aws:lambda:us-east-2:213450902387:function:triskel-mcma-dev-process-workflow-completion:$LATEST",
                            "reserved_concurrent_executions": "0",
                            "role": "arn:aws:iam::213450902387:role/triskel-mcma-dev.us-east-2.workflows.lambda_exec_role",
                            "runtime": "nodejs8.10",
                            "source_code_hash": "CKt0hIPGUb8SS3zbc7LR7nABp7Q4dmAdI3zhlUx+UIM=",
                            "source_code_size": "1197837",
                            "tags.%": "0",
                            "timeout": "30",
                            "tracing_config.#": "1",
                            "tracing_config.0.mode": "PassThrough",
                            "version": "$LATEST",
                            "vpc_config.#": "0"
                        },
                        "meta": {},
                        "tainted": false
                    },
                    "deposed": [],
                    "provider": "module.workflows.provider.aws"
                },
                "aws_lambda_function.process-workflow-failure": {
                    "type": "aws_lambda_function",
                    "depends_on": [
                        "aws_iam_role.iam_for_exec_lambda"
                    ],
                    "primary": {
                        "id": "triskel-mcma-dev-process-workflow-failure",
                        "attributes": {
                            "arn": "arn:aws:lambda:us-east-2:213450902387:function:triskel-mcma-dev-process-workflow-failure",
                            "dead_letter_config.#": "0",
                            "description": "",
                            "environment.#": "1",
                            "environment.0.variables.%": "1",
                            "environment.0.variables.SERVICE_REGISTRY_URL": "https://w7eijekmuf.execute-api.us-east-2.amazonaws.com/dev/services",
                            "filename": "./../workflows/ProcessWorkflowFailure/dist/lambda.zip",
                            "function_name": "triskel-mcma-dev-process-workflow-failure",
                            "handler": "Mcma.Aws.Workflows.ProcessWorkflowFailure::Mcma.Aws.Workflows.ProcessWorkflowFailure.Function::Handler",
                            "id": "triskel-mcma-dev-process-workflow-failure",
                            "invoke_arn": "arn:aws:apigateway:us-east-2:lambda:path/2015-03-31/functions/arn:aws:lambda:us-east-2:213450902387:function:triskel-mcma-dev-process-workflow-failure/invocations",
                            "kms_key_arn": "",
                            "last_modified": "2018-11-28T00:21:04.793+0000",
                            "memory_size": "256",
                            "publish": "false",
                            "qualified_arn": "arn:aws:lambda:us-east-2:213450902387:function:triskel-mcma-dev-process-workflow-failure:$LATEST",
                            "reserved_concurrent_executions": "0",
                            "role": "arn:aws:iam::213450902387:role/triskel-mcma-dev.us-east-2.workflows.lambda_exec_role",
                            "runtime": "nodejs8.10",
                            "source_code_hash": "9lRgmKyNTi/WzPxNWKyUeFDSCheFg5PQDTl9r7Bt1+4=",
                            "source_code_size": "1197885",
                            "tags.%": "0",
                            "timeout": "30",
                            "tracing_config.#": "1",
                            "tracing_config.0.mode": "PassThrough",
                            "version": "$LATEST",
                            "vpc_config.#": "0"
                        },
                        "meta": {},
                        "tainted": false
                    },
                    "deposed": [],
                    "provider": "module.workflows.provider.aws"
                },
                "aws_lambda_function.workflow-activity-callback-handler": {
                    "type": "aws_lambda_function",
                    "depends_on": [
                        "aws_iam_role.iam_for_exec_lambda"
                    ],
                    "primary": {
                        "id": "triskel-mcma-dev-workflow-activity-callback-handler",
                        "attributes": {
                            "arn": "arn:aws:lambda:us-east-2:213450902387:function:triskel-mcma-dev-workflow-activity-callback-handler",
                            "dead_letter_config.#": "0",
                            "description": "",
                            "environment.#": "0",
                            "filename": "./../workflows/WorkflowActivityCallbackHandler/dist/lambda.zip",
                            "function_name": "triskel-mcma-dev-workflow-activity-callback-handler",
                            "handler": "Mcma.Aws.Workflows.WorkflowActivityCallbackHandler::Mcma.Aws.Workflows.WorkflowActivityCallbackHandler.Function::Handler",
                            "id": "triskel-mcma-dev-workflow-activity-callback-handler",
                            "invoke_arn": "arn:aws:apigateway:us-east-2:lambda:path/2015-03-31/functions/arn:aws:lambda:us-east-2:213450902387:function:triskel-mcma-dev-workflow-activity-callback-handler/invocations",
                            "kms_key_arn": "",
                            "last_modified": "2018-11-28T00:23:43.517+0000",
                            "memory_size": "256",
                            "publish": "false",
                            "qualified_arn": "arn:aws:lambda:us-east-2:213450902387:function:triskel-mcma-dev-workflow-activity-callback-handler:$LATEST",
                            "reserved_concurrent_executions": "0",
                            "role": "arn:aws:iam::213450902387:role/triskel-mcma-dev.us-east-2.workflows.lambda_exec_role",
                            "runtime": "nodejs8.10",
                            "source_code_hash": "GopAsotL6k1ao0BonaaEz1LX04bZhvkBC0MXRHCXfaM=",
                            "source_code_size": "1228000",
                            "tags.%": "0",
                            "timeout": "30",
                            "tracing_config.#": "1",
                            "tracing_config.0.mode": "PassThrough",
                            "version": "$LATEST",
                            "vpc_config.#": "0"
                        },
                        "meta": {},
                        "tainted": false
                    },
                    "deposed": [],
                    "provider": "module.workflows.provider.aws"
                },
                "aws_lambda_permission.apigw_workflow-activity-callback-handler": {
                    "type": "aws_lambda_permission",
                    "depends_on": [
                        "aws_api_gateway_method.workflow_activity_callback_handler_method",
                        "aws_api_gateway_rest_api.workflow_activity_callback_handler",
                        "aws_lambda_function.workflow-activity-callback-handler"
                    ],
                    "primary": {
                        "id": "AllowExecutionFromAPIGateway",
                        "attributes": {
                            "action": "lambda:InvokeFunction",
                            "function_name": "arn:aws:lambda:us-east-2:213450902387:function:triskel-mcma-dev-workflow-activity-callback-handler",
                            "id": "AllowExecutionFromAPIGateway",
                            "principal": "apigateway.amazonaws.com",
                            "qualifier": "",
                            "source_arn": "arn:aws:execute-api:us-east-2:213450902387:9dcbr55mwd/*/ANY/*",
                            "statement_id": "AllowExecutionFromAPIGateway"
                        },
                        "meta": {},
                        "tainted": false
                    },
                    "deposed": [],
                    "provider": "module.workflows.provider.aws"
                },
                "aws_sfn_activity.conform-04-extract-technical-metadata": {
                    "type": "aws_sfn_activity",
                    "depends_on": [],
                    "primary": {
                        "id": "arn:aws:states:us-east-2:213450902387:activity:triskel-mcma-dev-conform-04-extract-technical-metadata",
                        "attributes": {
                            "creation_date": "2018-11-28T00:16:59Z",
                            "id": "arn:aws:states:us-east-2:213450902387:activity:triskel-mcma-dev-conform-04-extract-technical-metadata",
                            "name": "triskel-mcma-dev-conform-04-extract-technical-metadata"
                        },
                        "meta": {},
                        "tainted": false
                    },
                    "deposed": [],
                    "provider": "module.workflows.provider.aws"
                },
                "aws_sfn_activity.conform-07a-short-transcode": {
                    "type": "aws_sfn_activity",
                    "depends_on": [],
                    "primary": {
                        "id": "arn:aws:states:us-east-2:213450902387:activity:triskel-mcma-dev-conform-07a-short-transcode",
                        "attributes": {
                            "creation_date": "2018-11-28T00:16:56Z",
                            "id": "arn:aws:states:us-east-2:213450902387:activity:triskel-mcma-dev-conform-07a-short-transcode",
                            "name": "triskel-mcma-dev-conform-07a-short-transcode"
                        },
                        "meta": {},
                        "tainted": false
                    },
                    "deposed": [],
                    "provider": "module.workflows.provider.aws"
                },
                "aws_sfn_activity.conform-07b-long-transcode": {
                    "type": "aws_sfn_activity",
                    "depends_on": [],
                    "primary": {
                        "id": "arn:aws:states:us-east-2:213450902387:activity:triskel-mcma-dev-conform-07b-long-transcode",
                        "attributes": {
                            "creation_date": "2018-11-28T00:16:54Z",
                            "id": "arn:aws:states:us-east-2:213450902387:activity:triskel-mcma-dev-conform-07b-long-transcode",
                            "name": "triskel-mcma-dev-conform-07b-long-transcode"
                        },
                        "meta": {},
                        "tainted": false
                    },
                    "deposed": [],
                    "provider": "module.workflows.provider.aws"
                },
                "aws_sfn_state_machine.conform-workflow": {
                    "type": "aws_sfn_state_machine",
                    "depends_on": [
                        "aws_iam_role.iam_for_state_machine_execution",
                        "data.template_file.conform-workflow"
                    ],
                    "primary": {
                        "id": "arn:aws:states:us-east-2:213450902387:stateMachine:triskel-mcma-dev-conform-workflow",
                        "attributes": {
                            "creation_date": "2018-11-28T00:21:39Z",
                            "definition": "{\r\n    \"Comment\": \"Conform Workflow\",\r\n    \"StartAt\": \"01-validate-workflow-input\",\r\n    \"States\": {\r\n        \"01-validate-workflow-input\": {\r\n            \"Type\": \"Task\",\r\n            \"Resource\": \"arn:aws:lambda:us-east-2:213450902387:function:triskel-mcma-dev-conform-01-validate-workflow-input\",\r\n            \"ResultPath\": \"$.data.inputFileMetadata\",\r\n            \"Next\": \"02-move-content-to-file-repository\",\r\n            \"Catch\": [\r\n                {\r\n                    \"ErrorEquals\": [\r\n                        \"States.ALL\"\r\n                    ],\r\n                    \"ResultPath\": \"$.error\",\r\n                    \"Next\": \"Process-Failure\"\r\n                }\r\n            ]\r\n        },\r\n        \"02-move-content-to-file-repository\": {\r\n            \"Type\": \"Task\",\r\n            \"Resource\": \"arn:aws:lambda:us-east-2:213450902387:function:triskel-mcma-dev-conform-02-move-content-to-file-repository\",\r\n            \"ResultPath\": \"$.data.repositoryFile\",\r\n            \"Next\": \"03-create-media-asset\",\r\n            \"Catch\": [\r\n                {\r\n                    \"ErrorEquals\": [\r\n                        \"States.ALL\"\r\n                    ],\r\n                    \"ResultPath\": \"$.error\",\r\n                    \"Next\": \"Process-Failure\"\r\n                }\r\n            ]\r\n        },\r\n        \"03-create-media-asset\": {\r\n            \"Type\": \"Task\",\r\n            \"Resource\": \"arn:aws:lambda:us-east-2:213450902387:function:triskel-mcma-dev-conform-03-create-media-asset\",\r\n            \"ResultPath\": \"$.data.bmContent\",\r\n            \"Next\": \"04-extract-technical-metadata-parent\",\r\n            \"Catch\": [\r\n                {\r\n                    \"ErrorEquals\": [\r\n                        \"States.ALL\"\r\n                    ],\r\n                    \"ResultPath\": \"$.error\",\r\n                    \"Next\": \"Process-Failure\"\r\n                }\r\n            ]\r\n        },\r\n        \"04-extract-technical-metadata-parent\": {\r\n            \"Type\": \"Parallel\",\r\n            \"Branches\": [\r\n                {\r\n                    \"StartAt\": \"04-extract-technical-metadata\",\r\n                    \"States\": {\r\n                        \"04-extract-technical-metadata\": {\r\n                            \"Type\": \"Task\",\r\n                            \"Resource\": \"arn:aws:lambda:us-east-2:213450902387:function:triskel-mcma-dev-conform-04-extract-technical-metadata\",\r\n                            \"End\": true\r\n                        }\r\n                    }\r\n                },\r\n                {\r\n                    \"StartAt\": \"04-wait-for-job-completion\",\r\n                    \"States\": {\r\n                        \"04-wait-for-job-completion\": {\r\n                            \"Type\": \"Task\",\r\n                            \"Resource\": \"arn:aws:states:us-east-2:213450902387:activity:triskel-mcma-dev-conform-04-extract-technical-metadata\",\r\n                            \"TimeoutSeconds\": 3600,\r\n                            \"HeartbeatSeconds\": 1800,\r\n                            \"End\": true\r\n                        }\r\n                    }\r\n                }\r\n            ],\r\n            \"ResultPath\": \"$.data.ameJobId\",\r\n            \"Next\": \"05-register-technical-metadata\",\r\n            \"Catch\": [\r\n                {\r\n                    \"ErrorEquals\": [\r\n                        \"States.ALL\"\r\n                    ],\r\n                    \"ResultPath\": \"$.error\",\r\n                    \"Next\": \"Process-Failure\"\r\n                }\r\n            ]\r\n        },\r\n        \"05-register-technical-metadata\": {\r\n            \"Type\": \"Task\",\r\n            \"Resource\": \"arn:aws:lambda:us-east-2:213450902387:function:triskel-mcma-dev-conform-05-register-technical-metadata\",\r\n            \"ResultPath\": \"$.data.bmEssence\",\r\n            \"Next\": \"06-decide-transcode-requirements\",\r\n            \"Catch\": [\r\n                {\r\n                    \"ErrorEquals\": [\r\n                        \"States.ALL\"\r\n                    ],\r\n                    \"ResultPath\": \"$.error\",\r\n                    \"Next\": \"Process-Failure\"\r\n                }\r\n            ]\r\n        },\r\n        \"06-decide-transcode-requirements\": {\r\n            \"Type\": \"Task\",\r\n            \"Resource\": \"arn:aws:lambda:us-east-2:213450902387:function:triskel-mcma-dev-conform-06-decide-transcode-requirements\",\r\n            \"ResultPath\": \"$.data.transcode.type\",\r\n            \"Next\": \"choice-transcode-step\",\r\n            \"Catch\": [\r\n                {\r\n                    \"ErrorEquals\": [\r\n                        \"States.ALL\"\r\n                    ],\r\n                    \"ResultPath\": \"$.error\",\r\n                    \"Next\": \"Process-Failure\"\r\n                }\r\n            ]\r\n        },\r\n        \"choice-transcode-step\": {\r\n            \"Type\": \"Choice\",\r\n            \"Choices\": [\r\n                {\r\n                    \"Variable\": \"$.data.transcode.type\",\r\n                    \"StringEquals\": \"short\",\r\n                    \"Next\": \"07a-short-transcode-parent\"\r\n                },\r\n                {\r\n                    \"Variable\": \"$.data.transcode.type\",\r\n                    \"StringEquals\": \"long\",\r\n                    \"Next\": \"07b-long-transcode-parent\"\r\n                }\r\n            ],\r\n            \"Default\": \"08-register-proxy-essence\"\r\n        },\r\n        \"07a-short-transcode-parent\": {\r\n            \"Type\": \"Parallel\",\r\n            \"Branches\": [\r\n                {\r\n                    \"StartAt\": \"07a-short-transcode\",\r\n                    \"States\": {\r\n                        \"07a-short-transcode\": {\r\n                            \"Type\": \"Task\",\r\n                            \"Resource\": \"arn:aws:lambda:us-east-2:213450902387:function:triskel-mcma-dev-conform-07a-short-transcode\",\r\n                            \"End\": true\r\n                        }\r\n                    }\r\n                },\r\n                {\r\n                    \"StartAt\": \"07a-wait-for-job-completion\",\r\n                    \"States\": {\r\n                        \"07a-wait-for-job-completion\": {\r\n                            \"Type\": \"Task\",\r\n                            \"Resource\": \"arn:aws:states:us-east-2:213450902387:activity:triskel-mcma-dev-conform-07a-short-transcode\",\r\n                            \"TimeoutSeconds\": 3600,\r\n                            \"HeartbeatSeconds\": 1800,\r\n                            \"End\": true\r\n                        }\r\n                    }\r\n                }\r\n            ],\r\n            \"ResultPath\": \"$.data.transformJob\",\r\n            \"Next\": \"08-register-proxy-essence\",\r\n            \"Catch\": [\r\n                {\r\n                    \"ErrorEquals\": [\r\n                        \"States.ALL\"\r\n                    ],\r\n                    \"ResultPath\": \"$.error\",\r\n                    \"Next\": \"Process-Failure\"\r\n                }\r\n            ]\r\n        },\r\n        \"07b-long-transcode-parent\": {\r\n            \"Type\": \"Parallel\",\r\n            \"Branches\": [\r\n                {\r\n                    \"StartAt\": \"07b-long-transcode\",\r\n                    \"States\": {\r\n                        \"07b-long-transcode\": {\r\n                            \"Type\": \"Task\",\r\n                            \"Resource\": \"arn:aws:lambda:us-east-2:213450902387:function:triskel-mcma-dev-conform-07b-long-transcode\",\r\n                            \"End\": true\r\n                        }\r\n                    }\r\n                },\r\n                {\r\n                    \"StartAt\": \"07b-wait-for-job-completion\",\r\n                    \"States\": {\r\n                        \"07b-wait-for-job-completion\": {\r\n                            \"Type\": \"Task\",\r\n                            \"Resource\": \"arn:aws:states:us-east-2:213450902387:activity:triskel-mcma-dev-conform-07b-long-transcode\",\r\n                            \"TimeoutSeconds\": 3600,\r\n                            \"HeartbeatSeconds\": 1800,\r\n                            \"End\": true\r\n                        }\r\n                    }\r\n                }\r\n            ],\r\n            \"ResultPath\": \"$.data.transformJobId\",\r\n            \"Next\": \"08-register-proxy-essence\",\r\n            \"Catch\": [\r\n                {\r\n                    \"ErrorEquals\": [\r\n                        \"States.ALL\"\r\n                    ],\r\n                    \"ResultPath\": \"$.error\",\r\n                    \"Next\": \"Process-Failure\"\r\n                }\r\n            ]\r\n        },\r\n        \"08-register-proxy-essence\": {\r\n            \"Type\": \"Task\",\r\n            \"Resource\": \"arn:aws:lambda:us-east-2:213450902387:function:triskel-mcma-dev-conform-08-register-proxy-essence\",\r\n            \"ResultPath\": \"$.data.bmEssence\",\r\n            \"Next\": \"09-copy-proxy-to-website-storage\",\r\n            \"Catch\": [\r\n                {\r\n                    \"ErrorEquals\": [\r\n                        \"States.ALL\"\r\n                    ],\r\n                    \"ResultPath\": \"$.error\",\r\n                    \"Next\": \"Process-Failure\"\r\n                }\r\n            ]\r\n        },\r\n        \"09-copy-proxy-to-website-storage\": {\r\n            \"Type\": \"Task\",\r\n            \"Resource\": \"arn:aws:lambda:us-east-2:213450902387:function:triskel-mcma-dev-conform-09-copy-proxy-to-website-storage\",\r\n            \"ResultPath\": \"$.data.websiteFile\",\r\n            \"Next\": \"10-register-proxy-website-locator\",\r\n            \"Catch\": [\r\n                {\r\n                    \"ErrorEquals\": [\r\n                        \"States.ALL\"\r\n                    ],\r\n                    \"ResultPath\": \"$.error\",\r\n                    \"Next\": \"Process-Failure\"\r\n                }\r\n            ]\r\n        },\r\n        \"10-register-proxy-website-locator\": {\r\n            \"Type\": \"Task\",\r\n            \"Resource\": \"arn:aws:lambda:us-east-2:213450902387:function:triskel-mcma-dev-conform-10-register-proxy-website-locator\",\r\n            \"ResultPath\": null,\r\n            \"Next\": \"11-start-ai-workflow\",\r\n            \"Catch\": [\r\n                {\r\n                    \"ErrorEquals\": [\r\n                        \"States.ALL\"\r\n                    ],\r\n                    \"ResultPath\": \"$.error\",\r\n                    \"Next\": \"Process-Failure\"\r\n                }\r\n            ]\r\n        },\r\n        \"11-start-ai-workflow\": {\r\n            \"Type\": \"Task\",\r\n            \"Resource\": \"arn:aws:lambda:us-east-2:213450902387:function:triskel-mcma-dev-conform-11-start-ai-workflow\",\r\n            \"ResultPath\": \"$.output\",\r\n            \"Next\": \"Process-Completion\",\r\n            \"Catch\": [\r\n                {\r\n                    \"ErrorEquals\": [\r\n                        \"States.ALL\"\r\n                    ],\r\n                    \"ResultPath\": \"$.error\",\r\n                    \"Next\": \"Process-Failure\"\r\n                }\r\n            ]\r\n        },\r\n        \"Process-Completion\": {\r\n            \"Type\": \"Task\",\r\n            \"Resource\": \"arn:aws:lambda:us-east-2:213450902387:function:triskel-mcma-dev-process-workflow-completion\",\r\n            \"ResultPath\": null,\r\n            \"Next\": \"Completed\"\r\n        },\r\n        \"Process-Failure\": {\r\n            \"Type\": \"Task\",\r\n            \"Resource\": \"arn:aws:lambda:us-east-2:213450902387:function:triskel-mcma-dev-process-workflow-failure\",\r\n            \"ResultPath\": null,\r\n            \"Next\": \"Failed\"\r\n        },\r\n        \"Failed\": {\r\n            \"Type\": \"Fail\"\r\n        },\r\n        \"Completed\": {\r\n            \"Type\": \"Succeed\"\r\n        }\r\n    }\r\n}",
                            "id": "arn:aws:states:us-east-2:213450902387:stateMachine:triskel-mcma-dev-conform-workflow",
                            "name": "triskel-mcma-dev-conform-workflow",
                            "role_arn": "arn:aws:iam::213450902387:role/triskel-mcma-dev.us-east-2.workflows.steps_exec_role",
                            "status": "ACTIVE"
                        },
                        "meta": {},
                        "tainted": false
                    },
                    "deposed": [],
                    "provider": "module.workflows.provider.aws"
                },
                "data.template_file.conform-workflow": {
                    "type": "template_file",
                    "depends_on": [
                        "aws_lambda_function.conform-01-validate-workflow-input",
                        "aws_lambda_function.conform-02-move-content-to-file-repository",
                        "aws_lambda_function.conform-03-create-media-asset",
                        "aws_lambda_function.conform-04-extract-technical-metadata",
                        "aws_lambda_function.conform-05-register-technical-metadata",
                        "aws_lambda_function.conform-06-decide-transcode-requirements",
                        "aws_lambda_function.conform-07a-short-transcode",
                        "aws_lambda_function.conform-07b-long-transcode",
                        "aws_lambda_function.conform-08-register-proxy-essence",
                        "aws_lambda_function.conform-09-copy-proxy-to-website-storage",
                        "aws_lambda_function.conform-10-register-proxy-website-locator",
                        "aws_lambda_function.conform-11-start-ai-workflow",
                        "aws_lambda_function.process-workflow-completion",
                        "aws_lambda_function.process-workflow-failure",
                        "aws_sfn_activity.conform-04-extract-technical-metadata",
                        "aws_sfn_activity.conform-07a-short-transcode",
                        "aws_sfn_activity.conform-07b-long-transcode"
                    ],
                    "primary": {
                        "id": "2ba562ec25ad49e3f67207203b55285e97056e5988e4560a3eee955a7fecd69f",
                        "attributes": {
                            "id": "2ba562ec25ad49e3f67207203b55285e97056e5988e4560a3eee955a7fecd69f",
                            "rendered": "{\r\n    \"Comment\": \"Conform Workflow\",\r\n    \"StartAt\": \"01-validate-workflow-input\",\r\n    \"States\": {\r\n        \"01-validate-workflow-input\": {\r\n            \"Type\": \"Task\",\r\n            \"Resource\": \"arn:aws:lambda:us-east-2:213450902387:function:triskel-mcma-dev-conform-01-validate-workflow-input\",\r\n            \"ResultPath\": \"$.data.inputFileMetadata\",\r\n            \"Next\": \"02-move-content-to-file-repository\",\r\n            \"Catch\": [\r\n                {\r\n                    \"ErrorEquals\": [\r\n                        \"States.ALL\"\r\n                    ],\r\n                    \"ResultPath\": \"$.error\",\r\n                    \"Next\": \"Process-Failure\"\r\n                }\r\n            ]\r\n        },\r\n        \"02-move-content-to-file-repository\": {\r\n            \"Type\": \"Task\",\r\n            \"Resource\": \"arn:aws:lambda:us-east-2:213450902387:function:triskel-mcma-dev-conform-02-move-content-to-file-repository\",\r\n            \"ResultPath\": \"$.data.repositoryFile\",\r\n            \"Next\": \"03-create-media-asset\",\r\n            \"Catch\": [\r\n                {\r\n                    \"ErrorEquals\": [\r\n                        \"States.ALL\"\r\n                    ],\r\n                    \"ResultPath\": \"$.error\",\r\n                    \"Next\": \"Process-Failure\"\r\n                }\r\n            ]\r\n        },\r\n        \"03-create-media-asset\": {\r\n            \"Type\": \"Task\",\r\n            \"Resource\": \"arn:aws:lambda:us-east-2:213450902387:function:triskel-mcma-dev-conform-03-create-media-asset\",\r\n            \"ResultPath\": \"$.data.bmContent\",\r\n            \"Next\": \"04-extract-technical-metadata-parent\",\r\n            \"Catch\": [\r\n                {\r\n                    \"ErrorEquals\": [\r\n                        \"States.ALL\"\r\n                    ],\r\n                    \"ResultPath\": \"$.error\",\r\n                    \"Next\": \"Process-Failure\"\r\n                }\r\n            ]\r\n        },\r\n        \"04-extract-technical-metadata-parent\": {\r\n            \"Type\": \"Parallel\",\r\n            \"Branches\": [\r\n                {\r\n                    \"StartAt\": \"04-extract-technical-metadata\",\r\n                    \"States\": {\r\n                        \"04-extract-technical-metadata\": {\r\n                            \"Type\": \"Task\",\r\n                            \"Resource\": \"arn:aws:lambda:us-east-2:213450902387:function:triskel-mcma-dev-conform-04-extract-technical-metadata\",\r\n                            \"End\": true\r\n                        }\r\n                    }\r\n                },\r\n                {\r\n                    \"StartAt\": \"04-wait-for-job-completion\",\r\n                    \"States\": {\r\n                        \"04-wait-for-job-completion\": {\r\n                            \"Type\": \"Task\",\r\n                            \"Resource\": \"arn:aws:states:us-east-2:213450902387:activity:triskel-mcma-dev-conform-04-extract-technical-metadata\",\r\n                            \"TimeoutSeconds\": 3600,\r\n                            \"HeartbeatSeconds\": 1800,\r\n                            \"End\": true\r\n                        }\r\n                    }\r\n                }\r\n            ],\r\n            \"ResultPath\": \"$.data.ameJobId\",\r\n            \"Next\": \"05-register-technical-metadata\",\r\n            \"Catch\": [\r\n                {\r\n                    \"ErrorEquals\": [\r\n                        \"States.ALL\"\r\n                    ],\r\n                    \"ResultPath\": \"$.error\",\r\n                    \"Next\": \"Process-Failure\"\r\n                }\r\n            ]\r\n        },\r\n        \"05-register-technical-metadata\": {\r\n            \"Type\": \"Task\",\r\n            \"Resource\": \"arn:aws:lambda:us-east-2:213450902387:function:triskel-mcma-dev-conform-05-register-technical-metadata\",\r\n            \"ResultPath\": \"$.data.bmEssence\",\r\n            \"Next\": \"06-decide-transcode-requirements\",\r\n            \"Catch\": [\r\n                {\r\n                    \"ErrorEquals\": [\r\n                        \"States.ALL\"\r\n                    ],\r\n                    \"ResultPath\": \"$.error\",\r\n                    \"Next\": \"Process-Failure\"\r\n                }\r\n            ]\r\n        },\r\n        \"06-decide-transcode-requirements\": {\r\n            \"Type\": \"Task\",\r\n            \"Resource\": \"arn:aws:lambda:us-east-2:213450902387:function:triskel-mcma-dev-conform-06-decide-transcode-requirements\",\r\n            \"ResultPath\": \"$.data.transcode.type\",\r\n            \"Next\": \"choice-transcode-step\",\r\n            \"Catch\": [\r\n                {\r\n                    \"ErrorEquals\": [\r\n                        \"States.ALL\"\r\n                    ],\r\n                    \"ResultPath\": \"$.error\",\r\n                    \"Next\": \"Process-Failure\"\r\n                }\r\n            ]\r\n        },\r\n        \"choice-transcode-step\": {\r\n            \"Type\": \"Choice\",\r\n            \"Choices\": [\r\n                {\r\n                    \"Variable\": \"$.data.transcode.type\",\r\n                    \"StringEquals\": \"short\",\r\n                    \"Next\": \"07a-short-transcode-parent\"\r\n                },\r\n                {\r\n                    \"Variable\": \"$.data.transcode.type\",\r\n                    \"StringEquals\": \"long\",\r\n                    \"Next\": \"07b-long-transcode-parent\"\r\n                }\r\n            ],\r\n            \"Default\": \"08-register-proxy-essence\"\r\n        },\r\n        \"07a-short-transcode-parent\": {\r\n            \"Type\": \"Parallel\",\r\n            \"Branches\": [\r\n                {\r\n                    \"StartAt\": \"07a-short-transcode\",\r\n                    \"States\": {\r\n                        \"07a-short-transcode\": {\r\n                            \"Type\": \"Task\",\r\n                            \"Resource\": \"arn:aws:lambda:us-east-2:213450902387:function:triskel-mcma-dev-conform-07a-short-transcode\",\r\n                            \"End\": true\r\n                        }\r\n                    }\r\n                },\r\n                {\r\n                    \"StartAt\": \"07a-wait-for-job-completion\",\r\n                    \"States\": {\r\n                        \"07a-wait-for-job-completion\": {\r\n                            \"Type\": \"Task\",\r\n                            \"Resource\": \"arn:aws:states:us-east-2:213450902387:activity:triskel-mcma-dev-conform-07a-short-transcode\",\r\n                            \"TimeoutSeconds\": 3600,\r\n                            \"HeartbeatSeconds\": 1800,\r\n                            \"End\": true\r\n                        }\r\n                    }\r\n                }\r\n            ],\r\n            \"ResultPath\": \"$.data.transformJob\",\r\n            \"Next\": \"08-register-proxy-essence\",\r\n            \"Catch\": [\r\n                {\r\n                    \"ErrorEquals\": [\r\n                        \"States.ALL\"\r\n                    ],\r\n                    \"ResultPath\": \"$.error\",\r\n                    \"Next\": \"Process-Failure\"\r\n                }\r\n            ]\r\n        },\r\n        \"07b-long-transcode-parent\": {\r\n            \"Type\": \"Parallel\",\r\n            \"Branches\": [\r\n                {\r\n                    \"StartAt\": \"07b-long-transcode\",\r\n                    \"States\": {\r\n                        \"07b-long-transcode\": {\r\n                            \"Type\": \"Task\",\r\n                            \"Resource\": \"arn:aws:lambda:us-east-2:213450902387:function:triskel-mcma-dev-conform-07b-long-transcode\",\r\n                            \"End\": true\r\n                        }\r\n                    }\r\n                },\r\n                {\r\n                    \"StartAt\": \"07b-wait-for-job-completion\",\r\n                    \"States\": {\r\n                        \"07b-wait-for-job-completion\": {\r\n                            \"Type\": \"Task\",\r\n                            \"Resource\": \"arn:aws:states:us-east-2:213450902387:activity:triskel-mcma-dev-conform-07b-long-transcode\",\r\n                            \"TimeoutSeconds\": 3600,\r\n                            \"HeartbeatSeconds\": 1800,\r\n                            \"End\": true\r\n                        }\r\n                    }\r\n                }\r\n            ],\r\n            \"ResultPath\": \"$.data.transformJobId\",\r\n            \"Next\": \"08-register-proxy-essence\",\r\n            \"Catch\": [\r\n                {\r\n                    \"ErrorEquals\": [\r\n                        \"States.ALL\"\r\n                    ],\r\n                    \"ResultPath\": \"$.error\",\r\n                    \"Next\": \"Process-Failure\"\r\n                }\r\n            ]\r\n        },\r\n        \"08-register-proxy-essence\": {\r\n            \"Type\": \"Task\",\r\n            \"Resource\": \"arn:aws:lambda:us-east-2:213450902387:function:triskel-mcma-dev-conform-08-register-proxy-essence\",\r\n            \"ResultPath\": \"$.data.bmEssence\",\r\n            \"Next\": \"09-copy-proxy-to-website-storage\",\r\n            \"Catch\": [\r\n                {\r\n                    \"ErrorEquals\": [\r\n                        \"States.ALL\"\r\n                    ],\r\n                    \"ResultPath\": \"$.error\",\r\n                    \"Next\": \"Process-Failure\"\r\n                }\r\n            ]\r\n        },\r\n        \"09-copy-proxy-to-website-storage\": {\r\n            \"Type\": \"Task\",\r\n            \"Resource\": \"arn:aws:lambda:us-east-2:213450902387:function:triskel-mcma-dev-conform-09-copy-proxy-to-website-storage\",\r\n            \"ResultPath\": \"$.data.websiteFile\",\r\n            \"Next\": \"10-register-proxy-website-locator\",\r\n            \"Catch\": [\r\n                {\r\n                    \"ErrorEquals\": [\r\n                        \"States.ALL\"\r\n                    ],\r\n                    \"ResultPath\": \"$.error\",\r\n                    \"Next\": \"Process-Failure\"\r\n                }\r\n            ]\r\n        },\r\n        \"10-register-proxy-website-locator\": {\r\n            \"Type\": \"Task\",\r\n            \"Resource\": \"arn:aws:lambda:us-east-2:213450902387:function:triskel-mcma-dev-conform-10-register-proxy-website-locator\",\r\n            \"ResultPath\": null,\r\n            \"Next\": \"11-start-ai-workflow\",\r\n            \"Catch\": [\r\n                {\r\n                    \"ErrorEquals\": [\r\n                        \"States.ALL\"\r\n                    ],\r\n                    \"ResultPath\": \"$.error\",\r\n                    \"Next\": \"Process-Failure\"\r\n                }\r\n            ]\r\n        },\r\n        \"11-start-ai-workflow\": {\r\n            \"Type\": \"Task\",\r\n            \"Resource\": \"arn:aws:lambda:us-east-2:213450902387:function:triskel-mcma-dev-conform-11-start-ai-workflow\",\r\n            \"ResultPath\": \"$.output\",\r\n            \"Next\": \"Process-Completion\",\r\n            \"Catch\": [\r\n                {\r\n                    \"ErrorEquals\": [\r\n                        \"States.ALL\"\r\n                    ],\r\n                    \"ResultPath\": \"$.error\",\r\n                    \"Next\": \"Process-Failure\"\r\n                }\r\n            ]\r\n        },\r\n        \"Process-Completion\": {\r\n            \"Type\": \"Task\",\r\n            \"Resource\": \"arn:aws:lambda:us-east-2:213450902387:function:triskel-mcma-dev-process-workflow-completion\",\r\n            \"ResultPath\": null,\r\n            \"Next\": \"Completed\"\r\n        },\r\n        \"Process-Failure\": {\r\n            \"Type\": \"Task\",\r\n            \"Resource\": \"arn:aws:lambda:us-east-2:213450902387:function:triskel-mcma-dev-process-workflow-failure\",\r\n            \"ResultPath\": null,\r\n            \"Next\": \"Failed\"\r\n        },\r\n        \"Failed\": {\r\n            \"Type\": \"Fail\"\r\n        },\r\n        \"Completed\": {\r\n            \"Type\": \"Succeed\"\r\n        }\r\n    }\r\n}",
                            "template": "{\r\n    \"Comment\": \"Conform Workflow\",\r\n    \"StartAt\": \"01-validate-workflow-input\",\r\n    \"States\": {\r\n        \"01-validate-workflow-input\": {\r\n            \"Type\": \"Task\",\r\n            \"Resource\": \"${lambda-01-validate-workflow-input}\",\r\n            \"ResultPath\": \"$.data.inputFileMetadata\",\r\n            \"Next\": \"02-move-content-to-file-repository\",\r\n            \"Catch\": [\r\n                {\r\n                    \"ErrorEquals\": [\r\n                        \"States.ALL\"\r\n                    ],\r\n                    \"ResultPath\": \"$.error\",\r\n                    \"Next\": \"Process-Failure\"\r\n                }\r\n            ]\r\n        },\r\n        \"02-move-content-to-file-repository\": {\r\n            \"Type\": \"Task\",\r\n            \"Resource\": \"${lambda-02-move-content-to-file-repository}\",\r\n            \"ResultPath\": \"$.data.repositoryFile\",\r\n            \"Next\": \"03-create-media-asset\",\r\n            \"Catch\": [\r\n                {\r\n                    \"ErrorEquals\": [\r\n                        \"States.ALL\"\r\n                    ],\r\n                    \"ResultPath\": \"$.error\",\r\n                    \"Next\": \"Process-Failure\"\r\n                }\r\n            ]\r\n        },\r\n        \"03-create-media-asset\": {\r\n            \"Type\": \"Task\",\r\n            \"Resource\": \"${lambda-03-create-media-asset}\",\r\n            \"ResultPath\": \"$.data.bmContent\",\r\n            \"Next\": \"04-extract-technical-metadata-parent\",\r\n            \"Catch\": [\r\n                {\r\n                    \"ErrorEquals\": [\r\n                        \"States.ALL\"\r\n                    ],\r\n                    \"ResultPath\": \"$.error\",\r\n                    \"Next\": \"Process-Failure\"\r\n                }\r\n            ]\r\n        },\r\n        \"04-extract-technical-metadata-parent\": {\r\n            \"Type\": \"Parallel\",\r\n            \"Branches\": [\r\n                {\r\n                    \"StartAt\": \"04-extract-technical-metadata\",\r\n                    \"States\": {\r\n                        \"04-extract-technical-metadata\": {\r\n                            \"Type\": \"Task\",\r\n                            \"Resource\": \"${lambda-04-extract-technical-metadata}\",\r\n                            \"End\": true\r\n                        }\r\n                    }\r\n                },\r\n                {\r\n                    \"StartAt\": \"04-wait-for-job-completion\",\r\n                    \"States\": {\r\n                        \"04-wait-for-job-completion\": {\r\n                            \"Type\": \"Task\",\r\n                            \"Resource\": \"${activity-04-extract-technical-metadata}\",\r\n                            \"TimeoutSeconds\": 3600,\r\n                            \"HeartbeatSeconds\": 1800,\r\n                            \"End\": true\r\n                        }\r\n                    }\r\n                }\r\n            ],\r\n            \"ResultPath\": \"$.data.ameJobId\",\r\n            \"Next\": \"05-register-technical-metadata\",\r\n            \"Catch\": [\r\n                {\r\n                    \"ErrorEquals\": [\r\n                        \"States.ALL\"\r\n                    ],\r\n                    \"ResultPath\": \"$.error\",\r\n                    \"Next\": \"Process-Failure\"\r\n                }\r\n            ]\r\n        },\r\n        \"05-register-technical-metadata\": {\r\n            \"Type\": \"Task\",\r\n            \"Resource\": \"${lambda-05-register-technical-metadata}\",\r\n            \"ResultPath\": \"$.data.bmEssence\",\r\n            \"Next\": \"06-decide-transcode-requirements\",\r\n            \"Catch\": [\r\n                {\r\n                    \"ErrorEquals\": [\r\n                        \"States.ALL\"\r\n                    ],\r\n                    \"ResultPath\": \"$.error\",\r\n                    \"Next\": \"Process-Failure\"\r\n                }\r\n            ]\r\n        },\r\n        \"06-decide-transcode-requirements\": {\r\n            \"Type\": \"Task\",\r\n            \"Resource\": \"${lambda-06-decide-transcode-requirements}\",\r\n            \"ResultPath\": \"$.data.transcode.type\",\r\n            \"Next\": \"choice-transcode-step\",\r\n            \"Catch\": [\r\n                {\r\n                    \"ErrorEquals\": [\r\n                        \"States.ALL\"\r\n                    ],\r\n                    \"ResultPath\": \"$.error\",\r\n                    \"Next\": \"Process-Failure\"\r\n                }\r\n            ]\r\n        },\r\n        \"choice-transcode-step\": {\r\n            \"Type\": \"Choice\",\r\n            \"Choices\": [\r\n                {\r\n                    \"Variable\": \"$.data.transcode.type\",\r\n                    \"StringEquals\": \"short\",\r\n                    \"Next\": \"07a-short-transcode-parent\"\r\n                },\r\n                {\r\n                    \"Variable\": \"$.data.transcode.type\",\r\n                    \"StringEquals\": \"long\",\r\n                    \"Next\": \"07b-long-transcode-parent\"\r\n                }\r\n            ],\r\n            \"Default\": \"08-register-proxy-essence\"\r\n        },\r\n        \"07a-short-transcode-parent\": {\r\n            \"Type\": \"Parallel\",\r\n            \"Branches\": [\r\n                {\r\n                    \"StartAt\": \"07a-short-transcode\",\r\n                    \"States\": {\r\n                        \"07a-short-transcode\": {\r\n                            \"Type\": \"Task\",\r\n                            \"Resource\": \"${lambda-07a-short-transcode}\",\r\n                            \"End\": true\r\n                        }\r\n                    }\r\n                },\r\n                {\r\n                    \"StartAt\": \"07a-wait-for-job-completion\",\r\n                    \"States\": {\r\n                        \"07a-wait-for-job-completion\": {\r\n                            \"Type\": \"Task\",\r\n                            \"Resource\": \"${activity-07a-short-transcode}\",\r\n                            \"TimeoutSeconds\": 3600,\r\n                            \"HeartbeatSeconds\": 1800,\r\n                            \"End\": true\r\n                        }\r\n                    }\r\n                }\r\n            ],\r\n            \"ResultPath\": \"$.data.transformJob\",\r\n            \"Next\": \"08-register-proxy-essence\",\r\n            \"Catch\": [\r\n                {\r\n                    \"ErrorEquals\": [\r\n                        \"States.ALL\"\r\n                    ],\r\n                    \"ResultPath\": \"$.error\",\r\n                    \"Next\": \"Process-Failure\"\r\n                }\r\n            ]\r\n        },\r\n        \"07b-long-transcode-parent\": {\r\n            \"Type\": \"Parallel\",\r\n            \"Branches\": [\r\n                {\r\n                    \"StartAt\": \"07b-long-transcode\",\r\n                    \"States\": {\r\n                        \"07b-long-transcode\": {\r\n                            \"Type\": \"Task\",\r\n                            \"Resource\": \"${lambda-07b-long-transcode}\",\r\n                            \"End\": true\r\n                        }\r\n                    }\r\n                },\r\n                {\r\n                    \"StartAt\": \"07b-wait-for-job-completion\",\r\n                    \"States\": {\r\n                        \"07b-wait-for-job-completion\": {\r\n                            \"Type\": \"Task\",\r\n                            \"Resource\": \"${activity-07b-long-transcode}\",\r\n                            \"TimeoutSeconds\": 3600,\r\n                            \"HeartbeatSeconds\": 1800,\r\n                            \"End\": true\r\n                        }\r\n                    }\r\n                }\r\n            ],\r\n            \"ResultPath\": \"$.data.transformJobId\",\r\n            \"Next\": \"08-register-proxy-essence\",\r\n            \"Catch\": [\r\n                {\r\n                    \"ErrorEquals\": [\r\n                        \"States.ALL\"\r\n                    ],\r\n                    \"ResultPath\": \"$.error\",\r\n                    \"Next\": \"Process-Failure\"\r\n                }\r\n            ]\r\n        },\r\n        \"08-register-proxy-essence\": {\r\n            \"Type\": \"Task\",\r\n            \"Resource\": \"${lambda-08-register-proxy-essence}\",\r\n            \"ResultPath\": \"$.data.bmEssence\",\r\n            \"Next\": \"09-copy-proxy-to-website-storage\",\r\n            \"Catch\": [\r\n                {\r\n                    \"ErrorEquals\": [\r\n                        \"States.ALL\"\r\n                    ],\r\n                    \"ResultPath\": \"$.error\",\r\n                    \"Next\": \"Process-Failure\"\r\n                }\r\n            ]\r\n        },\r\n        \"09-copy-proxy-to-website-storage\": {\r\n            \"Type\": \"Task\",\r\n            \"Resource\": \"${lambda-09-copy-proxy-to-website-storage}\",\r\n            \"ResultPath\": \"$.data.websiteFile\",\r\n            \"Next\": \"10-register-proxy-website-locator\",\r\n            \"Catch\": [\r\n                {\r\n                    \"ErrorEquals\": [\r\n                        \"States.ALL\"\r\n                    ],\r\n                    \"ResultPath\": \"$.error\",\r\n                    \"Next\": \"Process-Failure\"\r\n                }\r\n            ]\r\n        },\r\n        \"10-register-proxy-website-locator\": {\r\n            \"Type\": \"Task\",\r\n            \"Resource\": \"${lambda-10-register-proxy-website-locator}\",\r\n            \"ResultPath\": null,\r\n            \"Next\": \"11-start-ai-workflow\",\r\n            \"Catch\": [\r\n                {\r\n                    \"ErrorEquals\": [\r\n                        \"States.ALL\"\r\n                    ],\r\n                    \"ResultPath\": \"$.error\",\r\n                    \"Next\": \"Process-Failure\"\r\n                }\r\n            ]\r\n        },\r\n        \"11-start-ai-workflow\": {\r\n            \"Type\": \"Task\",\r\n            \"Resource\": \"${lambda-11-start-ai-workflow}\",\r\n            \"ResultPath\": \"$.output\",\r\n            \"Next\": \"Process-Completion\",\r\n            \"Catch\": [\r\n                {\r\n                    \"ErrorEquals\": [\r\n                        \"States.ALL\"\r\n                    ],\r\n                    \"ResultPath\": \"$.error\",\r\n                    \"Next\": \"Process-Failure\"\r\n                }\r\n            ]\r\n        },\r\n        \"Process-Completion\": {\r\n            \"Type\": \"Task\",\r\n            \"Resource\": \"${lambda-process-workflow-completion}\",\r\n            \"ResultPath\": null,\r\n            \"Next\": \"Completed\"\r\n        },\r\n        \"Process-Failure\": {\r\n            \"Type\": \"Task\",\r\n            \"Resource\": \"${lambda-process-workflow-failure}\",\r\n            \"ResultPath\": null,\r\n            \"Next\": \"Failed\"\r\n        },\r\n        \"Failed\": {\r\n            \"Type\": \"Fail\"\r\n        },\r\n        \"Completed\": {\r\n            \"Type\": \"Succeed\"\r\n        }\r\n    }\r\n}",
                            "vars.%": "17",
                            "vars.activity-04-extract-technical-metadata": "arn:aws:states:us-east-2:213450902387:activity:triskel-mcma-dev-conform-04-extract-technical-metadata",
                            "vars.activity-07a-short-transcode": "arn:aws:states:us-east-2:213450902387:activity:triskel-mcma-dev-conform-07a-short-transcode",
                            "vars.activity-07b-long-transcode": "arn:aws:states:us-east-2:213450902387:activity:triskel-mcma-dev-conform-07b-long-transcode",
                            "vars.lambda-01-validate-workflow-input": "arn:aws:lambda:us-east-2:213450902387:function:triskel-mcma-dev-conform-01-validate-workflow-input",
                            "vars.lambda-02-move-content-to-file-repository": "arn:aws:lambda:us-east-2:213450902387:function:triskel-mcma-dev-conform-02-move-content-to-file-repository",
                            "vars.lambda-03-create-media-asset": "arn:aws:lambda:us-east-2:213450902387:function:triskel-mcma-dev-conform-03-create-media-asset",
                            "vars.lambda-04-extract-technical-metadata": "arn:aws:lambda:us-east-2:213450902387:function:triskel-mcma-dev-conform-04-extract-technical-metadata",
                            "vars.lambda-05-register-technical-metadata": "arn:aws:lambda:us-east-2:213450902387:function:triskel-mcma-dev-conform-05-register-technical-metadata",
                            "vars.lambda-06-decide-transcode-requirements": "arn:aws:lambda:us-east-2:213450902387:function:triskel-mcma-dev-conform-06-decide-transcode-requirements",
                            "vars.lambda-07a-short-transcode": "arn:aws:lambda:us-east-2:213450902387:function:triskel-mcma-dev-conform-07a-short-transcode",
                            "vars.lambda-07b-long-transcode": "arn:aws:lambda:us-east-2:213450902387:function:triskel-mcma-dev-conform-07b-long-transcode",
                            "vars.lambda-08-register-proxy-essence": "arn:aws:lambda:us-east-2:213450902387:function:triskel-mcma-dev-conform-08-register-proxy-essence",
                            "vars.lambda-09-copy-proxy-to-website-storage": "arn:aws:lambda:us-east-2:213450902387:function:triskel-mcma-dev-conform-09-copy-proxy-to-website-storage",
                            "vars.lambda-10-register-proxy-website-locator": "arn:aws:lambda:us-east-2:213450902387:function:triskel-mcma-dev-conform-10-register-proxy-website-locator",
                            "vars.lambda-11-start-ai-workflow": "arn:aws:lambda:us-east-2:213450902387:function:triskel-mcma-dev-conform-11-start-ai-workflow",
                            "vars.lambda-process-workflow-completion": "arn:aws:lambda:us-east-2:213450902387:function:triskel-mcma-dev-process-workflow-completion",
                            "vars.lambda-process-workflow-failure": "arn:aws:lambda:us-east-2:213450902387:function:triskel-mcma-dev-process-workflow-failure"
                        },
                        "meta": {},
                        "tainted": false
                    },
                    "deposed": [],
                    "provider": "provider.template"
                },
                "data.template_file.steps-assume-role": {
                    "type": "template_file",
                    "depends_on": [],
                    "primary": {
                        "id": "f41ad42fb426a65a6dddfdc627f2b0cb540b7399281da8df5b1102214c0193ab",
                        "attributes": {
                            "id": "f41ad42fb426a65a6dddfdc627f2b0cb540b7399281da8df5b1102214c0193ab",
                            "rendered": "{\r\n    \"Version\": \"2012-10-17\",\r\n    \"Statement\": [\r\n        {\r\n            \"Action\": \"sts:AssumeRole\",\r\n            \"Principal\": {\r\n                \"Service\": \"states.us-east-2.amazonaws.com\"\r\n            },\r\n            \"Effect\": \"Allow\",\r\n            \"Sid\": \"\"\r\n        }\r\n    ]\r\n}",
                            "template": "{\r\n    \"Version\": \"2012-10-17\",\r\n    \"Statement\": [\r\n        {\r\n            \"Action\": \"sts:AssumeRole\",\r\n            \"Principal\": {\r\n                \"Service\": \"states.${aws_region}.amazonaws.com\"\r\n            },\r\n            \"Effect\": \"Allow\",\r\n            \"Sid\": \"\"\r\n        }\r\n    ]\r\n}",
                            "vars.%": "1",
                            "vars.aws_region": "us-east-2"
                        },
                        "meta": {},
                        "tainted": false
                    },
                    "deposed": [],
                    "provider": "provider.template"
                }
            },
            "depends_on": []
        }
    ]
}
